{
  "version": 4,
  "terraform_version": "1.9.1",
  "serial": 671,
  "lineage": "f1ba308c-299a-679c-08b7-79b201301a5f",
  "outputs": {},
  "resources": [
    {
      "module": "module.clickhouse_ec2_instance",
      "mode": "data",
      "type": "aws_ami",
      "name": "ubuntu",
      "provider": "provider[\"registry.terraform.io/hashicorp/aws\"]",
      "instances": [
        {
          "schema_version": 0,
          "attributes": {
            "architecture": "x86_64",
            "arn": "arn:aws:ec2:us-west-1::image/ami-07cef98a7cbb3ffe6",
            "block_device_mappings": [
              {
                "device_name": "/dev/sda1",
                "ebs": {
                  "delete_on_termination": "true",
                  "encrypted": "false",
                  "iops": "0",
                  "snapshot_id": "snap-06375cbd8b5e996b9",
                  "throughput": "0",
                  "volume_size": "8",
                  "volume_type": "gp2"
                },
                "no_device": "",
                "virtual_name": ""
              },
              {
                "device_name": "/dev/sdb",
                "ebs": {},
                "no_device": "",
                "virtual_name": "ephemeral0"
              },
              {
                "device_name": "/dev/sdc",
                "ebs": {},
                "no_device": "",
                "virtual_name": "ephemeral1"
              }
            ],
            "boot_mode": "legacy-bios",
            "creation_date": "2024-07-04T23:34:17.000Z",
            "deprecation_time": "2026-07-04T23:34:17.000Z",
            "description": "Canonical, Ubuntu, 20.04 LTS, amd64 focal image build on 2024-07-04",
            "ena_support": true,
            "executable_users": null,
            "filter": [
              {
                "name": "name",
                "values": [
                  "ubuntu/images/hvm-ssd/ubuntu-focal-20.04-amd64-server-*"
                ]
              },
              {
                "name": "virtualization-type",
                "values": [
                  "hvm"
                ]
              }
            ],
            "hypervisor": "xen",
            "id": "ami-07cef98a7cbb3ffe6",
            "image_id": "ami-07cef98a7cbb3ffe6",
            "image_location": "amazon/ubuntu/images/hvm-ssd/ubuntu-focal-20.04-amd64-server-20240704",
            "image_owner_alias": "amazon",
            "image_type": "machine",
            "imds_support": "",
            "include_deprecated": false,
            "kernel_id": "",
            "most_recent": true,
            "name": "ubuntu/images/hvm-ssd/ubuntu-focal-20.04-amd64-server-20240704",
            "name_regex": null,
            "owner_id": "099720109477",
            "owners": [
              "099720109477"
            ],
            "platform": "",
            "platform_details": "Linux/UNIX",
            "product_codes": [],
            "public": true,
            "ramdisk_id": "",
            "root_device_name": "/dev/sda1",
            "root_device_type": "ebs",
            "root_snapshot_id": "snap-06375cbd8b5e996b9",
            "sriov_net_support": "simple",
            "state": "available",
            "state_reason": {
              "code": "UNSET",
              "message": "UNSET"
            },
            "tags": {},
            "timeouts": null,
            "tpm_support": "",
            "usage_operation": "RunInstances",
            "virtualization_type": "hvm"
          },
          "sensitive_attributes": []
        }
      ]
    },
    {
      "module": "module.clickhouse_ec2_instance",
      "mode": "managed",
      "type": "aws_instance",
      "name": "clickhouse_server",
      "provider": "provider[\"registry.terraform.io/hashicorp/aws\"]",
      "instances": [
        {
          "schema_version": 1,
          "attributes": {
            "ami": "ami-07cef98a7cbb3ffe6",
            "arn": "arn:aws:ec2:us-west-1:767397811841:instance/i-0305f1431582c1dbd",
            "associate_public_ip_address": true,
            "availability_zone": "us-west-1a",
            "capacity_reservation_specification": [
              {
                "capacity_reservation_preference": "open",
                "capacity_reservation_target": []
              }
            ],
            "cpu_core_count": 1,
            "cpu_options": [
              {
                "amd_sev_snp": "",
                "core_count": 1,
                "threads_per_core": 1
              }
            ],
            "cpu_threads_per_core": 1,
            "credit_specification": [
              {
                "cpu_credits": "standard"
              }
            ],
            "disable_api_stop": false,
            "disable_api_termination": false,
            "ebs_block_device": [],
            "ebs_optimized": false,
            "enclave_options": [
              {
                "enabled": false
              }
            ],
            "ephemeral_block_device": [],
            "get_password_data": false,
            "hibernation": false,
            "host_id": "",
            "host_resource_group_arn": null,
            "iam_instance_profile": "",
            "id": "i-0305f1431582c1dbd",
            "instance_initiated_shutdown_behavior": "stop",
            "instance_lifecycle": "",
            "instance_market_options": [],
            "instance_state": "running",
            "instance_type": "t2.micro",
            "ipv6_address_count": 0,
            "ipv6_addresses": [],
            "key_name": "capstone-key",
            "launch_template": [],
            "maintenance_options": [
              {
                "auto_recovery": "default"
              }
            ],
            "metadata_options": [
              {
                "http_endpoint": "enabled",
                "http_protocol_ipv6": "disabled",
                "http_put_response_hop_limit": 1,
                "http_tokens": "optional",
                "instance_metadata_tags": "disabled"
              }
            ],
            "monitoring": false,
            "network_interface": [],
            "outpost_arn": "",
            "password_data": "",
            "placement_group": "",
            "placement_partition_number": 0,
            "primary_network_interface_id": "eni-0066cdeb319dd7a0e",
            "private_dns": "ip-172-31-25-114.us-west-1.compute.internal",
            "private_dns_name_options": [
              {
                "enable_resource_name_dns_a_record": false,
                "enable_resource_name_dns_aaaa_record": false,
                "hostname_type": "ip-name"
              }
            ],
            "private_ip": "172.31.25.114",
            "public_dns": "ec2-13-57-193-66.us-west-1.compute.amazonaws.com",
            "public_ip": "13.57.193.66",
            "root_block_device": [
              {
                "delete_on_termination": true,
                "device_name": "/dev/sda1",
                "encrypted": false,
                "iops": 100,
                "kms_key_id": "",
                "tags": {},
                "tags_all": {},
                "throughput": 0,
                "volume_id": "vol-0badc3c4745d981b3",
                "volume_size": 8,
                "volume_type": "gp2"
              }
            ],
            "secondary_private_ips": [],
            "security_groups": [
              "clickhouse-security-group"
            ],
            "source_dest_check": true,
            "spot_instance_request_id": "",
            "subnet_id": "subnet-0f3f7405f11a3d8c1",
            "tags": {
              "Name": "ClickHouse-Server"
            },
            "tags_all": {
              "Name": "ClickHouse-Server"
            },
            "tenancy": "default",
            "timeouts": null,
            "user_data": "2462f438f7653ac76b675e041d20d40a563fa06a",
            "user_data_base64": null,
            "user_data_replace_on_change": false,
            "volume_tags": null,
            "vpc_security_group_ids": [
              "sg-0850b85028cfbedec"
            ]
          },
          "sensitive_attributes": [],
          "private": "eyJlMmJmYjczMC1lY2FhLTExZTYtOGY4OC0zNDM2M2JjN2M0YzAiOnsiY3JlYXRlIjo2MDAwMDAwMDAwMDAsImRlbGV0ZSI6MTIwMDAwMDAwMDAwMCwicmVhZCI6OTAwMDAwMDAwMDAwLCJ1cGRhdGUiOjYwMDAwMDAwMDAwMH0sInNjaGVtYV92ZXJzaW9uIjoiMSJ9",
          "dependencies": [
            "module.clickhouse_ec2_instance.aws_key_pair.generated_key",
            "module.clickhouse_ec2_instance.aws_security_group.clickhouse_sg",
            "module.clickhouse_ec2_instance.data.aws_ami.ubuntu",
            "module.clickhouse_ec2_instance.tls_private_key.ssh_key"
          ]
        }
      ]
    },
    {
      "module": "module.clickhouse_ec2_instance",
      "mode": "managed",
      "type": "aws_key_pair",
      "name": "generated_key",
      "provider": "provider[\"registry.terraform.io/hashicorp/aws\"]",
      "instances": [
        {
          "schema_version": 1,
          "attributes": {
            "arn": "arn:aws:ec2:us-west-1:767397811841:key-pair/capstone-key",
            "fingerprint": "87:49:37:d7:c3:57:bf:b5:a5:b1:c5:70:69:a3:b1:21",
            "id": "capstone-key",
            "key_name": "capstone-key",
            "key_name_prefix": "",
            "key_pair_id": "key-0ffe0cdbaca2aeaa1",
            "key_type": "rsa",
            "public_key": "ssh-rsa AAAAB3NzaC1yc2EAAAADAQABAAACAQCv/XwmiKVAVcpK5xGxLaOWSnZHlE8cek4mWFV+58ScON0R6XxvS42Tp3/oByxbwamPaLa/WjoEZ97q2slhzCwZgac7YDXSQsSa9q6DFJ4OjORaCwr5nyQG0RqPW4lA41oQBScAauKCB8m6Hh043zN1KhwsjAHEpwglOIa9KWR7JhTnzxbUJBGnC6rfG3JfYjYKGhOt9UxmDZ38SGvNjQhBE1zkYL1E9i0xKkxl2cs85wcSiXGwqU7HzLWltf5QuBqsa1mzEtnAs9KCKhXtQfvC0jqmHPOnjhx+BoH1gymH/KgLQ9iEg+EdogBdK3ky2zd+pv0lWpipIPQOtFjBIzaoxiPZXs7e/yZT+rnLXfcX5BAIP2kHTLbz6Tigk91OR40nTkwmFXFwQfFoTuHvdVesdUfT9dhxYGi95P3AW6ZD9PdfDbaWW13Z5xKHNQB60/lxhHdn/3yJCa1PaZSeSl32gfFTmvktM+LeZgDqqLLen8NxlETqnRX0Ma54Ddeup5atoS20D2HCseAM3qE6tVv+LBshJCcyM93181u9n76fRoAcCXQsFGRVCFSbM47QnYwQVEnxXIS1YZn2n4izbCVkrAP1uV5XBIK3KB57D3YGenEKetqhAj8DOcBWre2gXe1kKjk9s6GldSY84AIAEWcE+YpTccsaLmsijhWVY7C0zQ==",
            "tags": {},
            "tags_all": {}
          },
          "sensitive_attributes": [],
          "private": "eyJzY2hlbWFfdmVyc2lvbiI6IjEifQ==",
          "dependencies": [
            "module.clickhouse_ec2_instance.tls_private_key.ssh_key"
          ]
        }
      ]
    },
    {
      "module": "module.clickhouse_ec2_instance",
      "mode": "managed",
      "type": "aws_security_group",
      "name": "clickhouse_sg",
      "provider": "provider[\"registry.terraform.io/hashicorp/aws\"]",
      "instances": [
        {
          "schema_version": 1,
          "attributes": {
            "arn": "arn:aws:ec2:us-west-1:767397811841:security-group/sg-0850b85028cfbedec",
            "description": "Security group for Clickhouse EC2 instance",
            "egress": [
              {
                "cidr_blocks": [
                  "0.0.0.0/0"
                ],
                "description": "",
                "from_port": 0,
                "ipv6_cidr_blocks": [],
                "prefix_list_ids": [],
                "protocol": "-1",
                "security_groups": [],
                "self": false,
                "to_port": 0
              }
            ],
            "id": "sg-0850b85028cfbedec",
            "ingress": [
              {
                "cidr_blocks": [
                  "0.0.0.0/0"
                ],
                "description": "",
                "from_port": 22,
                "ipv6_cidr_blocks": [],
                "prefix_list_ids": [],
                "protocol": "tcp",
                "security_groups": [],
                "self": false,
                "to_port": 22
              },
              {
                "cidr_blocks": [
                  "0.0.0.0/0"
                ],
                "description": "",
                "from_port": 80,
                "ipv6_cidr_blocks": [],
                "prefix_list_ids": [],
                "protocol": "tcp",
                "security_groups": [],
                "self": false,
                "to_port": 80
              },
              {
                "cidr_blocks": [
                  "0.0.0.0/0"
                ],
                "description": "",
                "from_port": 8123,
                "ipv6_cidr_blocks": [],
                "prefix_list_ids": [],
                "protocol": "tcp",
                "security_groups": [],
                "self": false,
                "to_port": 8123
              },
              {
                "cidr_blocks": [
                  "0.0.0.0/0"
                ],
                "description": "",
                "from_port": 8124,
                "ipv6_cidr_blocks": [],
                "prefix_list_ids": [],
                "protocol": "tcp",
                "security_groups": [],
                "self": false,
                "to_port": 8124
              }
            ],
            "name": "clickhouse-security-group",
            "name_prefix": "",
            "owner_id": "767397811841",
            "revoke_rules_on_delete": false,
            "tags": {
              "Name": "clickhouse-security-group"
            },
            "tags_all": {
              "Name": "clickhouse-security-group"
            },
            "timeouts": null,
            "vpc_id": "vpc-02d1221c4e557d6d4"
          },
          "sensitive_attributes": [],
          "private": "eyJlMmJmYjczMC1lY2FhLTExZTYtOGY4OC0zNDM2M2JjN2M0YzAiOnsiY3JlYXRlIjo2MDAwMDAwMDAwMDAsImRlbGV0ZSI6OTAwMDAwMDAwMDAwfSwic2NoZW1hX3ZlcnNpb24iOiIxIn0="
        }
      ]
    },
    {
      "module": "module.clickhouse_ec2_instance",
      "mode": "managed",
      "type": "local_file",
      "name": "private_key",
      "provider": "provider[\"registry.terraform.io/hashicorp/local\"]",
      "instances": [
        {
          "schema_version": 0,
          "attributes": {
            "content": "-----BEGIN RSA PRIVATE KEY-----\nMIIJKAIBAAKCAgEAr/18JoilQFXKSucRsS2jlkp2R5RPHHpOJlhVfufEnDjdEel8\nb0uNk6d/6AcsW8Gpj2i2v1o6BGfe6trJYcwsGYGnO2A10kLEmvaugxSeDozkWgsK\n+Z8kBtEaj1uJQONaEAUnAGriggfJuh4dON8zdSocLIwBxKcIJTiGvSlkeyYU588W\n1CQRpwuq3xtyX2I2ChoTrfVMZg2d/EhrzY0IQRNc5GC9RPYtMSpMZdnLPOcHEolx\nsKlOx8y1pbX+ULgarGtZsxLZwLPSgioV7UH7wtI6phzzp44cfgaB9YMph/yoC0PY\nhIPhHaIAXSt5Mts3fqb9JVqYqSD0DrRYwSM2qMYj2V7O3v8mU/q5y133F+QQCD9p\nB0y28+k4oJPdTkeNJ05MJhVxcEHxaE7h73VXrHVH0/XYcWBoveT9wFumQ/T3Xw22\nlltd2ecShzUAetP5cYR3Z/98iQmtT2mUnkpd9oHxU5r5LTPi3mYA6qiy3p/DcZRE\n6p0V9DGueA3XrqeWraEttA9hwrHgDN6hOrVb/iwbISQnMjPd9fNbvZ++n0aAHAl0\nLBRkVQhUmzOO0J2MEFRJ8VyEtWGZ9p+Is2wlZKwD9bleVwSCtygeew92BnpxCnra\noQI/AznAVq3toF3tZCo5PbOhpXUmPOACABFnBPmKU3HLGi5rIo4VlWOwtM0CAwEA\nAQKCAgB+DaTIAOXEH+6mGb19V4AtXKY9fMfxUNT6+Bg8rosPjlchxkf/e3ErijS+\nH60xB5SIiGskwd5+W1u6gfzuFIydtFTw3WePc41YpUm3z6OqLlY8/F3fD5KBY3KP\nrfOwS2etw9L8pJIaqrNdoMYzfwNfb0sAyUNW9ICMEGHJyYUUA+HDa3whdLhEGsJH\nzWPtV+327FieJ+2Rxz0af1DfyJ1Z5yGI3pWSeHVEGtTfutCsjZluOI37CDnKOCD/\nUUyXylYomzeDYQQg12v3GWfdKX7HO0cQxfnrUImt5sFc9ZZgtaIzd2P0/nTWgbub\nAFFuEMA98iOthqeDtHu6sIhFxhAWQMKYV85tLjPl35Y0O1EA0D6je6l9zdHxproV\n1I7SFq6OD23Ih33QxZvmoXpIMQRU1vXG6hSMkPwTaCtcmtctWiOQtjizQG03J1WW\nYRyYsiCYOKdiX4hNMJqXZnr93s7aohVyZlDRp3fWnMBSoCt/yxZP+rcHlNZQpJkk\nE5ztXa8+7KIpF3VkKxBOb40aY8m2Rpp+yczDuEDaeNdjKRMuMJZ5NJTDpz0D7U8R\nIqW7mBALaWn+C6eZs5/K1StALrReGoyyL3aBpMyefbsIDNatawfLgk7Bk2MNEvkZ\nK47m49K40P/sYEA0DEHJV15tCTFb6Xp/zRceeheniw1m5vu9YQKCAQEA0N4xvVoi\nLw0WMiSt8575bzx5ZgxB0gXqCR8rdLhe/r2ccOK+hDN+vKoKoIW3+ioOrnanIYLC\no6CrAMnVzr6XDIwhP+mqIUsAejB1sdv4USPnQbbbI/k9OagQOkfWYdxEVtX2h2Ug\nKaC6Dn/HzwxLe1cKS5U6Fk/bz2TArI+WYV0CQOqVCPSAU6ud/epRIBmiSTLG+fhb\nD8vo6mHi7M5RpkEt8tCY7eN7yCQAGCJ/p7nOOfy0n1YpXxLMrLqoyzKCjVbWkU6C\n/O1AQkRExno/AKYhrTtd2Odp+uvoO1PjIo8QKNSwMuopiyx1CtQuKWLjPduJ+A6q\n284GhXDmLVEf2QKCAQEA17QFFRMiMWFl8nG+VWPWkgRwytbl432IHOi8qiYgIrEN\nblDx9THVu2AXbNAvXrUPAPoZmyfzPOUxtWwwMUYcH17RnY+HRKKDA75VCR4ClhFO\nBhZ9H8ct5llUzBW8ON4jclNi5vuLjAO1RPvzTA6IVHbQafQaoixszTERTRvIs8DN\nXos4UjxEAc5xDJNHUMshe0BSrkXeS8aDi22dEfYX882X4z5vfStNPL+nH4I0th/m\nOPcks4JL92T2JPeUgLb0QPFSM6s8KPg9TMa/yIj6dqwFu/pkv/EB5T3fIgiHGbXr\n15eJcyUXB54COWK9cNoEoLvoL/LU+66GZ0fm0jrYFQKCAQAncU5DS7oY2IfQgEy5\nLNQ9xVXHh5kGaEeB4Xj7WbXWtUfNqYQAwxiz2AiZt6a+fyK2n4GAOok3DSg9xd+y\nYxtzKyM8RovyLY+xg2U2aSvDZtxM9JL9gBunv60Q1HAPmuDs5QrhFp+0PL3l7wt0\ndgXrDMzM6SlG/V2tFIGuFI95Y28Bg0sRndp98nKreIxJW43h9MzOd6/6k68wU7ve\nrDePBc//gpTel47QhLvf0uP4cIYZPTd+v26gnZQ5Kial+KvetP9gAUuLJ+JyoSG7\nuWocXUMOy581Tr4cvF/mlDjYVdvfWgrMEpw1w/d2TAtLlXkEPWkYhuyNBaMFoARX\nmnJBAoIBAQDA6Ssyce4+o5D9h2RmEegwpvAJOLBZCEfXMv6oXXiYDiio5JPAalVw\nQrwwgPAcj2lfwk1sSgpsB76xNpTTPJSiKbbmZxre80ig7HQ4tzIw7EEPiMVWylfu\njy4bZ8TyRxkEgjcNxSJEknxnub0Z5FVg1PIIEFxRddHIoX2LrLGOsXv6diBky6k2\nxF6ulHlPdJv5EsnfOnVY56114Q58pc8+KD0S6x/inftxvSXGNDjYOSc5Ay87q+gs\n1Yqd/R4/D2DbQ/f0ZcxkB78rDwUuX/NAdxCZ0ZKRZwX+85q/YUkSYXUPV2OCK0Wx\ndkse74PljdZdujAp0c9RWAC0FcYFdsMRAoIBAGSWB6yxJO4ymL4MrG+Dk8JCOjh/\nXmB6i1wtvv3Tka0GXnfYJnCuhWA6z2WgYoK/0IQWwZzRpiMu/hwYkyiKXJxT1rvA\neGVbN3bif2RSIWLIKQ8jsXbILdtIUJMI1K0kZW7YQNmA7sPAZDAG93mlHT9Q20de\noh1xBdHqhl01qPV7UHwjV7LLC+9AjR3l8KYID3+rf2zu5czKmQco2CLuo9cp2Vp1\n1cp+B7YuCP0fZj3bLlAdiMQ2Z0n5UVOssY+48TTsDKhBk7M62BbTb6Jdm+5YAtih\nWhJ+TrC3sxEgxqtydIEPHM3U7mPxyyJEKveOf9TA9Wk8UGmzqQw9G5IGI3c=\n-----END RSA PRIVATE KEY-----\n",
            "content_base64": null,
            "content_base64sha256": "/DXPNinGzO4CA4rR2xcHy6yvgqZfGKPj5FxgXfmr77M=",
            "content_base64sha512": "iIyrbeE/wTamoHa0ap3YWfiGPSF2Hr7Zmt9xJQssacarebUC9Et+xNxiuy4DZSEXRCW3/wHO+hluTdcL/3j+1Q==",
            "content_md5": "1db4f759726f69f8825c45373b220503",
            "content_sha1": "4a5035955c045258783774a7a4f73dc307baf977",
            "content_sha256": "fc35cf3629c6ccee02038ad1db1707cbacaf82a65f18a3e3e45c605df9abefb3",
            "content_sha512": "888cab6de13fc136a6a076b46a9dd859f8863d21761ebed99adf71250b2c69c6ab79b502f44b7ec4dc62bb2e036521174425b7ff01cefa196e4dd70bff78fed5",
            "directory_permission": "0777",
            "file_permission": "0400",
            "filename": "modules/clickhouse_ec2_instance/capstone-key.pem",
            "id": "4a5035955c045258783774a7a4f73dc307baf977",
            "sensitive_content": null,
            "source": null
          },
          "sensitive_attributes": [
            [
              {
                "type": "get_attr",
                "value": "sensitive_content"
              }
            ],
            [
              {
                "type": "get_attr",
                "value": "content"
              }
            ]
          ],
          "dependencies": [
            "module.clickhouse_ec2_instance.tls_private_key.ssh_key"
          ]
        }
      ]
    },
    {
      "module": "module.clickhouse_ec2_instance",
      "mode": "managed",
      "type": "tls_private_key",
      "name": "ssh_key",
      "provider": "provider[\"registry.terraform.io/hashicorp/tls\"]",
      "instances": [
        {
          "schema_version": 1,
          "attributes": {
            "algorithm": "RSA",
            "ecdsa_curve": "P224",
            "id": "f480af6494bec2c03c806640fcf27a0747daba85",
            "private_key_openssh": "-----BEGIN OPENSSH PRIVATE KEY-----\nb3BlbnNzaC1rZXktdjEAAAAABG5vbmUAAAAEbm9uZQAAAAAAAAABAAACFwAAAAdz\nc2gtcnNhAAAAAwEAAQAAAgEAr/18JoilQFXKSucRsS2jlkp2R5RPHHpOJlhVfufE\nnDjdEel8b0uNk6d/6AcsW8Gpj2i2v1o6BGfe6trJYcwsGYGnO2A10kLEmvaugxSe\nDozkWgsK+Z8kBtEaj1uJQONaEAUnAGriggfJuh4dON8zdSocLIwBxKcIJTiGvSlk\neyYU588W1CQRpwuq3xtyX2I2ChoTrfVMZg2d/EhrzY0IQRNc5GC9RPYtMSpMZdnL\nPOcHEolxsKlOx8y1pbX+ULgarGtZsxLZwLPSgioV7UH7wtI6phzzp44cfgaB9YMp\nh/yoC0PYhIPhHaIAXSt5Mts3fqb9JVqYqSD0DrRYwSM2qMYj2V7O3v8mU/q5y133\nF+QQCD9pB0y28+k4oJPdTkeNJ05MJhVxcEHxaE7h73VXrHVH0/XYcWBoveT9wFum\nQ/T3Xw22lltd2ecShzUAetP5cYR3Z/98iQmtT2mUnkpd9oHxU5r5LTPi3mYA6qiy\n3p/DcZRE6p0V9DGueA3XrqeWraEttA9hwrHgDN6hOrVb/iwbISQnMjPd9fNbvZ++\nn0aAHAl0LBRkVQhUmzOO0J2MEFRJ8VyEtWGZ9p+Is2wlZKwD9bleVwSCtygeew92\nBnpxCnraoQI/AznAVq3toF3tZCo5PbOhpXUmPOACABFnBPmKU3HLGi5rIo4VlWOw\ntM0AAAc45OLXF+Ti1xcAAAAHc3NoLXJzYQAAAgEAr/18JoilQFXKSucRsS2jlkp2\nR5RPHHpOJlhVfufEnDjdEel8b0uNk6d/6AcsW8Gpj2i2v1o6BGfe6trJYcwsGYGn\nO2A10kLEmvaugxSeDozkWgsK+Z8kBtEaj1uJQONaEAUnAGriggfJuh4dON8zdSoc\nLIwBxKcIJTiGvSlkeyYU588W1CQRpwuq3xtyX2I2ChoTrfVMZg2d/EhrzY0IQRNc\n5GC9RPYtMSpMZdnLPOcHEolxsKlOx8y1pbX+ULgarGtZsxLZwLPSgioV7UH7wtI6\nphzzp44cfgaB9YMph/yoC0PYhIPhHaIAXSt5Mts3fqb9JVqYqSD0DrRYwSM2qMYj\n2V7O3v8mU/q5y133F+QQCD9pB0y28+k4oJPdTkeNJ05MJhVxcEHxaE7h73VXrHVH\n0/XYcWBoveT9wFumQ/T3Xw22lltd2ecShzUAetP5cYR3Z/98iQmtT2mUnkpd9oHx\nU5r5LTPi3mYA6qiy3p/DcZRE6p0V9DGueA3XrqeWraEttA9hwrHgDN6hOrVb/iwb\nISQnMjPd9fNbvZ++n0aAHAl0LBRkVQhUmzOO0J2MEFRJ8VyEtWGZ9p+Is2wlZKwD\n9bleVwSCtygeew92BnpxCnraoQI/AznAVq3toF3tZCo5PbOhpXUmPOACABFnBPmK\nU3HLGi5rIo4VlWOwtM0AAAADAQABAAACAH4NpMgA5cQf7qYZvX1XgC1cpj18x/FQ\n1Pr4GDyuiw+OVyHGR/97cSuKNL4frTEHlIiIayTB3n5bW7qB/O4UjJ20VPDdZ49z\njVilSbfPo6ouVjz8Xd8PkoFjco+t87BLZ63D0vykkhqqs12gxjN/A19vSwDJQ1b0\ngIwQYcnJhRQD4cNrfCF0uEQawkfNY+1X7fbsWJ4n7ZHHPRp/UN/InVnnIYjelZJ4\ndUQa1N+60KyNmW44jfsIOco4IP9RTJfKViibN4NhBCDXa/cZZ90pfsc7RxDF+etQ\nia3mwVz1lmC1ojN3Y/T+dNaBu5sAUW4QwD3yI62Gp4O0e7qwiEXGEBZAwphXzm0u\nM+XfljQ7UQDQPqN7qX3N0fGmuhXUjtIWro4PbciHfdDFm+ahekgxBFTW9cbqFIyQ\n/BNoK1ya1y1aI5C2OLNAbTcnVZZhHJiyIJg4p2JfiE0wmpdmev3eztqiFXJmUNGn\nd9acwFKgK3/LFk/6tweU1lCkmSQTnO1drz7soikXdWQrEE5vjRpjybZGmn7JzMO4\nQNp412MpEy4wlnk0lMOnPQPtTxEipbuYEAtpaf4Lp5mzn8rVK0AutF4ajLIvdoGk\nzJ59uwgM1q1rB8uCTsGTYw0S+Rkrjubj0rjQ/+xgQDQMQclXXm0JMVvpen/NFx56\nF6eLDWbm+71hAAABAGSWB6yxJO4ymL4MrG+Dk8JCOjh/XmB6i1wtvv3Tka0GXnfY\nJnCuhWA6z2WgYoK/0IQWwZzRpiMu/hwYkyiKXJxT1rvAeGVbN3bif2RSIWLIKQ8j\nsXbILdtIUJMI1K0kZW7YQNmA7sPAZDAG93mlHT9Q20deoh1xBdHqhl01qPV7UHwj\nV7LLC+9AjR3l8KYID3+rf2zu5czKmQco2CLuo9cp2Vp11cp+B7YuCP0fZj3bLlAd\niMQ2Z0n5UVOssY+48TTsDKhBk7M62BbTb6Jdm+5YAtihWhJ+TrC3sxEgxqtydIEP\nHM3U7mPxyyJEKveOf9TA9Wk8UGmzqQw9G5IGI3cAAAEBANDeMb1aIi8NFjIkrfOe\n+W88eWYMQdIF6gkfK3S4Xv69nHDivoQzfryqCqCFt/oqDq52pyGCwqOgqwDJ1c6+\nlwyMIT/pqiFLAHowdbHb+FEj50G22yP5PTmoEDpH1mHcRFbV9odlICmgug5/x88M\nS3tXCkuVOhZP289kwKyPlmFdAkDqlQj0gFOrnf3qUSAZokkyxvn4Ww/L6Oph4uzO\nUaZBLfLQmO3je8gkABgif6e5zjn8tJ9WKV8SzKy6qMsygo1W1pFOgvztQEJERMZ6\nPwCmIa07Xdjnafrr6DtT4yKPECjUsDLqKYssdQrULili4z3bifgOqtvOBoVw5i1R\nH9kAAAEBANe0BRUTIjFhZfJxvlVj1pIEcMrW5eN9iBzovKomICKxDW5Q8fUx1btg\nF2zQL161DwD6GZsn8zzlMbVsMDFGHB9e0Z2Ph0SigwO+VQkeApYRTgYWfR/HLeZZ\nVMwVvDjeI3JTYub7i4wDtUT780wOiFR20Gn0GqIsbM0xEU0byLPAzV6LOFI8RAHO\ncQyTR1DLIXtAUq5F3kvGg4ttnRH2F/PNl+M+b30rTTy/px+CNLYf5jj3JLOCS/dk\n9iT3lIC29EDxUjOrPCj4PUzGv8iI+nasBbv6ZL/xAeU93yIIhxm169eXiXMlFwee\nAjlivXDaBKC76C/y1PuuhmdH5tI62BUAAAAAAQID\n-----END OPENSSH PRIVATE KEY-----\n",
            "private_key_pem": "-----BEGIN RSA PRIVATE KEY-----\nMIIJKAIBAAKCAgEAr/18JoilQFXKSucRsS2jlkp2R5RPHHpOJlhVfufEnDjdEel8\nb0uNk6d/6AcsW8Gpj2i2v1o6BGfe6trJYcwsGYGnO2A10kLEmvaugxSeDozkWgsK\n+Z8kBtEaj1uJQONaEAUnAGriggfJuh4dON8zdSocLIwBxKcIJTiGvSlkeyYU588W\n1CQRpwuq3xtyX2I2ChoTrfVMZg2d/EhrzY0IQRNc5GC9RPYtMSpMZdnLPOcHEolx\nsKlOx8y1pbX+ULgarGtZsxLZwLPSgioV7UH7wtI6phzzp44cfgaB9YMph/yoC0PY\nhIPhHaIAXSt5Mts3fqb9JVqYqSD0DrRYwSM2qMYj2V7O3v8mU/q5y133F+QQCD9p\nB0y28+k4oJPdTkeNJ05MJhVxcEHxaE7h73VXrHVH0/XYcWBoveT9wFumQ/T3Xw22\nlltd2ecShzUAetP5cYR3Z/98iQmtT2mUnkpd9oHxU5r5LTPi3mYA6qiy3p/DcZRE\n6p0V9DGueA3XrqeWraEttA9hwrHgDN6hOrVb/iwbISQnMjPd9fNbvZ++n0aAHAl0\nLBRkVQhUmzOO0J2MEFRJ8VyEtWGZ9p+Is2wlZKwD9bleVwSCtygeew92BnpxCnra\noQI/AznAVq3toF3tZCo5PbOhpXUmPOACABFnBPmKU3HLGi5rIo4VlWOwtM0CAwEA\nAQKCAgB+DaTIAOXEH+6mGb19V4AtXKY9fMfxUNT6+Bg8rosPjlchxkf/e3ErijS+\nH60xB5SIiGskwd5+W1u6gfzuFIydtFTw3WePc41YpUm3z6OqLlY8/F3fD5KBY3KP\nrfOwS2etw9L8pJIaqrNdoMYzfwNfb0sAyUNW9ICMEGHJyYUUA+HDa3whdLhEGsJH\nzWPtV+327FieJ+2Rxz0af1DfyJ1Z5yGI3pWSeHVEGtTfutCsjZluOI37CDnKOCD/\nUUyXylYomzeDYQQg12v3GWfdKX7HO0cQxfnrUImt5sFc9ZZgtaIzd2P0/nTWgbub\nAFFuEMA98iOthqeDtHu6sIhFxhAWQMKYV85tLjPl35Y0O1EA0D6je6l9zdHxproV\n1I7SFq6OD23Ih33QxZvmoXpIMQRU1vXG6hSMkPwTaCtcmtctWiOQtjizQG03J1WW\nYRyYsiCYOKdiX4hNMJqXZnr93s7aohVyZlDRp3fWnMBSoCt/yxZP+rcHlNZQpJkk\nE5ztXa8+7KIpF3VkKxBOb40aY8m2Rpp+yczDuEDaeNdjKRMuMJZ5NJTDpz0D7U8R\nIqW7mBALaWn+C6eZs5/K1StALrReGoyyL3aBpMyefbsIDNatawfLgk7Bk2MNEvkZ\nK47m49K40P/sYEA0DEHJV15tCTFb6Xp/zRceeheniw1m5vu9YQKCAQEA0N4xvVoi\nLw0WMiSt8575bzx5ZgxB0gXqCR8rdLhe/r2ccOK+hDN+vKoKoIW3+ioOrnanIYLC\no6CrAMnVzr6XDIwhP+mqIUsAejB1sdv4USPnQbbbI/k9OagQOkfWYdxEVtX2h2Ug\nKaC6Dn/HzwxLe1cKS5U6Fk/bz2TArI+WYV0CQOqVCPSAU6ud/epRIBmiSTLG+fhb\nD8vo6mHi7M5RpkEt8tCY7eN7yCQAGCJ/p7nOOfy0n1YpXxLMrLqoyzKCjVbWkU6C\n/O1AQkRExno/AKYhrTtd2Odp+uvoO1PjIo8QKNSwMuopiyx1CtQuKWLjPduJ+A6q\n284GhXDmLVEf2QKCAQEA17QFFRMiMWFl8nG+VWPWkgRwytbl432IHOi8qiYgIrEN\nblDx9THVu2AXbNAvXrUPAPoZmyfzPOUxtWwwMUYcH17RnY+HRKKDA75VCR4ClhFO\nBhZ9H8ct5llUzBW8ON4jclNi5vuLjAO1RPvzTA6IVHbQafQaoixszTERTRvIs8DN\nXos4UjxEAc5xDJNHUMshe0BSrkXeS8aDi22dEfYX882X4z5vfStNPL+nH4I0th/m\nOPcks4JL92T2JPeUgLb0QPFSM6s8KPg9TMa/yIj6dqwFu/pkv/EB5T3fIgiHGbXr\n15eJcyUXB54COWK9cNoEoLvoL/LU+66GZ0fm0jrYFQKCAQAncU5DS7oY2IfQgEy5\nLNQ9xVXHh5kGaEeB4Xj7WbXWtUfNqYQAwxiz2AiZt6a+fyK2n4GAOok3DSg9xd+y\nYxtzKyM8RovyLY+xg2U2aSvDZtxM9JL9gBunv60Q1HAPmuDs5QrhFp+0PL3l7wt0\ndgXrDMzM6SlG/V2tFIGuFI95Y28Bg0sRndp98nKreIxJW43h9MzOd6/6k68wU7ve\nrDePBc//gpTel47QhLvf0uP4cIYZPTd+v26gnZQ5Kial+KvetP9gAUuLJ+JyoSG7\nuWocXUMOy581Tr4cvF/mlDjYVdvfWgrMEpw1w/d2TAtLlXkEPWkYhuyNBaMFoARX\nmnJBAoIBAQDA6Ssyce4+o5D9h2RmEegwpvAJOLBZCEfXMv6oXXiYDiio5JPAalVw\nQrwwgPAcj2lfwk1sSgpsB76xNpTTPJSiKbbmZxre80ig7HQ4tzIw7EEPiMVWylfu\njy4bZ8TyRxkEgjcNxSJEknxnub0Z5FVg1PIIEFxRddHIoX2LrLGOsXv6diBky6k2\nxF6ulHlPdJv5EsnfOnVY56114Q58pc8+KD0S6x/inftxvSXGNDjYOSc5Ay87q+gs\n1Yqd/R4/D2DbQ/f0ZcxkB78rDwUuX/NAdxCZ0ZKRZwX+85q/YUkSYXUPV2OCK0Wx\ndkse74PljdZdujAp0c9RWAC0FcYFdsMRAoIBAGSWB6yxJO4ymL4MrG+Dk8JCOjh/\nXmB6i1wtvv3Tka0GXnfYJnCuhWA6z2WgYoK/0IQWwZzRpiMu/hwYkyiKXJxT1rvA\neGVbN3bif2RSIWLIKQ8jsXbILdtIUJMI1K0kZW7YQNmA7sPAZDAG93mlHT9Q20de\noh1xBdHqhl01qPV7UHwjV7LLC+9AjR3l8KYID3+rf2zu5czKmQco2CLuo9cp2Vp1\n1cp+B7YuCP0fZj3bLlAdiMQ2Z0n5UVOssY+48TTsDKhBk7M62BbTb6Jdm+5YAtih\nWhJ+TrC3sxEgxqtydIEPHM3U7mPxyyJEKveOf9TA9Wk8UGmzqQw9G5IGI3c=\n-----END RSA PRIVATE KEY-----\n",
            "private_key_pem_pkcs8": "-----BEGIN PRIVATE KEY-----\nMIIJQgIBADANBgkqhkiG9w0BAQEFAASCCSwwggkoAgEAAoICAQCv/XwmiKVAVcpK\n5xGxLaOWSnZHlE8cek4mWFV+58ScON0R6XxvS42Tp3/oByxbwamPaLa/WjoEZ97q\n2slhzCwZgac7YDXSQsSa9q6DFJ4OjORaCwr5nyQG0RqPW4lA41oQBScAauKCB8m6\nHh043zN1KhwsjAHEpwglOIa9KWR7JhTnzxbUJBGnC6rfG3JfYjYKGhOt9UxmDZ38\nSGvNjQhBE1zkYL1E9i0xKkxl2cs85wcSiXGwqU7HzLWltf5QuBqsa1mzEtnAs9KC\nKhXtQfvC0jqmHPOnjhx+BoH1gymH/KgLQ9iEg+EdogBdK3ky2zd+pv0lWpipIPQO\ntFjBIzaoxiPZXs7e/yZT+rnLXfcX5BAIP2kHTLbz6Tigk91OR40nTkwmFXFwQfFo\nTuHvdVesdUfT9dhxYGi95P3AW6ZD9PdfDbaWW13Z5xKHNQB60/lxhHdn/3yJCa1P\naZSeSl32gfFTmvktM+LeZgDqqLLen8NxlETqnRX0Ma54Ddeup5atoS20D2HCseAM\n3qE6tVv+LBshJCcyM93181u9n76fRoAcCXQsFGRVCFSbM47QnYwQVEnxXIS1YZn2\nn4izbCVkrAP1uV5XBIK3KB57D3YGenEKetqhAj8DOcBWre2gXe1kKjk9s6GldSY8\n4AIAEWcE+YpTccsaLmsijhWVY7C0zQIDAQABAoICAH4NpMgA5cQf7qYZvX1XgC1c\npj18x/FQ1Pr4GDyuiw+OVyHGR/97cSuKNL4frTEHlIiIayTB3n5bW7qB/O4UjJ20\nVPDdZ49zjVilSbfPo6ouVjz8Xd8PkoFjco+t87BLZ63D0vykkhqqs12gxjN/A19v\nSwDJQ1b0gIwQYcnJhRQD4cNrfCF0uEQawkfNY+1X7fbsWJ4n7ZHHPRp/UN/InVnn\nIYjelZJ4dUQa1N+60KyNmW44jfsIOco4IP9RTJfKViibN4NhBCDXa/cZZ90pfsc7\nRxDF+etQia3mwVz1lmC1ojN3Y/T+dNaBu5sAUW4QwD3yI62Gp4O0e7qwiEXGEBZA\nwphXzm0uM+XfljQ7UQDQPqN7qX3N0fGmuhXUjtIWro4PbciHfdDFm+ahekgxBFTW\n9cbqFIyQ/BNoK1ya1y1aI5C2OLNAbTcnVZZhHJiyIJg4p2JfiE0wmpdmev3eztqi\nFXJmUNGnd9acwFKgK3/LFk/6tweU1lCkmSQTnO1drz7soikXdWQrEE5vjRpjybZG\nmn7JzMO4QNp412MpEy4wlnk0lMOnPQPtTxEipbuYEAtpaf4Lp5mzn8rVK0AutF4a\njLIvdoGkzJ59uwgM1q1rB8uCTsGTYw0S+Rkrjubj0rjQ/+xgQDQMQclXXm0JMVvp\nen/NFx56F6eLDWbm+71hAoIBAQDQ3jG9WiIvDRYyJK3znvlvPHlmDEHSBeoJHyt0\nuF7+vZxw4r6EM368qgqghbf6Kg6udqchgsKjoKsAydXOvpcMjCE/6aohSwB6MHWx\n2/hRI+dBttsj+T05qBA6R9Zh3ERW1faHZSApoLoOf8fPDEt7VwpLlToWT9vPZMCs\nj5ZhXQJA6pUI9IBTq5396lEgGaJJMsb5+FsPy+jqYeLszlGmQS3y0Jjt43vIJAAY\nIn+nuc45/LSfVilfEsysuqjLMoKNVtaRToL87UBCRETGej8ApiGtO13Y52n66+g7\nU+MijxAo1LAy6imLLHUK1C4pYuM924n4DqrbzgaFcOYtUR/ZAoIBAQDXtAUVEyIx\nYWXycb5VY9aSBHDK1uXjfYgc6LyqJiAisQ1uUPH1MdW7YBds0C9etQ8A+hmbJ/M8\n5TG1bDAxRhwfXtGdj4dEooMDvlUJHgKWEU4GFn0fxy3mWVTMFbw43iNyU2Lm+4uM\nA7VE+/NMDohUdtBp9BqiLGzNMRFNG8izwM1eizhSPEQBznEMk0dQyyF7QFKuRd5L\nxoOLbZ0R9hfzzZfjPm99K008v6cfgjS2H+Y49ySzgkv3ZPYk95SAtvRA8VIzqzwo\n+D1Mxr/IiPp2rAW7+mS/8QHlPd8iCIcZtevXl4lzJRcHngI5Yr1w2gSgu+gv8tT7\nroZnR+bSOtgVAoIBACdxTkNLuhjYh9CATLks1D3FVceHmQZoR4HhePtZtda1R82p\nhADDGLPYCJm3pr5/IrafgYA6iTcNKD3F37JjG3MrIzxGi/Itj7GDZTZpK8Nm3Ez0\nkv2AG6e/rRDUcA+a4OzlCuEWn7Q8veXvC3R2BesMzMzpKUb9Xa0Uga4Uj3ljbwGD\nSxGd2n3ycqt4jElbjeH0zM53r/qTrzBTu96sN48Fz/+ClN6XjtCEu9/S4/hwhhk9\nN36/bqCdlDkqJqX4q960/2ABS4sn4nKhIbu5ahxdQw7LnzVOvhy8X+aUONhV299a\nCswSnDXD93ZMC0uVeQQ9aRiG7I0FowWgBFeackECggEBAMDpKzJx7j6jkP2HZGYR\n6DCm8Ak4sFkIR9cy/qhdeJgOKKjkk8BqVXBCvDCA8ByPaV/CTWxKCmwHvrE2lNM8\nlKIptuZnGt7zSKDsdDi3MjDsQQ+IxVbKV+6PLhtnxPJHGQSCNw3FIkSSfGe5vRnk\nVWDU8ggQXFF10cihfYussY6xe/p2IGTLqTbEXq6UeU90m/kSyd86dVjnrXXhDnyl\nzz4oPRLrH+Kd+3G9JcY0ONg5JzkDLzur6CzVip39Hj8PYNtD9/RlzGQHvysPBS5f\n80B3EJnRkpFnBf7zmr9hSRJhdQ9XY4IrRbF2Sx7vg+WN1l26MCnRz1FYALQVxgV2\nwxECggEAZJYHrLEk7jKYvgysb4OTwkI6OH9eYHqLXC2+/dORrQZed9gmcK6FYDrP\nZaBigr/QhBbBnNGmIy7+HBiTKIpcnFPWu8B4ZVs3duJ/ZFIhYsgpDyOxdsgt20hQ\nkwjUrSRlbthA2YDuw8BkMAb3eaUdP1DbR16iHXEF0eqGXTWo9XtQfCNXsssL70CN\nHeXwpggPf6t/bO7lzMqZByjYIu6j1ynZWnXVyn4Hti4I/R9mPdsuUB2IxDZnSflR\nU6yxj7jxNOwMqEGTszrYFtNvol2b7lgC2KFaEn5OsLezESDGq3J0gQ8czdTuY/HL\nIkQq945/1MD1aTxQabOpDD0bkgYjdw==\n-----END PRIVATE KEY-----\n",
            "public_key_fingerprint_md5": "a6:e0:d7:43:18:01:57:72:06:df:d0:fe:b7:39:ab:c4",
            "public_key_fingerprint_sha256": "SHA256:5BQficxial0xub9MKZ7Q2uTIztYabLbn50GqoaTkyZI",
            "public_key_openssh": "ssh-rsa AAAAB3NzaC1yc2EAAAADAQABAAACAQCv/XwmiKVAVcpK5xGxLaOWSnZHlE8cek4mWFV+58ScON0R6XxvS42Tp3/oByxbwamPaLa/WjoEZ97q2slhzCwZgac7YDXSQsSa9q6DFJ4OjORaCwr5nyQG0RqPW4lA41oQBScAauKCB8m6Hh043zN1KhwsjAHEpwglOIa9KWR7JhTnzxbUJBGnC6rfG3JfYjYKGhOt9UxmDZ38SGvNjQhBE1zkYL1E9i0xKkxl2cs85wcSiXGwqU7HzLWltf5QuBqsa1mzEtnAs9KCKhXtQfvC0jqmHPOnjhx+BoH1gymH/KgLQ9iEg+EdogBdK3ky2zd+pv0lWpipIPQOtFjBIzaoxiPZXs7e/yZT+rnLXfcX5BAIP2kHTLbz6Tigk91OR40nTkwmFXFwQfFoTuHvdVesdUfT9dhxYGi95P3AW6ZD9PdfDbaWW13Z5xKHNQB60/lxhHdn/3yJCa1PaZSeSl32gfFTmvktM+LeZgDqqLLen8NxlETqnRX0Ma54Ddeup5atoS20D2HCseAM3qE6tVv+LBshJCcyM93181u9n76fRoAcCXQsFGRVCFSbM47QnYwQVEnxXIS1YZn2n4izbCVkrAP1uV5XBIK3KB57D3YGenEKetqhAj8DOcBWre2gXe1kKjk9s6GldSY84AIAEWcE+YpTccsaLmsijhWVY7C0zQ==\n",
            "public_key_pem": "-----BEGIN PUBLIC KEY-----\nMIICIjANBgkqhkiG9w0BAQEFAAOCAg8AMIICCgKCAgEAr/18JoilQFXKSucRsS2j\nlkp2R5RPHHpOJlhVfufEnDjdEel8b0uNk6d/6AcsW8Gpj2i2v1o6BGfe6trJYcws\nGYGnO2A10kLEmvaugxSeDozkWgsK+Z8kBtEaj1uJQONaEAUnAGriggfJuh4dON8z\ndSocLIwBxKcIJTiGvSlkeyYU588W1CQRpwuq3xtyX2I2ChoTrfVMZg2d/EhrzY0I\nQRNc5GC9RPYtMSpMZdnLPOcHEolxsKlOx8y1pbX+ULgarGtZsxLZwLPSgioV7UH7\nwtI6phzzp44cfgaB9YMph/yoC0PYhIPhHaIAXSt5Mts3fqb9JVqYqSD0DrRYwSM2\nqMYj2V7O3v8mU/q5y133F+QQCD9pB0y28+k4oJPdTkeNJ05MJhVxcEHxaE7h73VX\nrHVH0/XYcWBoveT9wFumQ/T3Xw22lltd2ecShzUAetP5cYR3Z/98iQmtT2mUnkpd\n9oHxU5r5LTPi3mYA6qiy3p/DcZRE6p0V9DGueA3XrqeWraEttA9hwrHgDN6hOrVb\n/iwbISQnMjPd9fNbvZ++n0aAHAl0LBRkVQhUmzOO0J2MEFRJ8VyEtWGZ9p+Is2wl\nZKwD9bleVwSCtygeew92BnpxCnraoQI/AznAVq3toF3tZCo5PbOhpXUmPOACABFn\nBPmKU3HLGi5rIo4VlWOwtM0CAwEAAQ==\n-----END PUBLIC KEY-----\n",
            "rsa_bits": 4096
          },
          "sensitive_attributes": [
            [
              {
                "type": "get_attr",
                "value": "private_key_pem"
              }
            ],
            [
              {
                "type": "get_attr",
                "value": "private_key_openssh"
              }
            ],
            [
              {
                "type": "get_attr",
                "value": "private_key_pem_pkcs8"
              }
            ]
          ]
        }
      ]
    },
    {
      "module": "module.dynamodb_instance",
      "mode": "managed",
      "type": "aws_dynamodb_table",
      "name": "dynamodb_stream_table",
      "provider": "provider[\"registry.terraform.io/hashicorp/aws\"]",
      "instances": [
        {
          "schema_version": 1,
          "attributes": {
            "arn": "arn:aws:dynamodb:us-west-1:767397811841:table/stream_table_map",
            "attribute": [
              {
                "name": "stream_id",
                "type": "S"
              },
              {
                "name": "table_id",
                "type": "S"
              }
            ],
            "billing_mode": "PROVISIONED",
            "deletion_protection_enabled": false,
            "global_secondary_index": [
              {
                "hash_key": "table_id",
                "name": "TableIdIndex",
                "non_key_attributes": [],
                "projection_type": "ALL",
                "range_key": "",
                "read_capacity": 1,
                "write_capacity": 1
              }
            ],
            "hash_key": "stream_id",
            "id": "stream_table_map",
            "import_table": [],
            "local_secondary_index": [],
            "name": "stream_table_map",
            "point_in_time_recovery": [
              {
                "enabled": false
              }
            ],
            "range_key": "table_id",
            "read_capacity": 3,
            "replica": [],
            "restore_date_time": null,
            "restore_source_name": null,
            "restore_to_latest_time": null,
            "server_side_encryption": [],
            "stream_arn": "",
            "stream_enabled": false,
            "stream_label": "",
            "stream_view_type": "",
            "table_class": "STANDARD",
            "tags": {
              "Name": "dynamodb_stream_table"
            },
            "tags_all": {
              "Name": "dynamodb_stream_table"
            },
            "timeouts": null,
            "ttl": [
              {
                "attribute_name": "",
                "enabled": false
              }
            ],
            "write_capacity": 3
          },
          "sensitive_attributes": [],
          "private": "eyJlMmJmYjczMC1lY2FhLTExZTYtOGY4OC0zNDM2M2JjN2M0YzAiOnsiY3JlYXRlIjoxODAwMDAwMDAwMDAwLCJkZWxldGUiOjYwMDAwMDAwMDAwMCwidXBkYXRlIjozNjAwMDAwMDAwMDAwfSwic2NoZW1hX3ZlcnNpb24iOiIxIn0="
        }
      ]
    },
    {
      "module": "module.flask_ec2_instance",
      "mode": "data",
      "type": "aws_ami",
      "name": "ubuntu",
      "provider": "provider[\"registry.terraform.io/hashicorp/aws\"]",
      "instances": [
        {
          "schema_version": 0,
          "attributes": {
            "architecture": "x86_64",
            "arn": "arn:aws:ec2:us-west-1::image/ami-07cef98a7cbb3ffe6",
            "block_device_mappings": [
              {
                "device_name": "/dev/sda1",
                "ebs": {
                  "delete_on_termination": "true",
                  "encrypted": "false",
                  "iops": "0",
                  "snapshot_id": "snap-06375cbd8b5e996b9",
                  "throughput": "0",
                  "volume_size": "8",
                  "volume_type": "gp2"
                },
                "no_device": "",
                "virtual_name": ""
              },
              {
                "device_name": "/dev/sdb",
                "ebs": {},
                "no_device": "",
                "virtual_name": "ephemeral0"
              },
              {
                "device_name": "/dev/sdc",
                "ebs": {},
                "no_device": "",
                "virtual_name": "ephemeral1"
              }
            ],
            "boot_mode": "legacy-bios",
            "creation_date": "2024-07-04T23:34:17.000Z",
            "deprecation_time": "2026-07-04T23:34:17.000Z",
            "description": "Canonical, Ubuntu, 20.04 LTS, amd64 focal image build on 2024-07-04",
            "ena_support": true,
            "executable_users": null,
            "filter": [
              {
                "name": "name",
                "values": [
                  "ubuntu/images/hvm-ssd/ubuntu-focal-20.04-amd64-server-*"
                ]
              },
              {
                "name": "virtualization-type",
                "values": [
                  "hvm"
                ]
              }
            ],
            "hypervisor": "xen",
            "id": "ami-07cef98a7cbb3ffe6",
            "image_id": "ami-07cef98a7cbb3ffe6",
            "image_location": "amazon/ubuntu/images/hvm-ssd/ubuntu-focal-20.04-amd64-server-20240704",
            "image_owner_alias": "amazon",
            "image_type": "machine",
            "imds_support": "",
            "include_deprecated": false,
            "kernel_id": "",
            "most_recent": true,
            "name": "ubuntu/images/hvm-ssd/ubuntu-focal-20.04-amd64-server-20240704",
            "name_regex": null,
            "owner_id": "099720109477",
            "owners": [
              "099720109477"
            ],
            "platform": "",
            "platform_details": "Linux/UNIX",
            "product_codes": [],
            "public": true,
            "ramdisk_id": "",
            "root_device_name": "/dev/sda1",
            "root_device_type": "ebs",
            "root_snapshot_id": "snap-06375cbd8b5e996b9",
            "sriov_net_support": "simple",
            "state": "available",
            "state_reason": {
              "code": "UNSET",
              "message": "UNSET"
            },
            "tags": {},
            "timeouts": null,
            "tpm_support": "",
            "usage_operation": "RunInstances",
            "virtualization_type": "hvm"
          },
          "sensitive_attributes": []
        }
      ]
    },
    {
      "module": "module.flask_ec2_instance",
      "mode": "managed",
      "type": "aws_instance",
      "name": "flask_server",
      "provider": "provider[\"registry.terraform.io/hashicorp/aws\"]",
      "instances": [
        {
          "schema_version": 1,
          "attributes": {
            "ami": "ami-07cef98a7cbb3ffe6",
            "arn": "arn:aws:ec2:us-west-1:767397811841:instance/i-0a2b72a4dfc6db912",
            "associate_public_ip_address": true,
            "availability_zone": "us-west-1a",
            "capacity_reservation_specification": [
              {
                "capacity_reservation_preference": "open",
                "capacity_reservation_target": []
              }
            ],
            "cpu_core_count": 1,
            "cpu_options": [
              {
                "amd_sev_snp": "",
                "core_count": 1,
                "threads_per_core": 1
              }
            ],
            "cpu_threads_per_core": 1,
            "credit_specification": [
              {
                "cpu_credits": "standard"
              }
            ],
            "disable_api_stop": false,
            "disable_api_termination": false,
            "ebs_block_device": [],
            "ebs_optimized": false,
            "enclave_options": [
              {
                "enabled": false
              }
            ],
            "ephemeral_block_device": [],
            "get_password_data": false,
            "hibernation": false,
            "host_id": "",
            "host_resource_group_arn": null,
            "iam_instance_profile": "",
            "id": "i-0a2b72a4dfc6db912",
            "instance_initiated_shutdown_behavior": "stop",
            "instance_lifecycle": "",
            "instance_market_options": [],
            "instance_state": "running",
            "instance_type": "t2.micro",
            "ipv6_address_count": 0,
            "ipv6_addresses": [],
            "key_name": "capstone-key1",
            "launch_template": [],
            "maintenance_options": [
              {
                "auto_recovery": "default"
              }
            ],
            "metadata_options": [
              {
                "http_endpoint": "enabled",
                "http_protocol_ipv6": "disabled",
                "http_put_response_hop_limit": 1,
                "http_tokens": "optional",
                "instance_metadata_tags": "disabled"
              }
            ],
            "monitoring": false,
            "network_interface": [],
            "outpost_arn": "",
            "password_data": "",
            "placement_group": "",
            "placement_partition_number": 0,
            "primary_network_interface_id": "eni-000dfe0c7f2e6b988",
            "private_dns": "ip-172-31-17-54.us-west-1.compute.internal",
            "private_dns_name_options": [
              {
                "enable_resource_name_dns_a_record": false,
                "enable_resource_name_dns_aaaa_record": false,
                "hostname_type": "ip-name"
              }
            ],
            "private_ip": "172.31.17.54",
            "public_dns": "ec2-54-241-194-151.us-west-1.compute.amazonaws.com",
            "public_ip": "54.241.194.151",
            "root_block_device": [
              {
                "delete_on_termination": true,
                "device_name": "/dev/sda1",
                "encrypted": false,
                "iops": 100,
                "kms_key_id": "",
                "tags": {},
                "tags_all": {},
                "throughput": 0,
                "volume_id": "vol-05f2f428c783261c1",
                "volume_size": 8,
                "volume_type": "gp2"
              }
            ],
            "secondary_private_ips": [],
            "security_groups": [
              "flask-security-group"
            ],
            "source_dest_check": true,
            "spot_instance_request_id": "",
            "subnet_id": "subnet-0f3f7405f11a3d8c1",
            "tags": {
              "Name": "Flask-Server"
            },
            "tags_all": {
              "Name": "Flask-Server"
            },
            "tenancy": "default",
            "timeouts": null,
            "user_data": "5c718dcad0d88ed3fbed2933d1c460b503d7df00",
            "user_data_base64": null,
            "user_data_replace_on_change": false,
            "volume_tags": null,
            "vpc_security_group_ids": [
              "sg-0707bc8e6921cbd62"
            ]
          },
          "sensitive_attributes": [],
          "private": "eyJlMmJmYjczMC1lY2FhLTExZTYtOGY4OC0zNDM2M2JjN2M0YzAiOnsiY3JlYXRlIjo2MDAwMDAwMDAwMDAsImRlbGV0ZSI6MTIwMDAwMDAwMDAwMCwicmVhZCI6OTAwMDAwMDAwMDAwLCJ1cGRhdGUiOjYwMDAwMDAwMDAwMH0sInNjaGVtYV92ZXJzaW9uIjoiMSJ9",
          "dependencies": [
            "module.clickhouse_ec2_instance.aws_instance.clickhouse_server",
            "module.clickhouse_ec2_instance.aws_key_pair.generated_key",
            "module.clickhouse_ec2_instance.aws_security_group.clickhouse_sg",
            "module.clickhouse_ec2_instance.data.aws_ami.ubuntu",
            "module.clickhouse_ec2_instance.local_file.private_key",
            "module.clickhouse_ec2_instance.tls_private_key.ssh_key",
            "module.flask_ec2_instance.aws_key_pair.generated_key",
            "module.flask_ec2_instance.aws_security_group.flask_sg",
            "module.flask_ec2_instance.data.aws_ami.ubuntu",
            "module.flask_ec2_instance.tls_private_key.ssh_key"
          ]
        }
      ]
    },
    {
      "module": "module.flask_ec2_instance",
      "mode": "managed",
      "type": "aws_key_pair",
      "name": "generated_key",
      "provider": "provider[\"registry.terraform.io/hashicorp/aws\"]",
      "instances": [
        {
          "schema_version": 1,
          "attributes": {
            "arn": "arn:aws:ec2:us-west-1:767397811841:key-pair/capstone-key1",
            "fingerprint": "f7:eb:a5:51:0d:bb:c2:8b:4f:d2:08:3f:2f:50:2f:8e",
            "id": "capstone-key1",
            "key_name": "capstone-key1",
            "key_name_prefix": "",
            "key_pair_id": "key-028b5d4264bdcd0ec",
            "key_type": "rsa",
            "public_key": "ssh-rsa AAAAB3NzaC1yc2EAAAADAQABAAACAQDw0QiI1CgFD42tuePhS3cu48yqUh7X5nCrdme4wP0G2BwObyBoQ3nGkECdwyyS/uT82Txerdn6yAS+5P56W6j/S+P20q1Doy6u7bWBrcrjx//fuWyrx+wmsj1Cx+qLH8kdl2J7+mz2vzaIxN70qqh3MZ0V07IQ0HpkZv0jiJbbPkR0LflAZuyuM+HGmKT+OLeK/1oFU9StiBoaMK5AGXFsHIWuCCzqWKmTkhY8VBbViHixiwg2OFH0hpBAVjUPqoLWemcyVtU75nvEHiOPM6Una7UuUgbBEBaoQwz+e5KCJI3h6v4AOvtaVHQhvbea9vrqToMvFqykST7nIm9hNnjg3TACbWYfuGdN3plmV9iWbfQt+zD6veQz8Rl+u+sTt4XiQHl/8h2GM9qrBzJdc39sbcmehjfHHPf4C95yluayCnxkgeKHVRnquKPMkxts82X/t+IF74B7270py/bFUDa54Rb/T8yj+Qk9DtY7WF3Tw2cfHuqWqlQFHLFas2TYvADV7QfpAoTmez6ORdml7hIHFch9fQlgR69RO8NK+DiMUTMIEd0s1vPQLj1X+pibgR19YaOQkTb/+xBf9H+c1I3f5BYgK4aoCAXOmxMNGbQuKGnYB2Sxey1Y8+PpjxJZy3K+peEekW0QRbpjzYPtL0uWKH8rlWmwxUOU3CcEy3+Haw==",
            "tags": null,
            "tags_all": {}
          },
          "sensitive_attributes": [],
          "private": "eyJzY2hlbWFfdmVyc2lvbiI6IjEifQ==",
          "dependencies": [
            "module.clickhouse_ec2_instance.aws_instance.clickhouse_server",
            "module.clickhouse_ec2_instance.aws_key_pair.generated_key",
            "module.clickhouse_ec2_instance.aws_security_group.clickhouse_sg",
            "module.clickhouse_ec2_instance.data.aws_ami.ubuntu",
            "module.clickhouse_ec2_instance.local_file.private_key",
            "module.clickhouse_ec2_instance.tls_private_key.ssh_key",
            "module.flask_ec2_instance.tls_private_key.ssh_key"
          ]
        }
      ]
    },
    {
      "module": "module.flask_ec2_instance",
      "mode": "managed",
      "type": "aws_security_group",
      "name": "flask_sg",
      "provider": "provider[\"registry.terraform.io/hashicorp/aws\"]",
      "instances": [
        {
          "schema_version": 1,
          "attributes": {
            "arn": "arn:aws:ec2:us-west-1:767397811841:security-group/sg-0707bc8e6921cbd62",
            "description": "Security group for flask EC2 instance",
            "egress": [
              {
                "cidr_blocks": [
                  "0.0.0.0/0"
                ],
                "description": "",
                "from_port": 0,
                "ipv6_cidr_blocks": [],
                "prefix_list_ids": [],
                "protocol": "-1",
                "security_groups": [],
                "self": false,
                "to_port": 0
              }
            ],
            "id": "sg-0707bc8e6921cbd62",
            "ingress": [
              {
                "cidr_blocks": [
                  "0.0.0.0/0"
                ],
                "description": "",
                "from_port": 22,
                "ipv6_cidr_blocks": [],
                "prefix_list_ids": [],
                "protocol": "tcp",
                "security_groups": [],
                "self": false,
                "to_port": 22
              },
              {
                "cidr_blocks": [
                  "0.0.0.0/0"
                ],
                "description": "",
                "from_port": 5000,
                "ipv6_cidr_blocks": [],
                "prefix_list_ids": [],
                "protocol": "tcp",
                "security_groups": [],
                "self": false,
                "to_port": 5000
              },
              {
                "cidr_blocks": [
                  "0.0.0.0/0"
                ],
                "description": "",
                "from_port": 80,
                "ipv6_cidr_blocks": [],
                "prefix_list_ids": [],
                "protocol": "tcp",
                "security_groups": [],
                "self": false,
                "to_port": 80
              }
            ],
            "name": "flask-security-group",
            "name_prefix": "",
            "owner_id": "767397811841",
            "revoke_rules_on_delete": false,
            "tags": {
              "Name": "flask-security-group"
            },
            "tags_all": {
              "Name": "flask-security-group"
            },
            "timeouts": null,
            "vpc_id": "vpc-02d1221c4e557d6d4"
          },
          "sensitive_attributes": [],
          "private": "eyJlMmJmYjczMC1lY2FhLTExZTYtOGY4OC0zNDM2M2JjN2M0YzAiOnsiY3JlYXRlIjo2MDAwMDAwMDAwMDAsImRlbGV0ZSI6OTAwMDAwMDAwMDAwfSwic2NoZW1hX3ZlcnNpb24iOiIxIn0=",
          "dependencies": [
            "module.clickhouse_ec2_instance.aws_instance.clickhouse_server",
            "module.clickhouse_ec2_instance.aws_key_pair.generated_key",
            "module.clickhouse_ec2_instance.aws_security_group.clickhouse_sg",
            "module.clickhouse_ec2_instance.data.aws_ami.ubuntu",
            "module.clickhouse_ec2_instance.local_file.private_key",
            "module.clickhouse_ec2_instance.tls_private_key.ssh_key"
          ]
        }
      ]
    },
    {
      "module": "module.flask_ec2_instance",
      "mode": "managed",
      "type": "local_file",
      "name": "private_key",
      "provider": "provider[\"registry.terraform.io/hashicorp/local\"]",
      "instances": [
        {
          "schema_version": 0,
          "attributes": {
            "content": "-----BEGIN RSA PRIVATE KEY-----\nMIIJKAIBAAKCAgEA8NEIiNQoBQ+Nrbnj4Ut3LuPMqlIe1+Zwq3ZnuMD9BtgcDm8g\naEN5xpBAncMskv7k/Nk8Xq3Z+sgEvuT+eluo/0vj9tKtQ6Muru21ga3K48f/37ls\nq8fsJrI9Qsfqix/JHZdie/ps9r82iMTe9KqodzGdFdOyENB6ZGb9I4iW2z5EdC35\nQGbsrjPhxpik/ji3iv9aBVPUrYgaGjCuQBlxbByFrggs6lipk5IWPFQW1Yh4sYsI\nNjhR9IaQQFY1D6qC1npnMlbVO+Z7xB4jjzOlJ2u1LlIGwRAWqEMM/nuSgiSN4er+\nADr7WlR0Ib23mvb66k6DLxaspEk+5yJvYTZ44N0wAm1mH7hnTd6ZZlfYlm30Lfsw\n+r3kM/EZfrvrE7eF4kB5f/IdhjPaqwcyXXN/bG3JnoY3xxz3+Avecpbmsgp8ZIHi\nh1UZ6rijzJMbbPNl/7fiBe+Ae9u9Kcv2xVA2ueEW/0/Mo/kJPQ7WO1hd08NnHx7q\nlqpUBRyxWrNk2LwA1e0H6QKE5ns+jkXZpe4SBxXIfX0JYEevUTvDSvg4jFEzCBHd\nLNbz0C49V/qYm4EdfWGjkJE2//sQX/R/nNSN3+QWICuGqAgFzpsTDRm0Lihp2Adk\nsXstWPPj6Y8SWctyvqXhHpFtEEW6Y82D7S9Llih/K5VpsMVDlNwnBMt/h2sCAwEA\nAQKCAgEAsIyflCjuGh+4AAiLf82i2BacIrZH9IL2UU5iZnneRxlDIHXqLWZiredt\n5/uB/1auLI1bDBKq/4eKqyUZSD1Q3bIWtArqie7lt8uASU1PtMUY2z2G5T2R7SC5\ndu84Db1E5dPpmPkUz6WJ5qVmy7sd/Ry7jJgCMP+W62rx5Q4rgxrYdtCJruSGWoSg\n3sdkFxkfvuDMb6FxB7QDZvYPmeDNXbRfcSJ/Q2OzFwSAFsSTZQNDcO58G7wYoYvR\nz8kj55NbjsB4TdiJRfwI+tQZv8/eIdN+JjJuzzXrVnqp2RxhYdZIyrtMcoDLbAME\njQQYypyNgiADXw9hjKRCYJPHUl7sKIsIMc2qc7iFDEXPcK/cq/wDOW2s8sZMm21D\no5Qti99UJPn8vHwVllzHmG2WPzD2670Ilj3j2ASeBNWBbfW6ZahjAMOcRauWbmuw\njQXUQ/Iy8GlM4+jr6bXJThwyKuXnYEeMdYrGA4B0UZE6fZbTJrL1SWYrO7HvLJDB\nQv7zze5EDzqn/pdXWpPCf36nqfdxS5p1L27Tj7zmdneAkbJ5bv5i9H15O/D6VUjs\nhbh/NQPovaluB7Lvjh/k6usJzg9mNaWhW/Bk+5bMWiOWgjtFZaeq1P57hQbIH90w\nPw1vsUP44cwNK2H1NwjmAFkIbUJoIdG5eTA88/bYSvlrT+R121kCggEBAPUa+iBY\nLq3kGUJLHBoJTpa58aZLgnp6Z9gqRP3+Lzk45holsPjf1Q7aiw9aDqFzW8R3ypiF\n9PBc93clwBK+FISahyyq7fNtdRJCYnAas9drlu9+y2PG1CkKr2k7wIQGetW6H4UR\nlJwIOC+vauvNUfU6iq4Qk67GY9vrsffZ8HcfNxSgMjy2fGrBsC7h/Vp/0xRXniTp\n3Qfgo6iB+r0VDYtNTuuFZN1BX43Es6Vn4ml8B+VWlSoLKsuH8lyKLFppnBBlXj/g\njkxGJBrChH9wUIEa4zpUylzH8OpobD5QlzTucse6FTDm8jsVWiUc+xZeyWEOngYA\nqt3x0DOMR+jOiB0CggEBAPuFQQvSKy/bx/4Kfg5GkTtc7LgtsKOJKPY6DfC/5Xa3\n/kOnpNWgofkywcFjVI1rnwCU8Hf65uSQVpsdIppdRWLtI1isyMPlnptEJ3QNdrwG\nVJPIEUfRvtWV6iKJMe0m7SmMRyf4QzriOO9kM0p6AO2lu+X/XigN6ujGG6X0QsGP\nLmWeziwGyUWb0pHLrqe/Ti8ZQeoQyGPGwM9Vs/p7NEP/hyi7Om1xjYD9Csw0cHbR\nnIS3J5xOoryW2NPWbIMMgFV3pHO2niYemO9LuSitTefs21YWfw2+tR9gAXyEnx7X\nV3OTCQT2XWRsWb/4NxjsRBIuUHV6QMvcvLHSEDaQBycCggEAEB2O9pN1tj86He68\nUUXtYeGl7s4mLRFhRIg68wxEZJnGH0/9G8/zvT9HR2IfdiQUk41gx7h/C1LBfpb/\n0vumc7WJT7mJXakDuoic2kwXKQHM8cA/dTb8ehpWwC+Kj+OxLd5H9kLap4uuzgvV\nlt1wFxSbS6iRXTt0E2Ci2e39boeh4nxJ8U36Tjaf8+Ut+EZRRZQhNMIfo0X03L53\nEvmQY2lY2Al0QUvsEXEucqCq9U6PYlfYBOSpEqrEl6sKEYPCHB3eHYsRMBiohQ3n\nEk37LRHsgMhUaddHktH80/gOiQ9ogpNMk2OL57CWtbv7ElR3HyeL4k8m7OLaUplV\nnQv/TQKCAQAXbB5VknnRGB90qdd5TtsBczLcJ+0WHZTB8UARFl2xA4tbE4aHGlFb\nGn3um2hpTwdcj4IhOi08RbC6+yiYxWzLvJeZD2YW0BBIFz2xUfunoNNJe80YKhEi\nZLaMBsiuc/yL7PNHZpgkKKLysBsSqW/isZdg4LoM8tbYXHKArtF0ovfIINTERtGB\nePRP/W7DUk5elnSL7ooquHyGEk4TWlvQpUAZ6+2R+Ywa4fWadJuwhO6VcVTv+mav\nN0Dz4TjzrztYOi8HU49Ar4LAbgXNIu5pVaZLSwcD6amGRXN9+/+xaI5NRfkGDEdA\nLdLhzKSc3ousQcHeXscf9Othh9VYr2rrAoIBAFxcj1JN4cTyFBUYO4lJMsJtjn1c\nf5zKXtlK/KADsQJjV41HvthSdyMrPmMc4Z5XhsjmxJo6xCrLF5mkqwgV4Y+jkR6Q\nhjZ9yPjHYnfDtj8QZ2JQUdqnLLIbrq5cV7Yh87JT9bvLSd6lP/t8go4fWp1dqMrv\nJ8F07zT+qhL1IXouFMzMK1rXhpHohWDHyI1XK5dSle3Ppi1+pNz6VLHz1fBK3W57\nU3HD8zKeXM3YEAuMoDxQbrvpd/N+h+cbOq3IZ1ZJkCA2cSGAhsvCI4gmFUkvCECT\nO2hZTyUVDbyoyifbMZjOgSw5uwGB/XG3N40BRrWpvCpATfMlutFUw4ioug4=\n-----END RSA PRIVATE KEY-----\n",
            "content_base64": null,
            "content_base64sha256": "ZCqf4wV1UVKvJjjTf6gEL5mmrKK1DsObX3mcQwNCKrI=",
            "content_base64sha512": "iBytxWeha1mJwRXNoktaneN5ddFIcAzuftht9nR/mcbJ/qGXkyYbuuoxdeCqU0p7KRjrM2/DEi874mae/oUzeA==",
            "content_md5": "52a46214e2b36a7643138a9c13c5a12a",
            "content_sha1": "26f15050c29af87098339bd018d4f09134948b46",
            "content_sha256": "642a9fe305755152af2638d37fa8042f99a6aca2b50ec39b5f799c4303422ab2",
            "content_sha512": "881cadc567a16b5989c115cda24b5a9de37975d148700cee7ed86df6747f99c6c9fea19793261bbaea3175e0aa534a7b2918eb336fc3122f3be2669efe853378",
            "directory_permission": "0777",
            "file_permission": "0400",
            "filename": "modules/flask_ec2_instance/capstone-key.pem",
            "id": "26f15050c29af87098339bd018d4f09134948b46",
            "sensitive_content": null,
            "source": null
          },
          "sensitive_attributes": [
            [
              {
                "type": "get_attr",
                "value": "sensitive_content"
              }
            ],
            [
              {
                "type": "get_attr",
                "value": "content"
              }
            ]
          ],
          "dependencies": [
            "module.clickhouse_ec2_instance.aws_instance.clickhouse_server",
            "module.clickhouse_ec2_instance.aws_key_pair.generated_key",
            "module.clickhouse_ec2_instance.aws_security_group.clickhouse_sg",
            "module.clickhouse_ec2_instance.data.aws_ami.ubuntu",
            "module.clickhouse_ec2_instance.local_file.private_key",
            "module.clickhouse_ec2_instance.tls_private_key.ssh_key",
            "module.flask_ec2_instance.tls_private_key.ssh_key"
          ]
        }
      ]
    },
    {
      "module": "module.flask_ec2_instance",
      "mode": "managed",
      "type": "tls_private_key",
      "name": "ssh_key",
      "provider": "provider[\"registry.terraform.io/hashicorp/tls\"]",
      "instances": [
        {
          "schema_version": 1,
          "attributes": {
            "algorithm": "RSA",
            "ecdsa_curve": "P224",
            "id": "ef1aa639d73dc72412b1d4e2e3556ee383a0ef2a",
            "private_key_openssh": "-----BEGIN OPENSSH PRIVATE KEY-----\nb3BlbnNzaC1rZXktdjEAAAAABG5vbmUAAAAEbm9uZQAAAAAAAAABAAACFwAAAAdz\nc2gtcnNhAAAAAwEAAQAAAgEA8NEIiNQoBQ+Nrbnj4Ut3LuPMqlIe1+Zwq3ZnuMD9\nBtgcDm8gaEN5xpBAncMskv7k/Nk8Xq3Z+sgEvuT+eluo/0vj9tKtQ6Muru21ga3K\n48f/37lsq8fsJrI9Qsfqix/JHZdie/ps9r82iMTe9KqodzGdFdOyENB6ZGb9I4iW\n2z5EdC35QGbsrjPhxpik/ji3iv9aBVPUrYgaGjCuQBlxbByFrggs6lipk5IWPFQW\n1Yh4sYsINjhR9IaQQFY1D6qC1npnMlbVO+Z7xB4jjzOlJ2u1LlIGwRAWqEMM/nuS\ngiSN4er+ADr7WlR0Ib23mvb66k6DLxaspEk+5yJvYTZ44N0wAm1mH7hnTd6ZZlfY\nlm30Lfsw+r3kM/EZfrvrE7eF4kB5f/IdhjPaqwcyXXN/bG3JnoY3xxz3+Avecpbm\nsgp8ZIHih1UZ6rijzJMbbPNl/7fiBe+Ae9u9Kcv2xVA2ueEW/0/Mo/kJPQ7WO1hd\n08NnHx7qlqpUBRyxWrNk2LwA1e0H6QKE5ns+jkXZpe4SBxXIfX0JYEevUTvDSvg4\njFEzCBHdLNbz0C49V/qYm4EdfWGjkJE2//sQX/R/nNSN3+QWICuGqAgFzpsTDRm0\nLihp2AdksXstWPPj6Y8SWctyvqXhHpFtEEW6Y82D7S9Llih/K5VpsMVDlNwnBMt/\nh2sAAAc4itIfD4rSHw8AAAAHc3NoLXJzYQAAAgEA8NEIiNQoBQ+Nrbnj4Ut3LuPM\nqlIe1+Zwq3ZnuMD9BtgcDm8gaEN5xpBAncMskv7k/Nk8Xq3Z+sgEvuT+eluo/0vj\n9tKtQ6Muru21ga3K48f/37lsq8fsJrI9Qsfqix/JHZdie/ps9r82iMTe9KqodzGd\nFdOyENB6ZGb9I4iW2z5EdC35QGbsrjPhxpik/ji3iv9aBVPUrYgaGjCuQBlxbByF\nrggs6lipk5IWPFQW1Yh4sYsINjhR9IaQQFY1D6qC1npnMlbVO+Z7xB4jjzOlJ2u1\nLlIGwRAWqEMM/nuSgiSN4er+ADr7WlR0Ib23mvb66k6DLxaspEk+5yJvYTZ44N0w\nAm1mH7hnTd6ZZlfYlm30Lfsw+r3kM/EZfrvrE7eF4kB5f/IdhjPaqwcyXXN/bG3J\nnoY3xxz3+Avecpbmsgp8ZIHih1UZ6rijzJMbbPNl/7fiBe+Ae9u9Kcv2xVA2ueEW\n/0/Mo/kJPQ7WO1hd08NnHx7qlqpUBRyxWrNk2LwA1e0H6QKE5ns+jkXZpe4SBxXI\nfX0JYEevUTvDSvg4jFEzCBHdLNbz0C49V/qYm4EdfWGjkJE2//sQX/R/nNSN3+QW\nICuGqAgFzpsTDRm0Lihp2AdksXstWPPj6Y8SWctyvqXhHpFtEEW6Y82D7S9Llih/\nK5VpsMVDlNwnBMt/h2sAAAADAQABAAACAQCwjJ+UKO4aH7gACIt/zaLYFpwitkf0\ngvZRTmJmed5HGUMgdeotZmKt523n+4H/Vq4sjVsMEqr/h4qrJRlIPVDdsha0CuqJ\n7uW3y4BJTU+0xRjbPYblPZHtILl27zgNvUTl0+mY+RTPpYnmpWbLux39HLuMmAIw\n/5bravHlDiuDGth20Imu5IZahKDex2QXGR++4MxvoXEHtANm9g+Z4M1dtF9xIn9D\nY7MXBIAWxJNlA0Nw7nwbvBihi9HPySPnk1uOwHhN2IlF/Aj61Bm/z94h034mMm7P\nNetWeqnZHGFh1kjKu0xygMtsAwSNBBjKnI2CIANfD2GMpEJgk8dSXuwoiwgxzapz\nuIUMRc9wr9yr/AM5bazyxkybbUOjlC2L31Qk+fy8fBWWXMeYbZY/MPbrvQiWPePY\nBJ4E1YFt9bplqGMAw5xFq5Zua7CNBdRD8jLwaUzj6OvptclOHDIq5edgR4x1isYD\ngHRRkTp9ltMmsvVJZis7se8skMFC/vPN7kQPOqf+l1dak8J/fqep93FLmnUvbtOP\nvOZ2d4CRsnlu/mL0fXk78PpVSOyFuH81A+i9qW4Hsu+OH+Tq6wnOD2Y1paFb8GT7\nlsxaI5aCO0Vlp6rU/nuFBsgf3TA/DW+xQ/jhzA0rYfU3COYAWQhtQmgh0bl5MDzz\n9thK+WtP5HXbWQAAAQBcXI9STeHE8hQVGDuJSTLCbY59XH+cyl7ZSvygA7ECY1eN\nR77YUncjKz5jHOGeV4bI5sSaOsQqyxeZpKsIFeGPo5EekIY2fcj4x2J3w7Y/EGdi\nUFHapyyyG66uXFe2IfOyU/W7y0nepT/7fIKOH1qdXajK7yfBdO80/qoS9SF6LhTM\nzCta14aR6IVgx8iNVyuXUpXtz6YtfqTc+lSx89XwSt1ue1Nxw/MynlzN2BALjKA8\nUG676XfzfofnGzqtyGdWSZAgNnEhgIbLwiOIJhVJLwhAkztoWU8lFQ28qMon2zGY\nzoEsObsBgf1xtzeNAUa1qbwqQE3zJbrRVMOIqLoOAAABAQD1GvogWC6t5BlCSxwa\nCU6WufGmS4J6emfYKkT9/i85OOYaJbD439UO2osPWg6hc1vEd8qYhfTwXPd3JcAS\nvhSEmocsqu3zbXUSQmJwGrPXa5bvfstjxtQpCq9pO8CEBnrVuh+FEZScCDgvr2rr\nzVH1OoquEJOuxmPb67H32fB3HzcUoDI8tnxqwbAu4f1af9MUV54k6d0H4KOogfq9\nFQ2LTU7rhWTdQV+NxLOlZ+JpfAflVpUqCyrLh/JciixaaZwQZV4/4I5MRiQawoR/\ncFCBGuM6VMpcx/DqaGw+UJc07nLHuhUw5vI7FVolHPsWXslhDp4GAKrd8dAzjEfo\nzogdAAABAQD7hUEL0isv28f+Cn4ORpE7XOy4LbCjiSj2Og3wv+V2t/5Dp6TVoKH5\nMsHBY1SNa58AlPB3+ubkkFabHSKaXUVi7SNYrMjD5Z6bRCd0DXa8BlSTyBFH0b7V\nleoiiTHtJu0pjEcn+EM64jjvZDNKegDtpbvl/14oDeroxhul9ELBjy5lns4sBslF\nm9KRy66nv04vGUHqEMhjxsDPVbP6ezRD/4couzptcY2A/QrMNHB20ZyEtyecTqK8\nltjT1myDDIBVd6Rztp4mHpjvS7korU3n7NtWFn8NvrUfYAF8hJ8e11dzkwkE9l1k\nbFm/+DcY7EQSLlB1ekDL3Lyx0hA2kAcnAAAAAAEC\n-----END OPENSSH PRIVATE KEY-----\n",
            "private_key_pem": "-----BEGIN RSA PRIVATE KEY-----\nMIIJKAIBAAKCAgEA8NEIiNQoBQ+Nrbnj4Ut3LuPMqlIe1+Zwq3ZnuMD9BtgcDm8g\naEN5xpBAncMskv7k/Nk8Xq3Z+sgEvuT+eluo/0vj9tKtQ6Muru21ga3K48f/37ls\nq8fsJrI9Qsfqix/JHZdie/ps9r82iMTe9KqodzGdFdOyENB6ZGb9I4iW2z5EdC35\nQGbsrjPhxpik/ji3iv9aBVPUrYgaGjCuQBlxbByFrggs6lipk5IWPFQW1Yh4sYsI\nNjhR9IaQQFY1D6qC1npnMlbVO+Z7xB4jjzOlJ2u1LlIGwRAWqEMM/nuSgiSN4er+\nADr7WlR0Ib23mvb66k6DLxaspEk+5yJvYTZ44N0wAm1mH7hnTd6ZZlfYlm30Lfsw\n+r3kM/EZfrvrE7eF4kB5f/IdhjPaqwcyXXN/bG3JnoY3xxz3+Avecpbmsgp8ZIHi\nh1UZ6rijzJMbbPNl/7fiBe+Ae9u9Kcv2xVA2ueEW/0/Mo/kJPQ7WO1hd08NnHx7q\nlqpUBRyxWrNk2LwA1e0H6QKE5ns+jkXZpe4SBxXIfX0JYEevUTvDSvg4jFEzCBHd\nLNbz0C49V/qYm4EdfWGjkJE2//sQX/R/nNSN3+QWICuGqAgFzpsTDRm0Lihp2Adk\nsXstWPPj6Y8SWctyvqXhHpFtEEW6Y82D7S9Llih/K5VpsMVDlNwnBMt/h2sCAwEA\nAQKCAgEAsIyflCjuGh+4AAiLf82i2BacIrZH9IL2UU5iZnneRxlDIHXqLWZiredt\n5/uB/1auLI1bDBKq/4eKqyUZSD1Q3bIWtArqie7lt8uASU1PtMUY2z2G5T2R7SC5\ndu84Db1E5dPpmPkUz6WJ5qVmy7sd/Ry7jJgCMP+W62rx5Q4rgxrYdtCJruSGWoSg\n3sdkFxkfvuDMb6FxB7QDZvYPmeDNXbRfcSJ/Q2OzFwSAFsSTZQNDcO58G7wYoYvR\nz8kj55NbjsB4TdiJRfwI+tQZv8/eIdN+JjJuzzXrVnqp2RxhYdZIyrtMcoDLbAME\njQQYypyNgiADXw9hjKRCYJPHUl7sKIsIMc2qc7iFDEXPcK/cq/wDOW2s8sZMm21D\no5Qti99UJPn8vHwVllzHmG2WPzD2670Ilj3j2ASeBNWBbfW6ZahjAMOcRauWbmuw\njQXUQ/Iy8GlM4+jr6bXJThwyKuXnYEeMdYrGA4B0UZE6fZbTJrL1SWYrO7HvLJDB\nQv7zze5EDzqn/pdXWpPCf36nqfdxS5p1L27Tj7zmdneAkbJ5bv5i9H15O/D6VUjs\nhbh/NQPovaluB7Lvjh/k6usJzg9mNaWhW/Bk+5bMWiOWgjtFZaeq1P57hQbIH90w\nPw1vsUP44cwNK2H1NwjmAFkIbUJoIdG5eTA88/bYSvlrT+R121kCggEBAPUa+iBY\nLq3kGUJLHBoJTpa58aZLgnp6Z9gqRP3+Lzk45holsPjf1Q7aiw9aDqFzW8R3ypiF\n9PBc93clwBK+FISahyyq7fNtdRJCYnAas9drlu9+y2PG1CkKr2k7wIQGetW6H4UR\nlJwIOC+vauvNUfU6iq4Qk67GY9vrsffZ8HcfNxSgMjy2fGrBsC7h/Vp/0xRXniTp\n3Qfgo6iB+r0VDYtNTuuFZN1BX43Es6Vn4ml8B+VWlSoLKsuH8lyKLFppnBBlXj/g\njkxGJBrChH9wUIEa4zpUylzH8OpobD5QlzTucse6FTDm8jsVWiUc+xZeyWEOngYA\nqt3x0DOMR+jOiB0CggEBAPuFQQvSKy/bx/4Kfg5GkTtc7LgtsKOJKPY6DfC/5Xa3\n/kOnpNWgofkywcFjVI1rnwCU8Hf65uSQVpsdIppdRWLtI1isyMPlnptEJ3QNdrwG\nVJPIEUfRvtWV6iKJMe0m7SmMRyf4QzriOO9kM0p6AO2lu+X/XigN6ujGG6X0QsGP\nLmWeziwGyUWb0pHLrqe/Ti8ZQeoQyGPGwM9Vs/p7NEP/hyi7Om1xjYD9Csw0cHbR\nnIS3J5xOoryW2NPWbIMMgFV3pHO2niYemO9LuSitTefs21YWfw2+tR9gAXyEnx7X\nV3OTCQT2XWRsWb/4NxjsRBIuUHV6QMvcvLHSEDaQBycCggEAEB2O9pN1tj86He68\nUUXtYeGl7s4mLRFhRIg68wxEZJnGH0/9G8/zvT9HR2IfdiQUk41gx7h/C1LBfpb/\n0vumc7WJT7mJXakDuoic2kwXKQHM8cA/dTb8ehpWwC+Kj+OxLd5H9kLap4uuzgvV\nlt1wFxSbS6iRXTt0E2Ci2e39boeh4nxJ8U36Tjaf8+Ut+EZRRZQhNMIfo0X03L53\nEvmQY2lY2Al0QUvsEXEucqCq9U6PYlfYBOSpEqrEl6sKEYPCHB3eHYsRMBiohQ3n\nEk37LRHsgMhUaddHktH80/gOiQ9ogpNMk2OL57CWtbv7ElR3HyeL4k8m7OLaUplV\nnQv/TQKCAQAXbB5VknnRGB90qdd5TtsBczLcJ+0WHZTB8UARFl2xA4tbE4aHGlFb\nGn3um2hpTwdcj4IhOi08RbC6+yiYxWzLvJeZD2YW0BBIFz2xUfunoNNJe80YKhEi\nZLaMBsiuc/yL7PNHZpgkKKLysBsSqW/isZdg4LoM8tbYXHKArtF0ovfIINTERtGB\nePRP/W7DUk5elnSL7ooquHyGEk4TWlvQpUAZ6+2R+Ywa4fWadJuwhO6VcVTv+mav\nN0Dz4TjzrztYOi8HU49Ar4LAbgXNIu5pVaZLSwcD6amGRXN9+/+xaI5NRfkGDEdA\nLdLhzKSc3ousQcHeXscf9Othh9VYr2rrAoIBAFxcj1JN4cTyFBUYO4lJMsJtjn1c\nf5zKXtlK/KADsQJjV41HvthSdyMrPmMc4Z5XhsjmxJo6xCrLF5mkqwgV4Y+jkR6Q\nhjZ9yPjHYnfDtj8QZ2JQUdqnLLIbrq5cV7Yh87JT9bvLSd6lP/t8go4fWp1dqMrv\nJ8F07zT+qhL1IXouFMzMK1rXhpHohWDHyI1XK5dSle3Ppi1+pNz6VLHz1fBK3W57\nU3HD8zKeXM3YEAuMoDxQbrvpd/N+h+cbOq3IZ1ZJkCA2cSGAhsvCI4gmFUkvCECT\nO2hZTyUVDbyoyifbMZjOgSw5uwGB/XG3N40BRrWpvCpATfMlutFUw4ioug4=\n-----END RSA PRIVATE KEY-----\n",
            "private_key_pem_pkcs8": "-----BEGIN PRIVATE KEY-----\nMIIJQgIBADANBgkqhkiG9w0BAQEFAASCCSwwggkoAgEAAoICAQDw0QiI1CgFD42t\nuePhS3cu48yqUh7X5nCrdme4wP0G2BwObyBoQ3nGkECdwyyS/uT82Txerdn6yAS+\n5P56W6j/S+P20q1Doy6u7bWBrcrjx//fuWyrx+wmsj1Cx+qLH8kdl2J7+mz2vzaI\nxN70qqh3MZ0V07IQ0HpkZv0jiJbbPkR0LflAZuyuM+HGmKT+OLeK/1oFU9StiBoa\nMK5AGXFsHIWuCCzqWKmTkhY8VBbViHixiwg2OFH0hpBAVjUPqoLWemcyVtU75nvE\nHiOPM6Una7UuUgbBEBaoQwz+e5KCJI3h6v4AOvtaVHQhvbea9vrqToMvFqykST7n\nIm9hNnjg3TACbWYfuGdN3plmV9iWbfQt+zD6veQz8Rl+u+sTt4XiQHl/8h2GM9qr\nBzJdc39sbcmehjfHHPf4C95yluayCnxkgeKHVRnquKPMkxts82X/t+IF74B7270p\ny/bFUDa54Rb/T8yj+Qk9DtY7WF3Tw2cfHuqWqlQFHLFas2TYvADV7QfpAoTmez6O\nRdml7hIHFch9fQlgR69RO8NK+DiMUTMIEd0s1vPQLj1X+pibgR19YaOQkTb/+xBf\n9H+c1I3f5BYgK4aoCAXOmxMNGbQuKGnYB2Sxey1Y8+PpjxJZy3K+peEekW0QRbpj\nzYPtL0uWKH8rlWmwxUOU3CcEy3+HawIDAQABAoICAQCwjJ+UKO4aH7gACIt/zaLY\nFpwitkf0gvZRTmJmed5HGUMgdeotZmKt523n+4H/Vq4sjVsMEqr/h4qrJRlIPVDd\nsha0CuqJ7uW3y4BJTU+0xRjbPYblPZHtILl27zgNvUTl0+mY+RTPpYnmpWbLux39\nHLuMmAIw/5bravHlDiuDGth20Imu5IZahKDex2QXGR++4MxvoXEHtANm9g+Z4M1d\ntF9xIn9DY7MXBIAWxJNlA0Nw7nwbvBihi9HPySPnk1uOwHhN2IlF/Aj61Bm/z94h\n034mMm7PNetWeqnZHGFh1kjKu0xygMtsAwSNBBjKnI2CIANfD2GMpEJgk8dSXuwo\niwgxzapzuIUMRc9wr9yr/AM5bazyxkybbUOjlC2L31Qk+fy8fBWWXMeYbZY/MPbr\nvQiWPePYBJ4E1YFt9bplqGMAw5xFq5Zua7CNBdRD8jLwaUzj6OvptclOHDIq5edg\nR4x1isYDgHRRkTp9ltMmsvVJZis7se8skMFC/vPN7kQPOqf+l1dak8J/fqep93FL\nmnUvbtOPvOZ2d4CRsnlu/mL0fXk78PpVSOyFuH81A+i9qW4Hsu+OH+Tq6wnOD2Y1\npaFb8GT7lsxaI5aCO0Vlp6rU/nuFBsgf3TA/DW+xQ/jhzA0rYfU3COYAWQhtQmgh\n0bl5MDzz9thK+WtP5HXbWQKCAQEA9Rr6IFgureQZQkscGglOlrnxpkuCenpn2CpE\n/f4vOTjmGiWw+N/VDtqLD1oOoXNbxHfKmIX08Fz3dyXAEr4UhJqHLKrt8211EkJi\ncBqz12uW737LY8bUKQqvaTvAhAZ61bofhRGUnAg4L69q681R9TqKrhCTrsZj2+ux\n99nwdx83FKAyPLZ8asGwLuH9Wn/TFFeeJOndB+CjqIH6vRUNi01O64Vk3UFfjcSz\npWfiaXwH5VaVKgsqy4fyXIosWmmcEGVeP+COTEYkGsKEf3BQgRrjOlTKXMfw6mhs\nPlCXNO5yx7oVMObyOxVaJRz7Fl7JYQ6eBgCq3fHQM4xH6M6IHQKCAQEA+4VBC9Ir\nL9vH/gp+DkaRO1zsuC2wo4ko9joN8L/ldrf+Q6ek1aCh+TLBwWNUjWufAJTwd/rm\n5JBWmx0iml1FYu0jWKzIw+Wem0QndA12vAZUk8gRR9G+1ZXqIokx7SbtKYxHJ/hD\nOuI472QzSnoA7aW75f9eKA3q6MYbpfRCwY8uZZ7OLAbJRZvSkcuup79OLxlB6hDI\nY8bAz1Wz+ns0Q/+HKLs6bXGNgP0KzDRwdtGchLcnnE6ivJbY09ZsgwyAVXekc7ae\nJh6Y70u5KK1N5+zbVhZ/Db61H2ABfISfHtdXc5MJBPZdZGxZv/g3GOxEEi5QdXpA\ny9y8sdIQNpAHJwKCAQAQHY72k3W2Pzod7rxRRe1h4aXuziYtEWFEiDrzDERkmcYf\nT/0bz/O9P0dHYh92JBSTjWDHuH8LUsF+lv/S+6ZztYlPuYldqQO6iJzaTBcpAczx\nwD91Nvx6GlbAL4qP47Et3kf2Qtqni67OC9WW3XAXFJtLqJFdO3QTYKLZ7f1uh6Hi\nfEnxTfpONp/z5S34RlFFlCE0wh+jRfTcvncS+ZBjaVjYCXRBS+wRcS5yoKr1To9i\nV9gE5KkSqsSXqwoRg8IcHd4dixEwGKiFDecSTfstEeyAyFRp10eS0fzT+A6JD2iC\nk0yTY4vnsJa1u/sSVHcfJ4viTybs4tpSmVWdC/9NAoIBABdsHlWSedEYH3Sp13lO\n2wFzMtwn7RYdlMHxQBEWXbEDi1sThocaUVsafe6baGlPB1yPgiE6LTxFsLr7KJjF\nbMu8l5kPZhbQEEgXPbFR+6eg00l7zRgqESJktowGyK5z/Ivs80dmmCQoovKwGxKp\nb+Kxl2Dgugzy1thccoCu0XSi98gg1MRG0YF49E/9bsNSTl6WdIvuiiq4fIYSThNa\nW9ClQBnr7ZH5jBrh9Zp0m7CE7pVxVO/6Zq83QPPhOPOvO1g6LwdTj0CvgsBuBc0i\n7mlVpktLBwPpqYZFc337/7Fojk1F+QYMR0At0uHMpJzei6xBwd5exx/062GH1Viv\nausCggEAXFyPUk3hxPIUFRg7iUkywm2OfVx/nMpe2Ur8oAOxAmNXjUe+2FJ3Iys+\nYxzhnleGyObEmjrEKssXmaSrCBXhj6ORHpCGNn3I+Mdid8O2PxBnYlBR2qcsshuu\nrlxXtiHzslP1u8tJ3qU/+3yCjh9anV2oyu8nwXTvNP6qEvUhei4UzMwrWteGkeiF\nYMfIjVcrl1KV7c+mLX6k3PpUsfPV8ErdbntTccPzMp5czdgQC4ygPFBuu+l3836H\n5xs6rchnVkmQIDZxIYCGy8IjiCYVSS8IQJM7aFlPJRUNvKjKJ9sxmM6BLDm7AYH9\ncbc3jQFGtam8KkBN8yW60VTDiKi6Dg==\n-----END PRIVATE KEY-----\n",
            "public_key_fingerprint_md5": "8a:22:56:bb:6c:2e:72:6b:39:4d:86:88:0a:0a:6a:b2",
            "public_key_fingerprint_sha256": "SHA256:4GLSKtQvkzdHoMLgyp8YmzVh7VW1r4n+yDmLxa/eWu4",
            "public_key_openssh": "ssh-rsa AAAAB3NzaC1yc2EAAAADAQABAAACAQDw0QiI1CgFD42tuePhS3cu48yqUh7X5nCrdme4wP0G2BwObyBoQ3nGkECdwyyS/uT82Txerdn6yAS+5P56W6j/S+P20q1Doy6u7bWBrcrjx//fuWyrx+wmsj1Cx+qLH8kdl2J7+mz2vzaIxN70qqh3MZ0V07IQ0HpkZv0jiJbbPkR0LflAZuyuM+HGmKT+OLeK/1oFU9StiBoaMK5AGXFsHIWuCCzqWKmTkhY8VBbViHixiwg2OFH0hpBAVjUPqoLWemcyVtU75nvEHiOPM6Una7UuUgbBEBaoQwz+e5KCJI3h6v4AOvtaVHQhvbea9vrqToMvFqykST7nIm9hNnjg3TACbWYfuGdN3plmV9iWbfQt+zD6veQz8Rl+u+sTt4XiQHl/8h2GM9qrBzJdc39sbcmehjfHHPf4C95yluayCnxkgeKHVRnquKPMkxts82X/t+IF74B7270py/bFUDa54Rb/T8yj+Qk9DtY7WF3Tw2cfHuqWqlQFHLFas2TYvADV7QfpAoTmez6ORdml7hIHFch9fQlgR69RO8NK+DiMUTMIEd0s1vPQLj1X+pibgR19YaOQkTb/+xBf9H+c1I3f5BYgK4aoCAXOmxMNGbQuKGnYB2Sxey1Y8+PpjxJZy3K+peEekW0QRbpjzYPtL0uWKH8rlWmwxUOU3CcEy3+Haw==\n",
            "public_key_pem": "-----BEGIN PUBLIC KEY-----\nMIICIjANBgkqhkiG9w0BAQEFAAOCAg8AMIICCgKCAgEA8NEIiNQoBQ+Nrbnj4Ut3\nLuPMqlIe1+Zwq3ZnuMD9BtgcDm8gaEN5xpBAncMskv7k/Nk8Xq3Z+sgEvuT+eluo\n/0vj9tKtQ6Muru21ga3K48f/37lsq8fsJrI9Qsfqix/JHZdie/ps9r82iMTe9Kqo\ndzGdFdOyENB6ZGb9I4iW2z5EdC35QGbsrjPhxpik/ji3iv9aBVPUrYgaGjCuQBlx\nbByFrggs6lipk5IWPFQW1Yh4sYsINjhR9IaQQFY1D6qC1npnMlbVO+Z7xB4jjzOl\nJ2u1LlIGwRAWqEMM/nuSgiSN4er+ADr7WlR0Ib23mvb66k6DLxaspEk+5yJvYTZ4\n4N0wAm1mH7hnTd6ZZlfYlm30Lfsw+r3kM/EZfrvrE7eF4kB5f/IdhjPaqwcyXXN/\nbG3JnoY3xxz3+Avecpbmsgp8ZIHih1UZ6rijzJMbbPNl/7fiBe+Ae9u9Kcv2xVA2\nueEW/0/Mo/kJPQ7WO1hd08NnHx7qlqpUBRyxWrNk2LwA1e0H6QKE5ns+jkXZpe4S\nBxXIfX0JYEevUTvDSvg4jFEzCBHdLNbz0C49V/qYm4EdfWGjkJE2//sQX/R/nNSN\n3+QWICuGqAgFzpsTDRm0Lihp2AdksXstWPPj6Y8SWctyvqXhHpFtEEW6Y82D7S9L\nlih/K5VpsMVDlNwnBMt/h2sCAwEAAQ==\n-----END PUBLIC KEY-----\n",
            "rsa_bits": 4096
          },
          "sensitive_attributes": [
            [
              {
                "type": "get_attr",
                "value": "private_key_pem"
              }
            ],
            [
              {
                "type": "get_attr",
                "value": "private_key_pem_pkcs8"
              }
            ],
            [
              {
                "type": "get_attr",
                "value": "private_key_openssh"
              }
            ]
          ],
          "dependencies": [
            "module.clickhouse_ec2_instance.aws_instance.clickhouse_server",
            "module.clickhouse_ec2_instance.aws_key_pair.generated_key",
            "module.clickhouse_ec2_instance.aws_security_group.clickhouse_sg",
            "module.clickhouse_ec2_instance.data.aws_ami.ubuntu",
            "module.clickhouse_ec2_instance.local_file.private_key",
            "module.clickhouse_ec2_instance.tls_private_key.ssh_key"
          ]
        }
      ]
    },
    {
      "module": "module.lambda_function",
      "mode": "managed",
      "type": "aws_iam_policy",
      "name": "lambda_layer_policy",
      "provider": "module.lambda_function.provider[\"registry.terraform.io/hashicorp/aws\"]",
      "instances": [
        {
          "schema_version": 0,
          "attributes": {
            "arn": "arn:aws:iam::767397811841:policy/lambda_layer_policy",
            "attachment_count": 1,
            "description": "IAM policy for Lambda layer creation",
            "id": "arn:aws:iam::767397811841:policy/lambda_layer_policy",
            "name": "lambda_layer_policy",
            "name_prefix": "",
            "path": "/",
            "policy": "{\"Statement\":[{\"Action\":[\"lambda:PublishLayerVersion\",\"lambda:GetLayerVersion\",\"lambda:DeleteLayerVersion\"],\"Effect\":\"Allow\",\"Resource\":\"arn:aws:lambda:us-west-1:659377685669:layer:*\"}],\"Version\":\"2012-10-17\"}",
            "policy_id": "ANPA3FLDZK2ATNZD5YHFH",
            "tags": {},
            "tags_all": {}
          },
          "sensitive_attributes": [],
          "private": "bnVsbA=="
        }
      ]
    },
    {
      "module": "module.lambda_function",
      "mode": "managed",
      "type": "aws_iam_role",
      "name": "lambda_role",
      "provider": "module.lambda_function.provider[\"registry.terraform.io/hashicorp/aws\"]",
      "instances": [
        {
          "schema_version": 0,
          "attributes": {
            "arn": "arn:aws:iam::767397811841:role/lambda_execution_role",
            "assume_role_policy": "{\"Statement\":[{\"Action\":\"sts:AssumeRole\",\"Effect\":\"Allow\",\"Principal\":{\"Service\":\"lambda.amazonaws.com\"}}],\"Version\":\"2012-10-17\"}",
            "create_date": "2024-07-17T19:25:15Z",
            "description": "",
            "force_detach_policies": false,
            "id": "lambda_execution_role",
            "inline_policy": [],
            "managed_policy_arns": [
              "arn:aws:iam::767397811841:policy/lambda_layer_policy",
              "arn:aws:iam::aws:policy/AmazonDynamoDBFullAccess",
              "arn:aws:iam::aws:policy/service-role/AWSLambdaBasicExecutionRole",
              "arn:aws:iam::aws:policy/service-role/AWSLambdaKinesisExecutionRole"
            ],
            "max_session_duration": 3600,
            "name": "lambda_execution_role",
            "name_prefix": "",
            "path": "/",
            "permissions_boundary": "",
            "tags": {},
            "tags_all": {},
            "unique_id": "AROA3FLDZK2A7RM2GJMCG"
          },
          "sensitive_attributes": [],
          "private": "bnVsbA=="
        }
      ]
    },
    {
      "module": "module.lambda_function",
      "mode": "managed",
      "type": "aws_iam_role_policy_attachment",
      "name": "dynamodb_policy",
      "provider": "module.lambda_function.provider[\"registry.terraform.io/hashicorp/aws\"]",
      "instances": [
        {
          "schema_version": 0,
          "attributes": {
            "id": "lambda_execution_role-20240717192515759700000001",
            "policy_arn": "arn:aws:iam::aws:policy/AmazonDynamoDBFullAccess",
            "role": "lambda_execution_role"
          },
          "sensitive_attributes": [],
          "private": "bnVsbA==",
          "dependencies": [
            "module.lambda_function.aws_iam_role.lambda_role"
          ]
        }
      ]
    },
    {
      "module": "module.lambda_function",
      "mode": "managed",
      "type": "aws_iam_role_policy_attachment",
      "name": "kinesis_policy",
      "provider": "module.lambda_function.provider[\"registry.terraform.io/hashicorp/aws\"]",
      "instances": [
        {
          "schema_version": 0,
          "attributes": {
            "id": "lambda_execution_role-20240717192515772000000002",
            "policy_arn": "arn:aws:iam::aws:policy/service-role/AWSLambdaKinesisExecutionRole",
            "role": "lambda_execution_role"
          },
          "sensitive_attributes": [],
          "private": "bnVsbA==",
          "dependencies": [
            "module.lambda_function.aws_iam_role.lambda_role"
          ]
        }
      ]
    },
    {
      "module": "module.lambda_function",
      "mode": "managed",
      "type": "aws_iam_role_policy_attachment",
      "name": "lambda_layer_policy",
      "provider": "module.lambda_function.provider[\"registry.terraform.io/hashicorp/aws\"]",
      "instances": [
        {
          "schema_version": 0,
          "attributes": {
            "id": "lambda_execution_role-20240717192515935800000004",
            "policy_arn": "arn:aws:iam::767397811841:policy/lambda_layer_policy",
            "role": "lambda_execution_role"
          },
          "sensitive_attributes": [],
          "private": "bnVsbA==",
          "dependencies": [
            "module.lambda_function.aws_iam_policy.lambda_layer_policy",
            "module.lambda_function.aws_iam_role.lambda_role"
          ]
        }
      ]
    },
    {
      "module": "module.lambda_function",
      "mode": "managed",
      "type": "aws_iam_role_policy_attachment",
      "name": "lambda_policy",
      "provider": "module.lambda_function.provider[\"registry.terraform.io/hashicorp/aws\"]",
      "instances": [
        {
          "schema_version": 0,
          "attributes": {
            "id": "lambda_execution_role-20240717192515926600000003",
            "policy_arn": "arn:aws:iam::aws:policy/service-role/AWSLambdaBasicExecutionRole",
            "role": "lambda_execution_role"
          },
          "sensitive_attributes": [],
          "private": "bnVsbA==",
          "dependencies": [
            "module.lambda_function.aws_iam_role.lambda_role"
          ]
        }
      ]
    },
    {
      "module": "module.lambda_function",
      "mode": "managed",
      "type": "aws_lambda_event_source_mapping",
      "name": "kinesis_trigger",
      "provider": "module.lambda_function.provider[\"registry.terraform.io/hashicorp/aws\"]",
      "instances": [
        {
          "schema_version": 0,
          "attributes": {
            "amazon_managed_kafka_event_source_config": [],
            "batch_size": 3,
            "bisect_batch_on_function_error": false,
            "destination_config": [
              {
                "on_failure": [
                  {
                    "destination_arn": null
                  }
                ]
              }
            ],
            "document_db_event_source_config": [],
            "enabled": true,
            "event_source_arn": "arn:aws:kinesis:us-west-1:767397811841:stream/MyKinesisDataStream",
            "filter_criteria": [],
            "function_arn": "arn:aws:lambda:us-west-1:767397811841:function:kinesis-to-clickhouse",
            "function_name": "arn:aws:lambda:us-west-1:767397811841:function:kinesis-to-clickhouse",
            "function_response_types": null,
            "id": "6c039358-5a33-4653-99e4-853c52b2dad9",
            "last_modified": "2024-07-17T19:31:00Z",
            "last_processing_result": "No records processed",
            "maximum_batching_window_in_seconds": 0,
            "maximum_record_age_in_seconds": -1,
            "maximum_retry_attempts": -1,
            "parallelization_factor": 1,
            "queues": null,
            "scaling_config": [],
            "self_managed_event_source": [],
            "self_managed_kafka_event_source_config": [],
            "source_access_configuration": [],
            "starting_position": "LATEST",
            "starting_position_timestamp": "",
            "state": "Enabled",
            "state_transition_reason": "User action",
            "topics": null,
            "tumbling_window_in_seconds": 0,
            "uuid": "6c039358-5a33-4653-99e4-853c52b2dad9"
          },
          "sensitive_attributes": [],
          "private": "bnVsbA==",
          "dependencies": [
            "module.clickhouse_ec2_instance.aws_instance.clickhouse_server",
            "module.clickhouse_ec2_instance.aws_key_pair.generated_key",
            "module.clickhouse_ec2_instance.aws_security_group.clickhouse_sg",
            "module.clickhouse_ec2_instance.data.aws_ami.ubuntu",
            "module.clickhouse_ec2_instance.tls_private_key.ssh_key",
            "module.lambda_function.aws_iam_role.lambda_role",
            "module.lambda_function.aws_lambda_function.kinesis_to_clickhouse",
            "module.lambda_function.aws_lambda_layer_version.layer_content"
          ]
        }
      ]
    },
    {
      "module": "module.lambda_function",
      "mode": "managed",
      "type": "aws_lambda_function",
      "name": "kinesis_to_clickhouse",
      "provider": "module.lambda_function.provider[\"registry.terraform.io/hashicorp/aws\"]",
      "instances": [
        {
          "schema_version": 0,
          "attributes": {
            "architectures": [
              "x86_64"
            ],
            "arn": "arn:aws:lambda:us-west-1:767397811841:function:kinesis-to-clickhouse",
            "code_sha256": "GkgkYE4CqSw9krdFucq1mp4Vdvmn3ggCDly0p+iVLGA=",
            "code_signing_config_arn": "",
            "dead_letter_config": [],
            "description": "handler function for sending kinesis data to clickhouse",
            "environment": [
              {
                "variables": {
                  "CLICKHOUSE_HOST": "13.57.193.66",
                  "CLICKHOUSE_PORT": "8123"
                }
              }
            ],
            "ephemeral_storage": [
              {
                "size": 512
              }
            ],
            "file_system_config": [],
            "filename": "lambda_function.zip",
            "function_name": "kinesis-to-clickhouse",
            "handler": "lambda_function.lambda_handler",
            "id": "kinesis-to-clickhouse",
            "image_config": [],
            "image_uri": "",
            "invoke_arn": "arn:aws:apigateway:us-west-1:lambda:path/2015-03-31/functions/arn:aws:lambda:us-west-1:767397811841:function:kinesis-to-clickhouse/invocations",
            "kms_key_arn": "",
            "last_modified": "2024-07-17T19:31:45.400+0000",
            "layers": [
              "arn:aws:lambda:us-west-1:767397811841:layer:layer_content:14"
            ],
            "logging_config": [
              {
                "application_log_level": "",
                "log_format": "Text",
                "log_group": "/aws/lambda/kinesis-to-clickhouse",
                "system_log_level": ""
              }
            ],
            "memory_size": 128,
            "package_type": "Zip",
            "publish": false,
            "qualified_arn": "arn:aws:lambda:us-west-1:767397811841:function:kinesis-to-clickhouse:$LATEST",
            "qualified_invoke_arn": "arn:aws:apigateway:us-west-1:lambda:path/2015-03-31/functions/arn:aws:lambda:us-west-1:767397811841:function:kinesis-to-clickhouse:$LATEST/invocations",
            "replace_security_groups_on_destroy": null,
            "replacement_security_group_ids": null,
            "reserved_concurrent_executions": -1,
            "role": "arn:aws:iam::767397811841:role/lambda_execution_role",
            "runtime": "python3.12",
            "s3_bucket": null,
            "s3_key": null,
            "s3_object_version": null,
            "signing_job_arn": "",
            "signing_profile_version_arn": "",
            "skip_destroy": false,
            "snap_start": [],
            "source_code_hash": "GkgkYE4CqSw9krdFucq1mp4Vdvmn3ggCDly0p+iVLGA=",
            "source_code_size": 1325,
            "tags": null,
            "tags_all": {},
            "timeout": 3,
            "timeouts": null,
            "tracing_config": [
              {
                "mode": "PassThrough"
              }
            ],
            "version": "$LATEST",
            "vpc_config": []
          },
          "sensitive_attributes": [],
          "private": "eyJlMmJmYjczMC1lY2FhLTExZTYtOGY4OC0zNDM2M2JjN2M0YzAiOnsiY3JlYXRlIjo2MDAwMDAwMDAwMDAsImRlbGV0ZSI6NjAwMDAwMDAwMDAwLCJ1cGRhdGUiOjYwMDAwMDAwMDAwMH19",
          "dependencies": [
            "module.clickhouse_ec2_instance.aws_instance.clickhouse_server",
            "module.clickhouse_ec2_instance.aws_key_pair.generated_key",
            "module.clickhouse_ec2_instance.aws_security_group.clickhouse_sg",
            "module.clickhouse_ec2_instance.data.aws_ami.ubuntu",
            "module.clickhouse_ec2_instance.tls_private_key.ssh_key",
            "module.lambda_function.aws_iam_role.lambda_role",
            "module.lambda_function.aws_lambda_layer_version.layer_content"
          ]
        }
      ]
    },
    {
      "module": "module.lambda_function",
      "mode": "managed",
      "type": "aws_lambda_layer_version",
      "name": "layer_content",
      "provider": "module.lambda_function.provider[\"registry.terraform.io/hashicorp/aws\"]",
      "instances": [
        {
          "schema_version": 0,
          "attributes": {
            "arn": "arn:aws:lambda:us-west-1:767397811841:layer:layer_content:14",
            "code_sha256": "DOcOKV2KHUAkeCIvcm5WhHW840KXnr6+5rutEA86em4=",
            "compatible_architectures": null,
            "compatible_runtimes": [
              "python3.12"
            ],
            "created_date": "2024-07-17T19:31:45.115+0000",
            "description": "",
            "filename": "layer_content.zip",
            "id": "arn:aws:lambda:us-west-1:767397811841:layer:layer_content:14",
            "layer_arn": "arn:aws:lambda:us-west-1:767397811841:layer:layer_content",
            "layer_name": "layer_content",
            "license_info": "",
            "s3_bucket": null,
            "s3_key": null,
            "s3_object_version": null,
            "signing_job_arn": "",
            "signing_profile_version_arn": "",
            "skip_destroy": false,
            "source_code_hash": "",
            "source_code_size": 28800684,
            "version": "14"
          },
          "sensitive_attributes": [],
          "private": "bnVsbA=="
        }
      ]
    }
  ],
  "check_results": null
}
