{
  "version": 4,
  "terraform_version": "1.9.1",
  "serial": 714,
  "lineage": "f1ba308c-299a-679c-08b7-79b201301a5f",
  "outputs": {},
  "resources": [
    {
      "module": "module.clickhouse_ec2_instance",
      "mode": "data",
      "type": "aws_ami",
      "name": "ubuntu",
      "provider": "provider[\"registry.terraform.io/hashicorp/aws\"]",
      "instances": [
        {
          "schema_version": 0,
          "attributes": {
            "architecture": "x86_64",
            "arn": "arn:aws:ec2:us-west-1::image/ami-07cef98a7cbb3ffe6",
            "block_device_mappings": [
              {
                "device_name": "/dev/sda1",
                "ebs": {
                  "delete_on_termination": "true",
                  "encrypted": "false",
                  "iops": "0",
                  "snapshot_id": "snap-06375cbd8b5e996b9",
                  "throughput": "0",
                  "volume_size": "8",
                  "volume_type": "gp2"
                },
                "no_device": "",
                "virtual_name": ""
              },
              {
                "device_name": "/dev/sdb",
                "ebs": {},
                "no_device": "",
                "virtual_name": "ephemeral0"
              },
              {
                "device_name": "/dev/sdc",
                "ebs": {},
                "no_device": "",
                "virtual_name": "ephemeral1"
              }
            ],
            "boot_mode": "legacy-bios",
            "creation_date": "2024-07-04T23:34:17.000Z",
            "deprecation_time": "2026-07-04T23:34:17.000Z",
            "description": "Canonical, Ubuntu, 20.04 LTS, amd64 focal image build on 2024-07-04",
            "ena_support": true,
            "executable_users": null,
            "filter": [
              {
                "name": "name",
                "values": [
                  "ubuntu/images/hvm-ssd/ubuntu-focal-20.04-amd64-server-*"
                ]
              },
              {
                "name": "virtualization-type",
                "values": [
                  "hvm"
                ]
              }
            ],
            "hypervisor": "xen",
            "id": "ami-07cef98a7cbb3ffe6",
            "image_id": "ami-07cef98a7cbb3ffe6",
            "image_location": "amazon/ubuntu/images/hvm-ssd/ubuntu-focal-20.04-amd64-server-20240704",
            "image_owner_alias": "amazon",
            "image_type": "machine",
            "imds_support": "",
            "include_deprecated": false,
            "kernel_id": "",
            "most_recent": true,
            "name": "ubuntu/images/hvm-ssd/ubuntu-focal-20.04-amd64-server-20240704",
            "name_regex": null,
            "owner_id": "099720109477",
            "owners": [
              "099720109477"
            ],
            "platform": "",
            "platform_details": "Linux/UNIX",
            "product_codes": [],
            "public": true,
            "ramdisk_id": "",
            "root_device_name": "/dev/sda1",
            "root_device_type": "ebs",
            "root_snapshot_id": "snap-06375cbd8b5e996b9",
            "sriov_net_support": "simple",
            "state": "available",
            "state_reason": {
              "code": "UNSET",
              "message": "UNSET"
            },
            "tags": {},
            "timeouts": null,
            "tpm_support": "",
            "usage_operation": "RunInstances",
            "virtualization_type": "hvm"
          },
          "sensitive_attributes": []
        }
      ]
    },
    {
      "module": "module.clickhouse_ec2_instance",
      "mode": "managed",
      "type": "aws_instance",
      "name": "clickhouse_server",
      "provider": "provider[\"registry.terraform.io/hashicorp/aws\"]",
      "instances": [
        {
          "schema_version": 1,
          "attributes": {
            "ami": "ami-07cef98a7cbb3ffe6",
            "arn": "arn:aws:ec2:us-west-1:767397811841:instance/i-0548dfbb56679e483",
            "associate_public_ip_address": false,
            "availability_zone": "us-west-1a",
            "capacity_reservation_specification": [
              {
                "capacity_reservation_preference": "open",
                "capacity_reservation_target": []
              }
            ],
            "cpu_core_count": 1,
            "cpu_options": [
              {
                "amd_sev_snp": "",
                "core_count": 1,
                "threads_per_core": 1
              }
            ],
            "cpu_threads_per_core": 1,
            "credit_specification": [
              {
                "cpu_credits": "standard"
              }
            ],
            "disable_api_stop": false,
            "disable_api_termination": false,
            "ebs_block_device": [],
            "ebs_optimized": false,
            "enclave_options": [
              {
                "enabled": false
              }
            ],
            "ephemeral_block_device": [],
            "get_password_data": false,
            "hibernation": false,
            "host_id": "",
            "host_resource_group_arn": null,
            "iam_instance_profile": "",
            "id": "i-0548dfbb56679e483",
            "instance_initiated_shutdown_behavior": "stop",
            "instance_lifecycle": "",
            "instance_market_options": [],
            "instance_state": "running",
            "instance_type": "t2.micro",
            "ipv6_address_count": 0,
            "ipv6_addresses": [],
            "key_name": "capstone-key",
            "launch_template": [],
            "maintenance_options": [
              {
                "auto_recovery": "default"
              }
            ],
            "metadata_options": [
              {
                "http_endpoint": "enabled",
                "http_protocol_ipv6": "disabled",
                "http_put_response_hop_limit": 1,
                "http_tokens": "optional",
                "instance_metadata_tags": "disabled"
              }
            ],
            "monitoring": false,
            "network_interface": [],
            "outpost_arn": "",
            "password_data": "",
            "placement_group": "",
            "placement_partition_number": 0,
            "primary_network_interface_id": "eni-0ec303e9a0d77c0ce",
            "private_dns": "ip-10-0-10-4.us-west-1.compute.internal",
            "private_dns_name_options": [
              {
                "enable_resource_name_dns_a_record": false,
                "enable_resource_name_dns_aaaa_record": false,
                "hostname_type": "ip-name"
              }
            ],
            "private_ip": "10.0.10.4",
            "public_dns": "",
            "public_ip": "",
            "root_block_device": [
              {
                "delete_on_termination": true,
                "device_name": "/dev/sda1",
                "encrypted": false,
                "iops": 100,
                "kms_key_id": "",
                "tags": {},
                "tags_all": {},
                "throughput": 0,
                "volume_id": "vol-0f549475dba8ac699",
                "volume_size": 8,
                "volume_type": "gp2"
              }
            ],
            "secondary_private_ips": [],
            "security_groups": [],
            "source_dest_check": true,
            "spot_instance_request_id": "",
            "subnet_id": "subnet-020c43f364b9bcf1b",
            "tags": {
              "Name": "ClickHouse-Server"
            },
            "tags_all": {
              "Name": "ClickHouse-Server"
            },
            "tenancy": "default",
            "timeouts": null,
            "user_data": "2462f438f7653ac76b675e041d20d40a563fa06a",
            "user_data_base64": null,
            "user_data_replace_on_change": false,
            "volume_tags": null,
            "vpc_security_group_ids": [
              "sg-02ae22555dfd6aacb"
            ]
          },
          "sensitive_attributes": [],
          "private": "eyJlMmJmYjczMC1lY2FhLTExZTYtOGY4OC0zNDM2M2JjN2M0YzAiOnsiY3JlYXRlIjo2MDAwMDAwMDAwMDAsImRlbGV0ZSI6MTIwMDAwMDAwMDAwMCwicmVhZCI6OTAwMDAwMDAwMDAwLCJ1cGRhdGUiOjYwMDAwMDAwMDAwMH0sInNjaGVtYV92ZXJzaW9uIjoiMSJ9",
          "dependencies": [
            "module.clickhouse_ec2_instance.aws_key_pair.generated_key",
            "module.clickhouse_ec2_instance.aws_security_group.clickhouse_sg",
            "module.clickhouse_ec2_instance.data.aws_ami.ubuntu",
            "module.clickhouse_ec2_instance.tls_private_key.ssh_key",
            "module.vpc.aws_subnet.private",
            "module.vpc.aws_vpc.main",
            "module.vpc.data.aws_availability_zones.available"
          ]
        }
      ]
    },
    {
      "module": "module.clickhouse_ec2_instance",
      "mode": "managed",
      "type": "aws_key_pair",
      "name": "generated_key",
      "provider": "provider[\"registry.terraform.io/hashicorp/aws\"]",
      "instances": [
        {
          "schema_version": 1,
          "attributes": {
            "arn": "arn:aws:ec2:us-west-1:767397811841:key-pair/capstone-key",
            "fingerprint": "a8:55:30:75:c5:77:45:06:e2:8b:d3:af:c1:27:03:bf",
            "id": "capstone-key",
            "key_name": "capstone-key",
            "key_name_prefix": "",
            "key_pair_id": "key-0f53f8928f365aab7",
            "key_type": "rsa",
            "public_key": "ssh-rsa AAAAB3NzaC1yc2EAAAADAQABAAACAQDJ8ElII+/K1KGabXlnCg6sE1tT2RA/CMZRuZB33pIKYQAXPPcDsaFibcr7Wh+NOdFzFKApz6uV2rRcG7mtWJ4FW15OEDyowQNINpUUXAOWrSiOLBxsMJ9iM+LTeILzo8If2E4TSTA6XlMHJeTBCOb1DKp0EATUb+UBrUB/vhpVE6zMl7rhmskbPb+Xh6y1MSZ2HxFrlSlWL/kAZ8sjeyKzu2ZsoNOHMMbWyGDTp419OQS7QXTQXBWqVrufq9uIPk4cad9T71CGYeoiek02mvESuz7YcVrUBff5hcWR754JxAi+Df5BdFlFrfDHq/LhTSlnfjLa+PT/jXNCEkjmyZijK2V8T27miHhHCwq5wSuZpTSdkBh+LcnTxX3vb7dCB70ZotrCsUJDxnxsq9Xecy2SqbzYSDebxvM8R0g69cUXMM2GnVkkxOCi47Cdu8lJNLS6f1hvVQ4m7vJhAXgynXrQKmP7s/hBAaCNo+Z6GnjRBgt5d3bJTTEPq5mNuJmfalCs0rsIDIbzrWyQmd/X032QxT2w7R6GFSm36KdK9t2gjpwd5DrKAk9MZxrrOKz4JATWInNdOF0WXsyw0vgiqkHCfhu9EsImxnRf2D+t56wtGDmN3VtLs/c6mCKgDlIyJRMoirE8zf9B8WT085wvFqXfnuN5PfJNpOSkksClglqosQ==",
            "tags": null,
            "tags_all": {}
          },
          "sensitive_attributes": [],
          "private": "eyJzY2hlbWFfdmVyc2lvbiI6IjEifQ==",
          "dependencies": [
            "module.clickhouse_ec2_instance.tls_private_key.ssh_key"
          ]
        }
      ]
    },
    {
      "module": "module.clickhouse_ec2_instance",
      "mode": "managed",
      "type": "aws_security_group",
      "name": "clickhouse_sg",
      "provider": "provider[\"registry.terraform.io/hashicorp/aws\"]",
      "instances": [
        {
          "schema_version": 1,
          "attributes": {
            "arn": "arn:aws:ec2:us-west-1:767397811841:security-group/sg-02ae22555dfd6aacb",
            "description": "Security group for Clickhouse EC2 instance",
            "egress": [
              {
                "cidr_blocks": [
                  "0.0.0.0/0"
                ],
                "description": "",
                "from_port": 0,
                "ipv6_cidr_blocks": [],
                "prefix_list_ids": [],
                "protocol": "-1",
                "security_groups": [],
                "self": false,
                "to_port": 0
              }
            ],
            "id": "sg-02ae22555dfd6aacb",
            "ingress": [
              {
                "cidr_blocks": [
                  "0.0.0.0/0"
                ],
                "description": "",
                "from_port": 22,
                "ipv6_cidr_blocks": [],
                "prefix_list_ids": [],
                "protocol": "tcp",
                "security_groups": [],
                "self": false,
                "to_port": 22
              },
              {
                "cidr_blocks": [
                  "0.0.0.0/0"
                ],
                "description": "",
                "from_port": 80,
                "ipv6_cidr_blocks": [],
                "prefix_list_ids": [],
                "protocol": "tcp",
                "security_groups": [],
                "self": false,
                "to_port": 80
              },
              {
                "cidr_blocks": [
                  "0.0.0.0/0"
                ],
                "description": "",
                "from_port": 8123,
                "ipv6_cidr_blocks": [],
                "prefix_list_ids": [],
                "protocol": "tcp",
                "security_groups": [],
                "self": false,
                "to_port": 8123
              },
              {
                "cidr_blocks": [
                  "0.0.0.0/0"
                ],
                "description": "",
                "from_port": 8124,
                "ipv6_cidr_blocks": [],
                "prefix_list_ids": [],
                "protocol": "tcp",
                "security_groups": [],
                "self": false,
                "to_port": 8124
              }
            ],
            "name": "clickhouse-security-group",
            "name_prefix": "",
            "owner_id": "767397811841",
            "revoke_rules_on_delete": false,
            "tags": {
              "Name": "clickhouse-security-group"
            },
            "tags_all": {
              "Name": "clickhouse-security-group"
            },
            "timeouts": null,
            "vpc_id": "vpc-0eb1fe49cd17cece6"
          },
          "sensitive_attributes": [],
          "private": "eyJlMmJmYjczMC1lY2FhLTExZTYtOGY4OC0zNDM2M2JjN2M0YzAiOnsiY3JlYXRlIjo2MDAwMDAwMDAwMDAsImRlbGV0ZSI6OTAwMDAwMDAwMDAwfSwic2NoZW1hX3ZlcnNpb24iOiIxIn0=",
          "dependencies": [
            "module.vpc.aws_vpc.main"
          ]
        }
      ]
    },
    {
      "module": "module.clickhouse_ec2_instance",
      "mode": "managed",
      "type": "local_file",
      "name": "private_key",
      "provider": "provider[\"registry.terraform.io/hashicorp/local\"]",
      "instances": [
        {
          "schema_version": 0,
          "attributes": {
            "content": "-----BEGIN RSA PRIVATE KEY-----\nMIIJKQIBAAKCAgEAyfBJSCPvytShmm15ZwoOrBNbU9kQPwjGUbmQd96SCmEAFzz3\nA7GhYm3K+1ofjTnRcxSgKc+rldq0XBu5rVieBVteThA8qMEDSDaVFFwDlq0ojiwc\nbDCfYjPi03iC86PCH9hOE0kwOl5TByXkwQjm9QyqdBAE1G/lAa1Af74aVROszJe6\n4ZrJGz2/l4estTEmdh8Ra5UpVi/5AGfLI3sis7tmbKDThzDG1shg06eNfTkEu0F0\n0FwVqla7n6vbiD5OHGnfU+9QhmHqInpNNprxErs+2HFa1AX3+YXFke+eCcQIvg3+\nQXRZRa3wx6vy4U0pZ34y2vj0/41zQhJI5smYoytlfE9u5oh4RwsKucErmaU0nZAY\nfi3J08V972+3Qge9GaLawrFCQ8Z8bKvV3nMtkqm82Eg3m8bzPEdIOvXFFzDNhp1Z\nJMTgouOwnbvJSTS0un9Yb1UOJu7yYQF4Mp160Cpj+7P4QQGgjaPmehp40QYLeXd2\nyU0xD6uZjbiZn2pQrNK7CAyG861skJnf19N9kMU9sO0ehhUpt+inSvbdoI6cHeQ6\nygJPTGca6zis+CQE1iJzXThdFl7MsNL4IqpBwn4bvRLCJsZ0X9g/reesLRg5jd1b\nS7P3OpgioA5SMiUTKIqxPM3/QfFk9POcLxal357jeT3yTaTkpJLApYJaqLECAwEA\nAQKCAgEAxEgHotQzXs5gqa7hAvN2oXFLIuvoa6yGv6cDsk+nWelA4lWCr5d3iym2\n06uc4XOijx4sM5fEaysihij4yHJLXl+aAXysyUaafxV2wExTvKBgvBhKJCr6sMRI\nJE6N0m2I4dUoxnwsIX/PajI98BdMDkIaaCet2iNMz91rxP6tr6YpHtAYePMvqIfT\nc2EP0SqN/OBj2VMp07lbaTZ57+nfKB3uB4YnNM+HZftsii3hTCcg3zZXabMn5+LY\nCfJMt1gAKoQJ7BbACW6g2pRP+tSNoCxagJ1lsJKAnouVJy1mSo2+BaWqTkrd/ul8\nEUikErQim5LBsa+sy7zcnAsTyyeGcNBqjOr05EhYv89xBHsFnsF4RTWQDVTa3/39\n/G0tzpHpsc+CtRXd6hfxkOUfZ8mqfvK62SWsbfgfJZv9RlBckI4sClOIsDDshEkc\nWVNe4Cpmit3GQL9SJEVmWAMCiXCKSl3N1pVOI0YrQsIKKqkfRM/m+tU3DT4BM/pz\n5qU8bhybeTT6GExfOSiyoFf7Q010bAtP4UWUEXTE1d6hJv14lIIgv5lmHvVs0HrN\n+gWJb2o45j251c3uKvcOdTDO0DyB6RqBKEpT21CHK4q/ovqAT49aK/U0Zv0Z76mm\n+uTOzn1RfOfcZO7SG/dEV4K1lKOoi9BkPP5YKUR5a1EwMwJboAUCggEBAPKz58SE\nGcTwxughIll6SW3CHnBYuESpDzBxS1NQSIuY2sQCEHrAXK4uUa11z2gSRePCxIEK\nZiLnPm9+SljFY+IQYmFMz5gD0xApRFkNVG6AecttsI2a3jY+AbQMY9SldnbrsCsr\nsNiAfllhqnxNATofmGDV64p+LOhJ/Ay5zQhZjWZIz4wi4Kq3P1hR7NF/1zQpVfGQ\nZYboFg39BamSssVVamLD70lPVVAs7zKSY0Rk10O+uvzt4fNplXD89vhAInvCPtag\ncfSEyY+Z8FdVYsyWETMvQ3aNVMkumRwA025bQAvBygeGBfpy/tselPC0Y7CFA8Kh\nOGwP2ljaw6LxgusCggEBANUAodnNcA7G1v5PZj073pr/CNDjPDUroZp0aH3jhXvu\nebmBhcJJ2VfgHcF8TZZZGBktqrFombXKDXaejEcpjFrJ61OO1ePf7fbuezJfF5d/\nw7OYUWwB76e9JcrWPDQRRU0mrBOrQdh1Tmik0l6bQKrNswY/keLGXGBgiTDzpBkp\nsRYaAONJb4kAIoDS0qGKpzz3g6q4XUapJTGjrWv/c8sgt4IBAJr/ITIgeiB+SJUd\nmb0tORT0aViJkdXHMhiQnVfS6L8eeP/BiiW8UKaDclRw2WJoQ8rHRVcih7uq8HIy\nyAXR/+TKgbyyH7vm1h2MHdwhrnIMfvtG4kGJHLOJA9MCggEAS8IegXgetxvVatYU\n68tBKnKin70B3+TJqfxjX+E6k+ClwPNIA5kSFQi+VB/nGvxBNqQwRHtjgFegZJsO\nSAFteT5WBzs7vZ7L/kpzXDzN8yRFYFuf9cO2w0W9sF8BtnnjraFKP1+G9z28stfK\nqLw8utDr9qYvvO4/xE57z9kbiBS0D46AwqSMbp1+t2nzOz3lhhG1Ew9YsbC2Wa12\nXAU/qltMNwIkKkUKQ1mTXLzXIZ08mJfrtFHo6ts1W6yKxtj2Kp1qkgJJL+NXK20I\n2an8ihH50nlZXKMnKRlTj6suVE9FgaX/EzQhn5jPtsQoB663Q31xvAopG4ojRQMc\neDtc+wKCAQBrrEMk37Xasmcx7R8oqyAPSAbD2WqxEhpCAsBjiuUKTfXYcYIVQdGN\nm2xPR6/M5cLJz4zu24qAG+CMav9MZdNefZ3pAlZbN/KKFenO/8TkP6DFI6VdLOlh\n6Lq2+285ftWCd58a3kKN0lbNjSwOyPp6nTr3WKE9erptub8AMNluIuYy3vg97Pxl\ny9ylNG1nXbjGl/RGE6aLNqvnmO7snhiBwUsie7E7qOa1+TbjQBMe1fTGbZriXd72\n86v13hkT097F64bePeA6oTJdewFl+yKLTvSEy2IhmnQR5RGqK3IauFLmpk5t8HR+\n16g1Cy6HhzH8+kW9v1VdXmq3aEFK/GMjAoIBAQDiQAWZfnq2kVThCqp6R0F9zLqx\neYfy6cM4mo/8DjfLTy1XALE7JdRc2TYtcKjgOU/JSrtiwlSs6m8Xu0JGOwmEP+Vf\nHblvn8a7TeJzZqG9vQWhRX/79jyu4AOYIXaVAOQplvxq0kvU2WGebCiaokK3G14D\n2B8tPfwTp4/Egc5eS6eUXYbda2zRzXgI+tWe64p8MZ8NFJAwCpZIoxGMo8tM1PxT\nnSIBuElyz88UT4vO6v1xxmISqac0+wtpZv0dPvLI5FKdv6oOxmOgAdGu2Ap3HyZ2\nwf6nyyiCFxNhLGGe+MHvUKzuRb1Cb0h9L0bO3PMjtEOIVBufDZXey+4y+oNC\n-----END RSA PRIVATE KEY-----\n",
            "content_base64": null,
            "content_base64sha256": "2s5z6bMc7n7DWCwfc5SgowY4Y4ljtydhPyKT42VDLO0=",
            "content_base64sha512": "0bdfB20Qj54oNVxhTjm37nG4/QEvTMNKV2nHA8E4EJq1ZU44+GQUAzvuZr0qJfkAMcQhwoDjFzzrCqIbNdiBrQ==",
            "content_md5": "e54b2609b622d2280218c98c0447918d",
            "content_sha1": "bca258e05cafa78a9149ea8d12e5f5e9ee7a7600",
            "content_sha256": "dace73e9b31cee7ec3582c1f7394a0a30638638963b727613f2293e365432ced",
            "content_sha512": "d1b75f076d108f9e28355c614e39b7ee71b8fd012f4cc34a5769c703c138109ab5654e38f86414033bee66bd2a25f90031c421c280e3173ceb0aa21b35d881ad",
            "directory_permission": "0777",
            "file_permission": "0400",
            "filename": "modules/clickhouse_ec2_instance/capstone-key.pem",
            "id": "bca258e05cafa78a9149ea8d12e5f5e9ee7a7600",
            "sensitive_content": null,
            "source": null
          },
          "sensitive_attributes": [
            [
              {
                "type": "get_attr",
                "value": "content"
              }
            ],
            [
              {
                "type": "get_attr",
                "value": "sensitive_content"
              }
            ]
          ],
          "dependencies": [
            "module.clickhouse_ec2_instance.tls_private_key.ssh_key"
          ]
        }
      ]
    },
    {
      "module": "module.clickhouse_ec2_instance",
      "mode": "managed",
      "type": "tls_private_key",
      "name": "ssh_key",
      "provider": "provider[\"registry.terraform.io/hashicorp/tls\"]",
      "instances": [
        {
          "schema_version": 1,
          "attributes": {
            "algorithm": "RSA",
            "ecdsa_curve": "P224",
            "id": "f6202e83fdc9ee50aa0f9f9e140418ea929c5e82",
            "private_key_openssh": "-----BEGIN OPENSSH PRIVATE KEY-----\nb3BlbnNzaC1rZXktdjEAAAAABG5vbmUAAAAEbm9uZQAAAAAAAAABAAACFwAAAAdz\nc2gtcnNhAAAAAwEAAQAAAgEAyfBJSCPvytShmm15ZwoOrBNbU9kQPwjGUbmQd96S\nCmEAFzz3A7GhYm3K+1ofjTnRcxSgKc+rldq0XBu5rVieBVteThA8qMEDSDaVFFwD\nlq0ojiwcbDCfYjPi03iC86PCH9hOE0kwOl5TByXkwQjm9QyqdBAE1G/lAa1Af74a\nVROszJe64ZrJGz2/l4estTEmdh8Ra5UpVi/5AGfLI3sis7tmbKDThzDG1shg06eN\nfTkEu0F00FwVqla7n6vbiD5OHGnfU+9QhmHqInpNNprxErs+2HFa1AX3+YXFke+e\nCcQIvg3+QXRZRa3wx6vy4U0pZ34y2vj0/41zQhJI5smYoytlfE9u5oh4RwsKucEr\nmaU0nZAYfi3J08V972+3Qge9GaLawrFCQ8Z8bKvV3nMtkqm82Eg3m8bzPEdIOvXF\nFzDNhp1ZJMTgouOwnbvJSTS0un9Yb1UOJu7yYQF4Mp160Cpj+7P4QQGgjaPmehp4\n0QYLeXd2yU0xD6uZjbiZn2pQrNK7CAyG861skJnf19N9kMU9sO0ehhUpt+inSvbd\noI6cHeQ6ygJPTGca6zis+CQE1iJzXThdFl7MsNL4IqpBwn4bvRLCJsZ0X9g/rees\nLRg5jd1bS7P3OpgioA5SMiUTKIqxPM3/QfFk9POcLxal357jeT3yTaTkpJLApYJa\nqLEAAAc4mpOKpZqTiqUAAAAHc3NoLXJzYQAAAgEAyfBJSCPvytShmm15ZwoOrBNb\nU9kQPwjGUbmQd96SCmEAFzz3A7GhYm3K+1ofjTnRcxSgKc+rldq0XBu5rVieBVte\nThA8qMEDSDaVFFwDlq0ojiwcbDCfYjPi03iC86PCH9hOE0kwOl5TByXkwQjm9Qyq\ndBAE1G/lAa1Af74aVROszJe64ZrJGz2/l4estTEmdh8Ra5UpVi/5AGfLI3sis7tm\nbKDThzDG1shg06eNfTkEu0F00FwVqla7n6vbiD5OHGnfU+9QhmHqInpNNprxErs+\n2HFa1AX3+YXFke+eCcQIvg3+QXRZRa3wx6vy4U0pZ34y2vj0/41zQhJI5smYoytl\nfE9u5oh4RwsKucErmaU0nZAYfi3J08V972+3Qge9GaLawrFCQ8Z8bKvV3nMtkqm8\n2Eg3m8bzPEdIOvXFFzDNhp1ZJMTgouOwnbvJSTS0un9Yb1UOJu7yYQF4Mp160Cpj\n+7P4QQGgjaPmehp40QYLeXd2yU0xD6uZjbiZn2pQrNK7CAyG861skJnf19N9kMU9\nsO0ehhUpt+inSvbdoI6cHeQ6ygJPTGca6zis+CQE1iJzXThdFl7MsNL4IqpBwn4b\nvRLCJsZ0X9g/reesLRg5jd1bS7P3OpgioA5SMiUTKIqxPM3/QfFk9POcLxal357j\neT3yTaTkpJLApYJaqLEAAAADAQABAAACAQDESAei1DNezmCpruEC83ahcUsi6+hr\nrIa/pwOyT6dZ6UDiVYKvl3eLKbbTq5zhc6KPHiwzl8RrKyKGKPjIckteX5oBfKzJ\nRpp/FXbATFO8oGC8GEokKvqwxEgkTo3SbYjh1SjGfCwhf89qMj3wF0wOQhpoJ63a\nI0zP3WvE/q2vpike0Bh48y+oh9NzYQ/RKo384GPZUynTuVtpNnnv6d8oHe4Hhic0\nz4dl+2yKLeFMJyDfNldpsyfn4tgJ8ky3WAAqhAnsFsAJbqDalE/61I2gLFqAnWWw\nkoCei5UnLWZKjb4FpapOSt3+6XwRSKQStCKbksGxr6zLvNycCxPLJ4Zw0GqM6vTk\nSFi/z3EEewWewXhFNZANVNrf/f38bS3Okemxz4K1Fd3qF/GQ5R9nyap+8rrZJaxt\n+B8lm/1GUFyQjiwKU4iwMOyESRxZU17gKmaK3cZAv1IkRWZYAwKJcIpKXc3WlU4j\nRitCwgoqqR9Ez+b61TcNPgEz+nPmpTxuHJt5NPoYTF85KLKgV/tDTXRsC0/hRZQR\ndMTV3qEm/XiUgiC/mWYe9WzQes36BYlvajjmPbnVze4q9w51MM7QPIHpGoEoSlPb\nUIcrir+i+oBPj1or9TRm/Rnvqab65M7OfVF859xk7tIb90RXgrWUo6iL0GQ8/lgp\nRHlrUTAzAlugBQAAAQEA4kAFmX56tpFU4QqqekdBfcy6sXmH8unDOJqP/A43y08t\nVwCxOyXUXNk2LXCo4DlPyUq7YsJUrOpvF7tCRjsJhD/lXx25b5/Gu03ic2ahvb0F\noUV/+/Y8ruADmCF2lQDkKZb8atJL1NlhnmwomqJCtxteA9gfLT38E6ePxIHOXkun\nlF2G3Wts0c14CPrVnuuKfDGfDRSQMAqWSKMRjKPLTNT8U50iAbhJcs/PFE+Lzur9\nccZiEqmnNPsLaWb9HT7yyORSnb+qDsZjoAHRrtgKdx8mdsH+p8soghcTYSxhnvjB\n71Cs7kW9Qm9IfS9GztzzI7RDiFQbnw2V3svuMvqDQgAAAQEA8rPnxIQZxPDG6CEi\nWXpJbcIecFi4RKkPMHFLU1BIi5jaxAIQesBcri5RrXXPaBJF48LEgQpmIuc+b35K\nWMVj4hBiYUzPmAPTEClEWQ1UboB5y22wjZreNj4BtAxj1KV2duuwKyuw2IB+WWGq\nfE0BOh+YYNXrin4s6En8DLnNCFmNZkjPjCLgqrc/WFHs0X/XNClV8ZBlhugWDf0F\nqZKyxVVqYsPvSU9VUCzvMpJjRGTXQ766/O3h82mVcPz2+EAie8I+1qBx9ITJj5nw\nV1VizJYRMy9Ddo1UyS6ZHADTbltAC8HKB4YF+nL+2x6U8LRjsIUDwqE4bA/aWNrD\novGC6wAAAQEA1QCh2c1wDsbW/k9mPTvemv8I0OM8NSuhmnRofeOFe+55uYGFwknZ\nV+AdwXxNllkYGS2qsWiZtcoNdp6MRymMWsnrU47V49/t9u57Ml8Xl3/Ds5hRbAHv\np70lytY8NBFFTSasE6tB2HVOaKTSXptAqs2zBj+R4sZcYGCJMPOkGSmxFhoA40lv\niQAigNLSoYqnPPeDqrhdRqklMaOta/9zyyC3ggEAmv8hMiB6IH5IlR2ZvS05FPRp\nWImR1ccyGJCdV9Lovx54/8GKJbxQpoNyVHDZYmhDysdFVyKHu6rwcjLIBdH/5MqB\nvLIfu+bWHYwd3CGucgx++0biQYkcs4kD0wAAAAAB\n-----END OPENSSH PRIVATE KEY-----\n",
            "private_key_pem": "-----BEGIN RSA PRIVATE KEY-----\nMIIJKQIBAAKCAgEAyfBJSCPvytShmm15ZwoOrBNbU9kQPwjGUbmQd96SCmEAFzz3\nA7GhYm3K+1ofjTnRcxSgKc+rldq0XBu5rVieBVteThA8qMEDSDaVFFwDlq0ojiwc\nbDCfYjPi03iC86PCH9hOE0kwOl5TByXkwQjm9QyqdBAE1G/lAa1Af74aVROszJe6\n4ZrJGz2/l4estTEmdh8Ra5UpVi/5AGfLI3sis7tmbKDThzDG1shg06eNfTkEu0F0\n0FwVqla7n6vbiD5OHGnfU+9QhmHqInpNNprxErs+2HFa1AX3+YXFke+eCcQIvg3+\nQXRZRa3wx6vy4U0pZ34y2vj0/41zQhJI5smYoytlfE9u5oh4RwsKucErmaU0nZAY\nfi3J08V972+3Qge9GaLawrFCQ8Z8bKvV3nMtkqm82Eg3m8bzPEdIOvXFFzDNhp1Z\nJMTgouOwnbvJSTS0un9Yb1UOJu7yYQF4Mp160Cpj+7P4QQGgjaPmehp40QYLeXd2\nyU0xD6uZjbiZn2pQrNK7CAyG861skJnf19N9kMU9sO0ehhUpt+inSvbdoI6cHeQ6\nygJPTGca6zis+CQE1iJzXThdFl7MsNL4IqpBwn4bvRLCJsZ0X9g/reesLRg5jd1b\nS7P3OpgioA5SMiUTKIqxPM3/QfFk9POcLxal357jeT3yTaTkpJLApYJaqLECAwEA\nAQKCAgEAxEgHotQzXs5gqa7hAvN2oXFLIuvoa6yGv6cDsk+nWelA4lWCr5d3iym2\n06uc4XOijx4sM5fEaysihij4yHJLXl+aAXysyUaafxV2wExTvKBgvBhKJCr6sMRI\nJE6N0m2I4dUoxnwsIX/PajI98BdMDkIaaCet2iNMz91rxP6tr6YpHtAYePMvqIfT\nc2EP0SqN/OBj2VMp07lbaTZ57+nfKB3uB4YnNM+HZftsii3hTCcg3zZXabMn5+LY\nCfJMt1gAKoQJ7BbACW6g2pRP+tSNoCxagJ1lsJKAnouVJy1mSo2+BaWqTkrd/ul8\nEUikErQim5LBsa+sy7zcnAsTyyeGcNBqjOr05EhYv89xBHsFnsF4RTWQDVTa3/39\n/G0tzpHpsc+CtRXd6hfxkOUfZ8mqfvK62SWsbfgfJZv9RlBckI4sClOIsDDshEkc\nWVNe4Cpmit3GQL9SJEVmWAMCiXCKSl3N1pVOI0YrQsIKKqkfRM/m+tU3DT4BM/pz\n5qU8bhybeTT6GExfOSiyoFf7Q010bAtP4UWUEXTE1d6hJv14lIIgv5lmHvVs0HrN\n+gWJb2o45j251c3uKvcOdTDO0DyB6RqBKEpT21CHK4q/ovqAT49aK/U0Zv0Z76mm\n+uTOzn1RfOfcZO7SG/dEV4K1lKOoi9BkPP5YKUR5a1EwMwJboAUCggEBAPKz58SE\nGcTwxughIll6SW3CHnBYuESpDzBxS1NQSIuY2sQCEHrAXK4uUa11z2gSRePCxIEK\nZiLnPm9+SljFY+IQYmFMz5gD0xApRFkNVG6AecttsI2a3jY+AbQMY9SldnbrsCsr\nsNiAfllhqnxNATofmGDV64p+LOhJ/Ay5zQhZjWZIz4wi4Kq3P1hR7NF/1zQpVfGQ\nZYboFg39BamSssVVamLD70lPVVAs7zKSY0Rk10O+uvzt4fNplXD89vhAInvCPtag\ncfSEyY+Z8FdVYsyWETMvQ3aNVMkumRwA025bQAvBygeGBfpy/tselPC0Y7CFA8Kh\nOGwP2ljaw6LxgusCggEBANUAodnNcA7G1v5PZj073pr/CNDjPDUroZp0aH3jhXvu\nebmBhcJJ2VfgHcF8TZZZGBktqrFombXKDXaejEcpjFrJ61OO1ePf7fbuezJfF5d/\nw7OYUWwB76e9JcrWPDQRRU0mrBOrQdh1Tmik0l6bQKrNswY/keLGXGBgiTDzpBkp\nsRYaAONJb4kAIoDS0qGKpzz3g6q4XUapJTGjrWv/c8sgt4IBAJr/ITIgeiB+SJUd\nmb0tORT0aViJkdXHMhiQnVfS6L8eeP/BiiW8UKaDclRw2WJoQ8rHRVcih7uq8HIy\nyAXR/+TKgbyyH7vm1h2MHdwhrnIMfvtG4kGJHLOJA9MCggEAS8IegXgetxvVatYU\n68tBKnKin70B3+TJqfxjX+E6k+ClwPNIA5kSFQi+VB/nGvxBNqQwRHtjgFegZJsO\nSAFteT5WBzs7vZ7L/kpzXDzN8yRFYFuf9cO2w0W9sF8BtnnjraFKP1+G9z28stfK\nqLw8utDr9qYvvO4/xE57z9kbiBS0D46AwqSMbp1+t2nzOz3lhhG1Ew9YsbC2Wa12\nXAU/qltMNwIkKkUKQ1mTXLzXIZ08mJfrtFHo6ts1W6yKxtj2Kp1qkgJJL+NXK20I\n2an8ihH50nlZXKMnKRlTj6suVE9FgaX/EzQhn5jPtsQoB663Q31xvAopG4ojRQMc\neDtc+wKCAQBrrEMk37Xasmcx7R8oqyAPSAbD2WqxEhpCAsBjiuUKTfXYcYIVQdGN\nm2xPR6/M5cLJz4zu24qAG+CMav9MZdNefZ3pAlZbN/KKFenO/8TkP6DFI6VdLOlh\n6Lq2+285ftWCd58a3kKN0lbNjSwOyPp6nTr3WKE9erptub8AMNluIuYy3vg97Pxl\ny9ylNG1nXbjGl/RGE6aLNqvnmO7snhiBwUsie7E7qOa1+TbjQBMe1fTGbZriXd72\n86v13hkT097F64bePeA6oTJdewFl+yKLTvSEy2IhmnQR5RGqK3IauFLmpk5t8HR+\n16g1Cy6HhzH8+kW9v1VdXmq3aEFK/GMjAoIBAQDiQAWZfnq2kVThCqp6R0F9zLqx\neYfy6cM4mo/8DjfLTy1XALE7JdRc2TYtcKjgOU/JSrtiwlSs6m8Xu0JGOwmEP+Vf\nHblvn8a7TeJzZqG9vQWhRX/79jyu4AOYIXaVAOQplvxq0kvU2WGebCiaokK3G14D\n2B8tPfwTp4/Egc5eS6eUXYbda2zRzXgI+tWe64p8MZ8NFJAwCpZIoxGMo8tM1PxT\nnSIBuElyz88UT4vO6v1xxmISqac0+wtpZv0dPvLI5FKdv6oOxmOgAdGu2Ap3HyZ2\nwf6nyyiCFxNhLGGe+MHvUKzuRb1Cb0h9L0bO3PMjtEOIVBufDZXey+4y+oNC\n-----END RSA PRIVATE KEY-----\n",
            "private_key_pem_pkcs8": "-----BEGIN PRIVATE KEY-----\nMIIJQwIBADANBgkqhkiG9w0BAQEFAASCCS0wggkpAgEAAoICAQDJ8ElII+/K1KGa\nbXlnCg6sE1tT2RA/CMZRuZB33pIKYQAXPPcDsaFibcr7Wh+NOdFzFKApz6uV2rRc\nG7mtWJ4FW15OEDyowQNINpUUXAOWrSiOLBxsMJ9iM+LTeILzo8If2E4TSTA6XlMH\nJeTBCOb1DKp0EATUb+UBrUB/vhpVE6zMl7rhmskbPb+Xh6y1MSZ2HxFrlSlWL/kA\nZ8sjeyKzu2ZsoNOHMMbWyGDTp419OQS7QXTQXBWqVrufq9uIPk4cad9T71CGYeoi\nek02mvESuz7YcVrUBff5hcWR754JxAi+Df5BdFlFrfDHq/LhTSlnfjLa+PT/jXNC\nEkjmyZijK2V8T27miHhHCwq5wSuZpTSdkBh+LcnTxX3vb7dCB70ZotrCsUJDxnxs\nq9Xecy2SqbzYSDebxvM8R0g69cUXMM2GnVkkxOCi47Cdu8lJNLS6f1hvVQ4m7vJh\nAXgynXrQKmP7s/hBAaCNo+Z6GnjRBgt5d3bJTTEPq5mNuJmfalCs0rsIDIbzrWyQ\nmd/X032QxT2w7R6GFSm36KdK9t2gjpwd5DrKAk9MZxrrOKz4JATWInNdOF0WXsyw\n0vgiqkHCfhu9EsImxnRf2D+t56wtGDmN3VtLs/c6mCKgDlIyJRMoirE8zf9B8WT0\n85wvFqXfnuN5PfJNpOSkksClglqosQIDAQABAoICAQDESAei1DNezmCpruEC83ah\ncUsi6+hrrIa/pwOyT6dZ6UDiVYKvl3eLKbbTq5zhc6KPHiwzl8RrKyKGKPjIckte\nX5oBfKzJRpp/FXbATFO8oGC8GEokKvqwxEgkTo3SbYjh1SjGfCwhf89qMj3wF0wO\nQhpoJ63aI0zP3WvE/q2vpike0Bh48y+oh9NzYQ/RKo384GPZUynTuVtpNnnv6d8o\nHe4Hhic0z4dl+2yKLeFMJyDfNldpsyfn4tgJ8ky3WAAqhAnsFsAJbqDalE/61I2g\nLFqAnWWwkoCei5UnLWZKjb4FpapOSt3+6XwRSKQStCKbksGxr6zLvNycCxPLJ4Zw\n0GqM6vTkSFi/z3EEewWewXhFNZANVNrf/f38bS3Okemxz4K1Fd3qF/GQ5R9nyap+\n8rrZJaxt+B8lm/1GUFyQjiwKU4iwMOyESRxZU17gKmaK3cZAv1IkRWZYAwKJcIpK\nXc3WlU4jRitCwgoqqR9Ez+b61TcNPgEz+nPmpTxuHJt5NPoYTF85KLKgV/tDTXRs\nC0/hRZQRdMTV3qEm/XiUgiC/mWYe9WzQes36BYlvajjmPbnVze4q9w51MM7QPIHp\nGoEoSlPbUIcrir+i+oBPj1or9TRm/Rnvqab65M7OfVF859xk7tIb90RXgrWUo6iL\n0GQ8/lgpRHlrUTAzAlugBQKCAQEA8rPnxIQZxPDG6CEiWXpJbcIecFi4RKkPMHFL\nU1BIi5jaxAIQesBcri5RrXXPaBJF48LEgQpmIuc+b35KWMVj4hBiYUzPmAPTEClE\nWQ1UboB5y22wjZreNj4BtAxj1KV2duuwKyuw2IB+WWGqfE0BOh+YYNXrin4s6En8\nDLnNCFmNZkjPjCLgqrc/WFHs0X/XNClV8ZBlhugWDf0FqZKyxVVqYsPvSU9VUCzv\nMpJjRGTXQ766/O3h82mVcPz2+EAie8I+1qBx9ITJj5nwV1VizJYRMy9Ddo1UyS6Z\nHADTbltAC8HKB4YF+nL+2x6U8LRjsIUDwqE4bA/aWNrDovGC6wKCAQEA1QCh2c1w\nDsbW/k9mPTvemv8I0OM8NSuhmnRofeOFe+55uYGFwknZV+AdwXxNllkYGS2qsWiZ\ntcoNdp6MRymMWsnrU47V49/t9u57Ml8Xl3/Ds5hRbAHvp70lytY8NBFFTSasE6tB\n2HVOaKTSXptAqs2zBj+R4sZcYGCJMPOkGSmxFhoA40lviQAigNLSoYqnPPeDqrhd\nRqklMaOta/9zyyC3ggEAmv8hMiB6IH5IlR2ZvS05FPRpWImR1ccyGJCdV9Lovx54\n/8GKJbxQpoNyVHDZYmhDysdFVyKHu6rwcjLIBdH/5MqBvLIfu+bWHYwd3CGucgx+\n+0biQYkcs4kD0wKCAQBLwh6BeB63G9Vq1hTry0EqcqKfvQHf5Mmp/GNf4TqT4KXA\n80gDmRIVCL5UH+ca/EE2pDBEe2OAV6Bkmw5IAW15PlYHOzu9nsv+SnNcPM3zJEVg\nW5/1w7bDRb2wXwG2eeOtoUo/X4b3Pbyy18qovDy60Ov2pi+87j/ETnvP2RuIFLQP\njoDCpIxunX63afM7PeWGEbUTD1ixsLZZrXZcBT+qW0w3AiQqRQpDWZNcvNchnTyY\nl+u0Uejq2zVbrIrG2PYqnWqSAkkv41crbQjZqfyKEfnSeVlcoycpGVOPqy5UT0WB\npf8TNCGfmM+2xCgHrrdDfXG8CikbiiNFAxx4O1z7AoIBAGusQyTftdqyZzHtHyir\nIA9IBsPZarESGkICwGOK5QpN9dhxghVB0Y2bbE9Hr8zlwsnPjO7bioAb4Ixq/0xl\n0159nekCVls38ooV6c7/xOQ/oMUjpV0s6WHourb7bzl+1YJ3nxreQo3SVs2NLA7I\n+nqdOvdYoT16um25vwAw2W4i5jLe+D3s/GXL3KU0bWdduMaX9EYTpos2q+eY7uye\nGIHBSyJ7sTuo5rX5NuNAEx7V9MZtmuJd3vbzq/XeGRPT3sXrht494DqhMl17AWX7\nIotO9ITLYiGadBHlEaorchq4UuamTm3wdH7XqDULLoeHMfz6Rb2/VV1eardoQUr8\nYyMCggEBAOJABZl+eraRVOEKqnpHQX3MurF5h/Lpwziaj/wON8tPLVcAsTsl1FzZ\nNi1wqOA5T8lKu2LCVKzqbxe7QkY7CYQ/5V8duW+fxrtN4nNmob29BaFFf/v2PK7g\nA5ghdpUA5CmW/GrSS9TZYZ5sKJqiQrcbXgPYHy09/BOnj8SBzl5Lp5Rdht1rbNHN\neAj61Z7rinwxnw0UkDAKlkijEYyjy0zU/FOdIgG4SXLPzxRPi87q/XHGYhKppzT7\nC2lm/R0+8sjkUp2/qg7GY6AB0a7YCncfJnbB/qfLKIIXE2EsYZ74we9QrO5FvUJv\nSH0vRs7c8yO0Q4hUG58Nld7L7jL6g0I=\n-----END PRIVATE KEY-----\n",
            "public_key_fingerprint_md5": "0e:2c:7b:1a:44:68:bb:a8:33:cb:71:17:0e:6e:3f:82",
            "public_key_fingerprint_sha256": "SHA256:+7n2phLtT/+bv37lRsHrT25AvCYuC4O91P+mLVDaAAw",
            "public_key_openssh": "ssh-rsa AAAAB3NzaC1yc2EAAAADAQABAAACAQDJ8ElII+/K1KGabXlnCg6sE1tT2RA/CMZRuZB33pIKYQAXPPcDsaFibcr7Wh+NOdFzFKApz6uV2rRcG7mtWJ4FW15OEDyowQNINpUUXAOWrSiOLBxsMJ9iM+LTeILzo8If2E4TSTA6XlMHJeTBCOb1DKp0EATUb+UBrUB/vhpVE6zMl7rhmskbPb+Xh6y1MSZ2HxFrlSlWL/kAZ8sjeyKzu2ZsoNOHMMbWyGDTp419OQS7QXTQXBWqVrufq9uIPk4cad9T71CGYeoiek02mvESuz7YcVrUBff5hcWR754JxAi+Df5BdFlFrfDHq/LhTSlnfjLa+PT/jXNCEkjmyZijK2V8T27miHhHCwq5wSuZpTSdkBh+LcnTxX3vb7dCB70ZotrCsUJDxnxsq9Xecy2SqbzYSDebxvM8R0g69cUXMM2GnVkkxOCi47Cdu8lJNLS6f1hvVQ4m7vJhAXgynXrQKmP7s/hBAaCNo+Z6GnjRBgt5d3bJTTEPq5mNuJmfalCs0rsIDIbzrWyQmd/X032QxT2w7R6GFSm36KdK9t2gjpwd5DrKAk9MZxrrOKz4JATWInNdOF0WXsyw0vgiqkHCfhu9EsImxnRf2D+t56wtGDmN3VtLs/c6mCKgDlIyJRMoirE8zf9B8WT085wvFqXfnuN5PfJNpOSkksClglqosQ==\n",
            "public_key_pem": "-----BEGIN PUBLIC KEY-----\nMIICIjANBgkqhkiG9w0BAQEFAAOCAg8AMIICCgKCAgEAyfBJSCPvytShmm15ZwoO\nrBNbU9kQPwjGUbmQd96SCmEAFzz3A7GhYm3K+1ofjTnRcxSgKc+rldq0XBu5rVie\nBVteThA8qMEDSDaVFFwDlq0ojiwcbDCfYjPi03iC86PCH9hOE0kwOl5TByXkwQjm\n9QyqdBAE1G/lAa1Af74aVROszJe64ZrJGz2/l4estTEmdh8Ra5UpVi/5AGfLI3si\ns7tmbKDThzDG1shg06eNfTkEu0F00FwVqla7n6vbiD5OHGnfU+9QhmHqInpNNprx\nErs+2HFa1AX3+YXFke+eCcQIvg3+QXRZRa3wx6vy4U0pZ34y2vj0/41zQhJI5smY\noytlfE9u5oh4RwsKucErmaU0nZAYfi3J08V972+3Qge9GaLawrFCQ8Z8bKvV3nMt\nkqm82Eg3m8bzPEdIOvXFFzDNhp1ZJMTgouOwnbvJSTS0un9Yb1UOJu7yYQF4Mp16\n0Cpj+7P4QQGgjaPmehp40QYLeXd2yU0xD6uZjbiZn2pQrNK7CAyG861skJnf19N9\nkMU9sO0ehhUpt+inSvbdoI6cHeQ6ygJPTGca6zis+CQE1iJzXThdFl7MsNL4IqpB\nwn4bvRLCJsZ0X9g/reesLRg5jd1bS7P3OpgioA5SMiUTKIqxPM3/QfFk9POcLxal\n357jeT3yTaTkpJLApYJaqLECAwEAAQ==\n-----END PUBLIC KEY-----\n",
            "rsa_bits": 4096
          },
          "sensitive_attributes": [
            [
              {
                "type": "get_attr",
                "value": "private_key_pem"
              }
            ],
            [
              {
                "type": "get_attr",
                "value": "private_key_openssh"
              }
            ],
            [
              {
                "type": "get_attr",
                "value": "private_key_pem_pkcs8"
              }
            ]
          ]
        }
      ]
    },
    {
      "module": "module.vpc",
      "mode": "data",
      "type": "aws_availability_zones",
      "name": "available",
      "provider": "provider[\"registry.terraform.io/hashicorp/aws\"]",
      "instances": [
        {
          "schema_version": 0,
          "attributes": {
            "all_availability_zones": null,
            "exclude_names": null,
            "exclude_zone_ids": null,
            "filter": null,
            "group_names": [
              "us-west-1"
            ],
            "id": "us-west-1",
            "names": [
              "us-west-1a",
              "us-west-1c"
            ],
            "state": null,
            "timeouts": null,
            "zone_ids": [
              "usw1-az1",
              "usw1-az3"
            ]
          },
          "sensitive_attributes": []
        }
      ]
    },
    {
      "module": "module.vpc",
      "mode": "managed",
      "type": "aws_eip",
      "name": "nat",
      "provider": "provider[\"registry.terraform.io/hashicorp/aws\"]",
      "instances": [
        {
          "index_key": 0,
          "schema_version": 0,
          "attributes": {
            "address": null,
            "allocation_id": "eipalloc-02170d276844b4745",
            "arn": "arn:aws:ec2:us-west-1:767397811841:elastic-ip/eipalloc-02170d276844b4745",
            "associate_with_private_ip": null,
            "association_id": "",
            "carrier_ip": "",
            "customer_owned_ip": "",
            "customer_owned_ipv4_pool": "",
            "domain": "vpc",
            "id": "eipalloc-02170d276844b4745",
            "instance": "",
            "network_border_group": "us-west-1",
            "network_interface": "",
            "private_dns": null,
            "private_ip": "",
            "ptr_record": "",
            "public_dns": "ec2-52-8-69-233.us-west-1.compute.amazonaws.com",
            "public_ip": "52.8.69.233",
            "public_ipv4_pool": "amazon",
            "tags": {
              "Name": "NAT Gateway EIP"
            },
            "tags_all": {
              "Name": "NAT Gateway EIP"
            },
            "timeouts": null,
            "vpc": true
          },
          "sensitive_attributes": [],
          "private": "eyJlMmJmYjczMC1lY2FhLTExZTYtOGY4OC0zNDM2M2JjN2M0YzAiOnsiZGVsZXRlIjoxODAwMDAwMDAwMDAsInJlYWQiOjkwMDAwMDAwMDAwMCwidXBkYXRlIjozMDAwMDAwMDAwMDB9fQ=="
        }
      ]
    },
    {
      "module": "module.vpc",
      "mode": "managed",
      "type": "aws_internet_gateway",
      "name": "main",
      "provider": "provider[\"registry.terraform.io/hashicorp/aws\"]",
      "instances": [
        {
          "schema_version": 0,
          "attributes": {
            "arn": "arn:aws:ec2:us-west-1:767397811841:internet-gateway/igw-013e5985b1fe1284d",
            "id": "igw-013e5985b1fe1284d",
            "owner_id": "767397811841",
            "tags": {
              "Name": "main-igw"
            },
            "tags_all": {
              "Name": "main-igw"
            },
            "timeouts": null,
            "vpc_id": "vpc-0eb1fe49cd17cece6"
          },
          "sensitive_attributes": [],
          "private": "eyJlMmJmYjczMC1lY2FhLTExZTYtOGY4OC0zNDM2M2JjN2M0YzAiOnsiY3JlYXRlIjoxMjAwMDAwMDAwMDAwLCJkZWxldGUiOjEyMDAwMDAwMDAwMDAsInVwZGF0ZSI6MTIwMDAwMDAwMDAwMH19",
          "dependencies": [
            "module.vpc.aws_vpc.main"
          ]
        }
      ]
    },
    {
      "module": "module.vpc",
      "mode": "managed",
      "type": "aws_nat_gateway",
      "name": "main",
      "provider": "provider[\"registry.terraform.io/hashicorp/aws\"]",
      "instances": [
        {
          "index_key": 0,
          "schema_version": 0,
          "attributes": {
            "allocation_id": "eipalloc-02170d276844b4745",
            "association_id": "eipassoc-0ce6ba285a604691d",
            "connectivity_type": "public",
            "id": "nat-0fd189cfd2f9b8d4e",
            "network_interface_id": "eni-030e094098e66e44a",
            "private_ip": "10.0.0.5",
            "public_ip": "52.8.69.233",
            "secondary_allocation_ids": null,
            "secondary_private_ip_address_count": 0,
            "secondary_private_ip_addresses": [],
            "subnet_id": "subnet-01987e242192f5329",
            "tags": {
              "Name": "Main NAT Gateway"
            },
            "tags_all": {
              "Name": "Main NAT Gateway"
            },
            "timeouts": null
          },
          "sensitive_attributes": [],
          "private": "eyJlMmJmYjczMC1lY2FhLTExZTYtOGY4OC0zNDM2M2JjN2M0YzAiOnsiY3JlYXRlIjo2MDAwMDAwMDAwMDAsImRlbGV0ZSI6MTgwMDAwMDAwMDAwMCwidXBkYXRlIjo2MDAwMDAwMDAwMDB9fQ==",
          "dependencies": [
            "module.vpc.aws_eip.nat",
            "module.vpc.aws_subnet.public",
            "module.vpc.aws_vpc.main",
            "module.vpc.data.aws_availability_zones.available"
          ]
        }
      ]
    },
    {
      "module": "module.vpc",
      "mode": "managed",
      "type": "aws_route_table",
      "name": "private",
      "provider": "provider[\"registry.terraform.io/hashicorp/aws\"]",
      "instances": [
        {
          "schema_version": 0,
          "attributes": {
            "arn": "arn:aws:ec2:us-west-1:767397811841:route-table/rtb-08b7ee7d5ad783262",
            "id": "rtb-08b7ee7d5ad783262",
            "owner_id": "767397811841",
            "propagating_vgws": [],
            "route": [
              {
                "carrier_gateway_id": "",
                "cidr_block": "0.0.0.0/0",
                "core_network_arn": "",
                "destination_prefix_list_id": "",
                "egress_only_gateway_id": "",
                "gateway_id": "",
                "ipv6_cidr_block": "",
                "local_gateway_id": "",
                "nat_gateway_id": "nat-0fd189cfd2f9b8d4e",
                "network_interface_id": "",
                "transit_gateway_id": "",
                "vpc_endpoint_id": "",
                "vpc_peering_connection_id": ""
              }
            ],
            "tags": {
              "Name": "Private Route Table"
            },
            "tags_all": {
              "Name": "Private Route Table"
            },
            "timeouts": null,
            "vpc_id": "vpc-0eb1fe49cd17cece6"
          },
          "sensitive_attributes": [],
          "private": "eyJlMmJmYjczMC1lY2FhLTExZTYtOGY4OC0zNDM2M2JjN2M0YzAiOnsiY3JlYXRlIjozMDAwMDAwMDAwMDAsImRlbGV0ZSI6MzAwMDAwMDAwMDAwLCJ1cGRhdGUiOjEyMDAwMDAwMDAwMH19",
          "dependencies": [
            "module.vpc.aws_eip.nat",
            "module.vpc.aws_nat_gateway.main",
            "module.vpc.aws_subnet.public",
            "module.vpc.aws_vpc.main",
            "module.vpc.data.aws_availability_zones.available"
          ]
        }
      ]
    },
    {
      "module": "module.vpc",
      "mode": "managed",
      "type": "aws_route_table",
      "name": "public",
      "provider": "provider[\"registry.terraform.io/hashicorp/aws\"]",
      "instances": [
        {
          "schema_version": 0,
          "attributes": {
            "arn": "arn:aws:ec2:us-west-1:767397811841:route-table/rtb-0b527a890661fc7a6",
            "id": "rtb-0b527a890661fc7a6",
            "owner_id": "767397811841",
            "propagating_vgws": [],
            "route": [
              {
                "carrier_gateway_id": "",
                "cidr_block": "0.0.0.0/0",
                "core_network_arn": "",
                "destination_prefix_list_id": "",
                "egress_only_gateway_id": "",
                "gateway_id": "igw-013e5985b1fe1284d",
                "ipv6_cidr_block": "",
                "local_gateway_id": "",
                "nat_gateway_id": "",
                "network_interface_id": "",
                "transit_gateway_id": "",
                "vpc_endpoint_id": "",
                "vpc_peering_connection_id": ""
              }
            ],
            "tags": {
              "Name": "Public Route Table"
            },
            "tags_all": {
              "Name": "Public Route Table"
            },
            "timeouts": null,
            "vpc_id": "vpc-0eb1fe49cd17cece6"
          },
          "sensitive_attributes": [],
          "private": "eyJlMmJmYjczMC1lY2FhLTExZTYtOGY4OC0zNDM2M2JjN2M0YzAiOnsiY3JlYXRlIjozMDAwMDAwMDAwMDAsImRlbGV0ZSI6MzAwMDAwMDAwMDAwLCJ1cGRhdGUiOjEyMDAwMDAwMDAwMH19",
          "dependencies": [
            "module.vpc.aws_internet_gateway.main",
            "module.vpc.aws_vpc.main"
          ]
        }
      ]
    },
    {
      "module": "module.vpc",
      "mode": "managed",
      "type": "aws_route_table_association",
      "name": "private",
      "provider": "provider[\"registry.terraform.io/hashicorp/aws\"]",
      "instances": [
        {
          "index_key": 0,
          "schema_version": 0,
          "attributes": {
            "gateway_id": "",
            "id": "rtbassoc-0b4afeaadd7f57b22",
            "route_table_id": "rtb-08b7ee7d5ad783262",
            "subnet_id": "subnet-020c43f364b9bcf1b",
            "timeouts": null
          },
          "sensitive_attributes": [],
          "private": "eyJlMmJmYjczMC1lY2FhLTExZTYtOGY4OC0zNDM2M2JjN2M0YzAiOnsiY3JlYXRlIjozMDAwMDAwMDAwMDAsImRlbGV0ZSI6MzAwMDAwMDAwMDAwLCJ1cGRhdGUiOjEyMDAwMDAwMDAwMH19",
          "dependencies": [
            "module.vpc.aws_eip.nat",
            "module.vpc.aws_nat_gateway.main",
            "module.vpc.aws_route_table.private",
            "module.vpc.aws_subnet.private",
            "module.vpc.aws_subnet.public",
            "module.vpc.aws_vpc.main",
            "module.vpc.data.aws_availability_zones.available"
          ]
        },
        {
          "index_key": 1,
          "schema_version": 0,
          "attributes": {
            "gateway_id": "",
            "id": "rtbassoc-0b78e00893a0823c3",
            "route_table_id": "rtb-08b7ee7d5ad783262",
            "subnet_id": "subnet-0a7cb2739fda3ddcf",
            "timeouts": null
          },
          "sensitive_attributes": [],
          "private": "eyJlMmJmYjczMC1lY2FhLTExZTYtOGY4OC0zNDM2M2JjN2M0YzAiOnsiY3JlYXRlIjozMDAwMDAwMDAwMDAsImRlbGV0ZSI6MzAwMDAwMDAwMDAwLCJ1cGRhdGUiOjEyMDAwMDAwMDAwMH19",
          "dependencies": [
            "module.vpc.aws_eip.nat",
            "module.vpc.aws_nat_gateway.main",
            "module.vpc.aws_route_table.private",
            "module.vpc.aws_subnet.private",
            "module.vpc.aws_subnet.public",
            "module.vpc.aws_vpc.main",
            "module.vpc.data.aws_availability_zones.available"
          ]
        }
      ]
    },
    {
      "module": "module.vpc",
      "mode": "managed",
      "type": "aws_route_table_association",
      "name": "public",
      "provider": "provider[\"registry.terraform.io/hashicorp/aws\"]",
      "instances": [
        {
          "index_key": 0,
          "schema_version": 0,
          "attributes": {
            "gateway_id": "",
            "id": "rtbassoc-0fa895cf27ac6ace5",
            "route_table_id": "rtb-0b527a890661fc7a6",
            "subnet_id": "subnet-01987e242192f5329",
            "timeouts": null
          },
          "sensitive_attributes": [],
          "private": "eyJlMmJmYjczMC1lY2FhLTExZTYtOGY4OC0zNDM2M2JjN2M0YzAiOnsiY3JlYXRlIjozMDAwMDAwMDAwMDAsImRlbGV0ZSI6MzAwMDAwMDAwMDAwLCJ1cGRhdGUiOjEyMDAwMDAwMDAwMH19",
          "dependencies": [
            "module.vpc.aws_internet_gateway.main",
            "module.vpc.aws_route_table.public",
            "module.vpc.aws_subnet.public",
            "module.vpc.aws_vpc.main",
            "module.vpc.data.aws_availability_zones.available"
          ]
        },
        {
          "index_key": 1,
          "schema_version": 0,
          "attributes": {
            "gateway_id": "",
            "id": "rtbassoc-05eafc67759deb0a4",
            "route_table_id": "rtb-0b527a890661fc7a6",
            "subnet_id": "subnet-01475139a6f4899b1",
            "timeouts": null
          },
          "sensitive_attributes": [],
          "private": "eyJlMmJmYjczMC1lY2FhLTExZTYtOGY4OC0zNDM2M2JjN2M0YzAiOnsiY3JlYXRlIjozMDAwMDAwMDAwMDAsImRlbGV0ZSI6MzAwMDAwMDAwMDAwLCJ1cGRhdGUiOjEyMDAwMDAwMDAwMH19",
          "dependencies": [
            "module.vpc.aws_internet_gateway.main",
            "module.vpc.aws_route_table.public",
            "module.vpc.aws_subnet.public",
            "module.vpc.aws_vpc.main",
            "module.vpc.data.aws_availability_zones.available"
          ]
        }
      ]
    },
    {
      "module": "module.vpc",
      "mode": "managed",
      "type": "aws_subnet",
      "name": "private",
      "provider": "provider[\"registry.terraform.io/hashicorp/aws\"]",
      "instances": [
        {
          "index_key": 0,
          "schema_version": 1,
          "attributes": {
            "arn": "arn:aws:ec2:us-west-1:767397811841:subnet/subnet-020c43f364b9bcf1b",
            "assign_ipv6_address_on_creation": false,
            "availability_zone": "us-west-1a",
            "availability_zone_id": "usw1-az1",
            "cidr_block": "10.0.10.0/24",
            "customer_owned_ipv4_pool": "",
            "enable_dns64": false,
            "enable_lni_at_device_index": 0,
            "enable_resource_name_dns_a_record_on_launch": false,
            "enable_resource_name_dns_aaaa_record_on_launch": false,
            "id": "subnet-020c43f364b9bcf1b",
            "ipv6_cidr_block": "",
            "ipv6_cidr_block_association_id": "",
            "ipv6_native": false,
            "map_customer_owned_ip_on_launch": false,
            "map_public_ip_on_launch": false,
            "outpost_arn": "",
            "owner_id": "767397811841",
            "private_dns_hostname_type_on_launch": "ip-name",
            "tags": {
              "Name": "Private Subnet 1"
            },
            "tags_all": {
              "Name": "Private Subnet 1"
            },
            "timeouts": null,
            "vpc_id": "vpc-0eb1fe49cd17cece6"
          },
          "sensitive_attributes": [],
          "private": "eyJlMmJmYjczMC1lY2FhLTExZTYtOGY4OC0zNDM2M2JjN2M0YzAiOnsiY3JlYXRlIjo2MDAwMDAwMDAwMDAsImRlbGV0ZSI6MTIwMDAwMDAwMDAwMH0sInNjaGVtYV92ZXJzaW9uIjoiMSJ9",
          "dependencies": [
            "module.vpc.aws_vpc.main",
            "module.vpc.data.aws_availability_zones.available"
          ]
        },
        {
          "index_key": 1,
          "schema_version": 1,
          "attributes": {
            "arn": "arn:aws:ec2:us-west-1:767397811841:subnet/subnet-0a7cb2739fda3ddcf",
            "assign_ipv6_address_on_creation": false,
            "availability_zone": "us-west-1c",
            "availability_zone_id": "usw1-az3",
            "cidr_block": "10.0.11.0/24",
            "customer_owned_ipv4_pool": "",
            "enable_dns64": false,
            "enable_lni_at_device_index": 0,
            "enable_resource_name_dns_a_record_on_launch": false,
            "enable_resource_name_dns_aaaa_record_on_launch": false,
            "id": "subnet-0a7cb2739fda3ddcf",
            "ipv6_cidr_block": "",
            "ipv6_cidr_block_association_id": "",
            "ipv6_native": false,
            "map_customer_owned_ip_on_launch": false,
            "map_public_ip_on_launch": false,
            "outpost_arn": "",
            "owner_id": "767397811841",
            "private_dns_hostname_type_on_launch": "ip-name",
            "tags": {
              "Name": "Private Subnet 2"
            },
            "tags_all": {
              "Name": "Private Subnet 2"
            },
            "timeouts": null,
            "vpc_id": "vpc-0eb1fe49cd17cece6"
          },
          "sensitive_attributes": [],
          "private": "eyJlMmJmYjczMC1lY2FhLTExZTYtOGY4OC0zNDM2M2JjN2M0YzAiOnsiY3JlYXRlIjo2MDAwMDAwMDAwMDAsImRlbGV0ZSI6MTIwMDAwMDAwMDAwMH0sInNjaGVtYV92ZXJzaW9uIjoiMSJ9",
          "dependencies": [
            "module.vpc.aws_vpc.main",
            "module.vpc.data.aws_availability_zones.available"
          ]
        }
      ]
    },
    {
      "module": "module.vpc",
      "mode": "managed",
      "type": "aws_subnet",
      "name": "public",
      "provider": "provider[\"registry.terraform.io/hashicorp/aws\"]",
      "instances": [
        {
          "index_key": 0,
          "schema_version": 1,
          "attributes": {
            "arn": "arn:aws:ec2:us-west-1:767397811841:subnet/subnet-01987e242192f5329",
            "assign_ipv6_address_on_creation": false,
            "availability_zone": "us-west-1a",
            "availability_zone_id": "usw1-az1",
            "cidr_block": "10.0.0.0/24",
            "customer_owned_ipv4_pool": "",
            "enable_dns64": false,
            "enable_lni_at_device_index": 0,
            "enable_resource_name_dns_a_record_on_launch": false,
            "enable_resource_name_dns_aaaa_record_on_launch": false,
            "id": "subnet-01987e242192f5329",
            "ipv6_cidr_block": "",
            "ipv6_cidr_block_association_id": "",
            "ipv6_native": false,
            "map_customer_owned_ip_on_launch": false,
            "map_public_ip_on_launch": false,
            "outpost_arn": "",
            "owner_id": "767397811841",
            "private_dns_hostname_type_on_launch": "ip-name",
            "tags": {
              "Name": "Public Subnet 1"
            },
            "tags_all": {
              "Name": "Public Subnet 1"
            },
            "timeouts": null,
            "vpc_id": "vpc-0eb1fe49cd17cece6"
          },
          "sensitive_attributes": [],
          "private": "eyJlMmJmYjczMC1lY2FhLTExZTYtOGY4OC0zNDM2M2JjN2M0YzAiOnsiY3JlYXRlIjo2MDAwMDAwMDAwMDAsImRlbGV0ZSI6MTIwMDAwMDAwMDAwMH0sInNjaGVtYV92ZXJzaW9uIjoiMSJ9",
          "dependencies": [
            "module.vpc.aws_vpc.main",
            "module.vpc.data.aws_availability_zones.available"
          ]
        },
        {
          "index_key": 1,
          "schema_version": 1,
          "attributes": {
            "arn": "arn:aws:ec2:us-west-1:767397811841:subnet/subnet-01475139a6f4899b1",
            "assign_ipv6_address_on_creation": false,
            "availability_zone": "us-west-1c",
            "availability_zone_id": "usw1-az3",
            "cidr_block": "10.0.1.0/24",
            "customer_owned_ipv4_pool": "",
            "enable_dns64": false,
            "enable_lni_at_device_index": 0,
            "enable_resource_name_dns_a_record_on_launch": false,
            "enable_resource_name_dns_aaaa_record_on_launch": false,
            "id": "subnet-01475139a6f4899b1",
            "ipv6_cidr_block": "",
            "ipv6_cidr_block_association_id": "",
            "ipv6_native": false,
            "map_customer_owned_ip_on_launch": false,
            "map_public_ip_on_launch": false,
            "outpost_arn": "",
            "owner_id": "767397811841",
            "private_dns_hostname_type_on_launch": "ip-name",
            "tags": {
              "Name": "Public Subnet 2"
            },
            "tags_all": {
              "Name": "Public Subnet 2"
            },
            "timeouts": null,
            "vpc_id": "vpc-0eb1fe49cd17cece6"
          },
          "sensitive_attributes": [],
          "private": "eyJlMmJmYjczMC1lY2FhLTExZTYtOGY4OC0zNDM2M2JjN2M0YzAiOnsiY3JlYXRlIjo2MDAwMDAwMDAwMDAsImRlbGV0ZSI6MTIwMDAwMDAwMDAwMH0sInNjaGVtYV92ZXJzaW9uIjoiMSJ9",
          "dependencies": [
            "module.vpc.aws_vpc.main",
            "module.vpc.data.aws_availability_zones.available"
          ]
        }
      ]
    },
    {
      "module": "module.vpc",
      "mode": "managed",
      "type": "aws_vpc",
      "name": "main",
      "provider": "provider[\"registry.terraform.io/hashicorp/aws\"]",
      "instances": [
        {
          "schema_version": 1,
          "attributes": {
            "arn": "arn:aws:ec2:us-west-1:767397811841:vpc/vpc-0eb1fe49cd17cece6",
            "assign_generated_ipv6_cidr_block": false,
            "cidr_block": "10.0.0.0/16",
            "default_network_acl_id": "acl-02f3dcbf616cf9ba0",
            "default_route_table_id": "rtb-0092e481c623adb67",
            "default_security_group_id": "sg-0745f87997022b1b9",
            "dhcp_options_id": "dopt-061ca8550d6e691cb",
            "enable_dns_hostnames": true,
            "enable_dns_support": true,
            "enable_network_address_usage_metrics": false,
            "id": "vpc-0eb1fe49cd17cece6",
            "instance_tenancy": "default",
            "ipv4_ipam_pool_id": null,
            "ipv4_netmask_length": null,
            "ipv6_association_id": "",
            "ipv6_cidr_block": "",
            "ipv6_cidr_block_network_border_group": "",
            "ipv6_ipam_pool_id": "",
            "ipv6_netmask_length": 0,
            "main_route_table_id": "rtb-0092e481c623adb67",
            "owner_id": "767397811841",
            "tags": {
              "Name": "main-vpc"
            },
            "tags_all": {
              "Name": "main-vpc"
            }
          },
          "sensitive_attributes": [],
          "private": "eyJzY2hlbWFfdmVyc2lvbiI6IjEifQ=="
        }
      ]
    }
  ],
  "check_results": null
}
