{
  "version": 4,
  "terraform_version": "1.9.2",
  "serial": 265,
  "lineage": "f1ba308c-299a-679c-08b7-79b201301a5f",
  "outputs": {},
  "resources": [
    {
      "module": "module.clickhouse_ec2_instance",
      "mode": "data",
      "type": "aws_ami",
      "name": "ubuntu",
      "provider": "module.clickhouse_ec2_instance.provider[\"registry.terraform.io/hashicorp/aws\"]",
      "instances": [
        {
          "schema_version": 0,
          "attributes": {
            "architecture": "x86_64",
            "arn": "arn:aws:ec2:us-west-1::image/ami-07cef98a7cbb3ffe6",
            "block_device_mappings": [
              {
                "device_name": "/dev/sda1",
                "ebs": {
                  "delete_on_termination": "true",
                  "encrypted": "false",
                  "iops": "0",
                  "snapshot_id": "snap-06375cbd8b5e996b9",
                  "throughput": "0",
                  "volume_size": "8",
                  "volume_type": "gp2"
                },
                "no_device": "",
                "virtual_name": ""
              },
              {
                "device_name": "/dev/sdb",
                "ebs": {},
                "no_device": "",
                "virtual_name": "ephemeral0"
              },
              {
                "device_name": "/dev/sdc",
                "ebs": {},
                "no_device": "",
                "virtual_name": "ephemeral1"
              }
            ],
            "boot_mode": "legacy-bios",
            "creation_date": "2024-07-04T23:34:17.000Z",
            "deprecation_time": "2026-07-04T23:34:17.000Z",
            "description": "Canonical, Ubuntu, 20.04 LTS, amd64 focal image build on 2024-07-04",
            "ena_support": true,
            "executable_users": null,
            "filter": [
              {
                "name": "name",
                "values": [
                  "ubuntu/images/hvm-ssd/ubuntu-focal-20.04-amd64-server-*"
                ]
              },
              {
                "name": "virtualization-type",
                "values": [
                  "hvm"
                ]
              }
            ],
            "hypervisor": "xen",
            "id": "ami-07cef98a7cbb3ffe6",
            "image_id": "ami-07cef98a7cbb3ffe6",
            "image_location": "amazon/ubuntu/images/hvm-ssd/ubuntu-focal-20.04-amd64-server-20240704",
            "image_owner_alias": "amazon",
            "image_type": "machine",
            "imds_support": "",
            "include_deprecated": false,
            "kernel_id": "",
            "most_recent": true,
            "name": "ubuntu/images/hvm-ssd/ubuntu-focal-20.04-amd64-server-20240704",
            "name_regex": null,
            "owner_id": "099720109477",
            "owners": [
              "099720109477"
            ],
            "platform": "",
            "platform_details": "Linux/UNIX",
            "product_codes": [],
            "public": true,
            "ramdisk_id": "",
            "root_device_name": "/dev/sda1",
            "root_device_type": "ebs",
            "root_snapshot_id": "snap-06375cbd8b5e996b9",
            "sriov_net_support": "simple",
            "state": "available",
            "state_reason": {
              "code": "UNSET",
              "message": "UNSET"
            },
            "tags": {},
            "timeouts": null,
            "tpm_support": "",
            "usage_operation": "RunInstances",
            "virtualization_type": "hvm"
          },
          "sensitive_attributes": []
        }
      ]
    },
    {
      "module": "module.clickhouse_ec2_instance",
      "mode": "managed",
      "type": "aws_instance",
      "name": "clickhouse_server",
      "provider": "module.clickhouse_ec2_instance.provider[\"registry.terraform.io/hashicorp/aws\"]",
      "instances": [
        {
          "schema_version": 1,
          "attributes": {
            "ami": "ami-07cef98a7cbb3ffe6",
            "arn": "arn:aws:ec2:us-west-1:767397811841:instance/i-036c677713a3cf013",
            "associate_public_ip_address": true,
            "availability_zone": "us-west-1a",
            "capacity_reservation_specification": [
              {
                "capacity_reservation_preference": "open",
                "capacity_reservation_target": []
              }
            ],
            "cpu_core_count": 1,
            "cpu_options": [
              {
                "amd_sev_snp": "",
                "core_count": 1,
                "threads_per_core": 1
              }
            ],
            "cpu_threads_per_core": 1,
            "credit_specification": [
              {
                "cpu_credits": "standard"
              }
            ],
            "disable_api_stop": false,
            "disable_api_termination": false,
            "ebs_block_device": [],
            "ebs_optimized": false,
            "enclave_options": [
              {
                "enabled": false
              }
            ],
            "ephemeral_block_device": [],
            "get_password_data": false,
            "hibernation": false,
            "host_id": "",
            "host_resource_group_arn": null,
            "iam_instance_profile": "",
            "id": "i-036c677713a3cf013",
            "instance_initiated_shutdown_behavior": "stop",
            "instance_lifecycle": "",
            "instance_market_options": [],
            "instance_state": "running",
            "instance_type": "t2.micro",
            "ipv6_address_count": 0,
            "ipv6_addresses": [],
            "key_name": "capstone-key",
            "launch_template": [],
            "maintenance_options": [
              {
                "auto_recovery": "default"
              }
            ],
            "metadata_options": [
              {
                "http_endpoint": "enabled",
                "http_protocol_ipv6": "disabled",
                "http_put_response_hop_limit": 1,
                "http_tokens": "optional",
                "instance_metadata_tags": "disabled"
              }
            ],
            "monitoring": false,
            "network_interface": [],
            "outpost_arn": "",
            "password_data": "",
            "placement_group": "",
            "placement_partition_number": 0,
            "primary_network_interface_id": "eni-07ba57f44eaa82f9d",
            "private_dns": "ip-172-31-26-106.us-west-1.compute.internal",
            "private_dns_name_options": [
              {
                "enable_resource_name_dns_a_record": false,
                "enable_resource_name_dns_aaaa_record": false,
                "hostname_type": "ip-name"
              }
            ],
            "private_ip": "172.31.26.106",
            "public_dns": "ec2-54-176-140-57.us-west-1.compute.amazonaws.com",
            "public_ip": "54.176.140.57",
            "root_block_device": [
              {
                "delete_on_termination": true,
                "device_name": "/dev/sda1",
                "encrypted": false,
                "iops": 100,
                "kms_key_id": "",
                "tags": {},
                "tags_all": {},
                "throughput": 0,
                "volume_id": "vol-017e37d1c8ef071c4",
                "volume_size": 8,
                "volume_type": "gp2"
              }
            ],
            "secondary_private_ips": [],
            "security_groups": [
              "clickhouse-security-group"
            ],
            "source_dest_check": true,
            "spot_instance_request_id": "",
            "subnet_id": "subnet-0f3f7405f11a3d8c1",
            "tags": {
              "Name": "ClickHouse-Server"
            },
            "tags_all": {
              "Name": "ClickHouse-Server"
            },
            "tenancy": "default",
            "timeouts": null,
            "user_data": "2462f438f7653ac76b675e041d20d40a563fa06a",
            "user_data_base64": null,
            "user_data_replace_on_change": false,
            "volume_tags": null,
            "vpc_security_group_ids": [
              "sg-073be91433a4b934e"
            ]
          },
          "sensitive_attributes": [],
          "private": "eyJlMmJmYjczMC1lY2FhLTExZTYtOGY4OC0zNDM2M2JjN2M0YzAiOnsiY3JlYXRlIjo2MDAwMDAwMDAwMDAsImRlbGV0ZSI6MTIwMDAwMDAwMDAwMCwicmVhZCI6OTAwMDAwMDAwMDAwLCJ1cGRhdGUiOjYwMDAwMDAwMDAwMH0sInNjaGVtYV92ZXJzaW9uIjoiMSJ9",
          "dependencies": [
            "module.clickhouse_ec2_instance.aws_key_pair.generated_key",
            "module.clickhouse_ec2_instance.aws_security_group.clickhouse_sg",
            "module.clickhouse_ec2_instance.data.aws_ami.ubuntu",
            "module.clickhouse_ec2_instance.tls_private_key.ssh_key"
          ]
        }
      ]
    },
    {
      "module": "module.clickhouse_ec2_instance",
      "mode": "managed",
      "type": "aws_key_pair",
      "name": "generated_key",
      "provider": "module.clickhouse_ec2_instance.provider[\"registry.terraform.io/hashicorp/aws\"]",
      "instances": [
        {
          "schema_version": 1,
          "attributes": {
            "arn": "arn:aws:ec2:us-west-1:767397811841:key-pair/capstone-key",
            "fingerprint": "7c:b3:ab:95:67:e2:41:18:55:da:84:c4:42:ac:99:85",
            "id": "capstone-key",
            "key_name": "capstone-key",
            "key_name_prefix": "",
            "key_pair_id": "key-00d42161e2cac36c7",
            "key_type": "rsa",
            "public_key": "ssh-rsa AAAAB3NzaC1yc2EAAAADAQABAAACAQDCtgEfDt8I9k5fPWgOcUwtmH41eaRXqzBdCE4wJWH618nVUE/y1KQYbTWi8EojSPFyuS7Nh8tQ1hqOuUEVXYyuKUbtTWoAhp/RFrnlZReuiy4M2vPgR30YNh8uUdQ3qsbgzm8Aama0ZPiXftxUmIo3QX4EYoReDu/im7CBAJtDsbpMX+n+NPPZjKHkpDe+4cr2MMd7ss3Ljn9dws0sRqfbLxlpgVgr0zfa8v0MS/3MNUIxaG5G5bqvPMi9qrZzXZyx44wzjasqHdGzX6DRnP2bPPCYMztO5Awk8P2I32b5/ELzXIX+E98Q86zwPZ2oeyYn7rWbRokUqyYK7RQSNrs8W4npJpIstSsOy/JLtvNl04GaKUUSpWcI1DhXYjIFm/oR0v9Nl2I/2uHYW3xXMq47Nrj/NUf5cQnQM0F5zLlPOXOS8xg4vV8BMYdQ1tgnChLKvs233sWGPf4rhF//8GyEuGIwzKDxOIlGN14Pbs5G8Tia6mBruSsVDB30pFLOqitRjIHZXCa9sD/OiYGoVVIOaoqcBCJNVONV71xmv3wpJzHgyUxAhIKjMYBUYNetbzuBjwh881rsBHCRLQj4aEWmGy1OM1X8GlEOszYhYV3aKQIvZi2hSvh1yzrMhjA7FrLIFw+C2j+fc2fZtKKMGGHY8ZkDTYRLBLQKgNh4Khb1uw==",
            "tags": null,
            "tags_all": {}
          },
          "sensitive_attributes": [],
          "private": "eyJzY2hlbWFfdmVyc2lvbiI6IjEifQ==",
          "dependencies": [
            "module.clickhouse_ec2_instance.tls_private_key.ssh_key"
          ]
        }
      ]
    },
    {
      "module": "module.clickhouse_ec2_instance",
      "mode": "managed",
      "type": "aws_security_group",
      "name": "clickhouse_sg",
      "provider": "module.clickhouse_ec2_instance.provider[\"registry.terraform.io/hashicorp/aws\"]",
      "instances": [
        {
          "schema_version": 1,
          "attributes": {
            "arn": "arn:aws:ec2:us-west-1:767397811841:security-group/sg-073be91433a4b934e",
            "description": "Security group for Clickhouse EC2 instance",
            "egress": [
              {
                "cidr_blocks": [
                  "0.0.0.0/0"
                ],
                "description": "",
                "from_port": 0,
                "ipv6_cidr_blocks": [],
                "prefix_list_ids": [],
                "protocol": "-1",
                "security_groups": [],
                "self": false,
                "to_port": 0
              }
            ],
            "id": "sg-073be91433a4b934e",
            "ingress": [
              {
                "cidr_blocks": [
                  "0.0.0.0/0"
                ],
                "description": "",
                "from_port": 22,
                "ipv6_cidr_blocks": [],
                "prefix_list_ids": [],
                "protocol": "tcp",
                "security_groups": [],
                "self": false,
                "to_port": 22
              },
              {
                "cidr_blocks": [
                  "0.0.0.0/0"
                ],
                "description": "",
                "from_port": 80,
                "ipv6_cidr_blocks": [],
                "prefix_list_ids": [],
                "protocol": "tcp",
                "security_groups": [],
                "self": false,
                "to_port": 80
              },
              {
                "cidr_blocks": [
                  "0.0.0.0/0"
                ],
                "description": "",
                "from_port": 8123,
                "ipv6_cidr_blocks": [],
                "prefix_list_ids": [],
                "protocol": "tcp",
                "security_groups": [],
                "self": false,
                "to_port": 8123
              },
              {
                "cidr_blocks": [
                  "0.0.0.0/0"
                ],
                "description": "",
                "from_port": 8124,
                "ipv6_cidr_blocks": [],
                "prefix_list_ids": [],
                "protocol": "tcp",
                "security_groups": [],
                "self": false,
                "to_port": 8124
              }
            ],
            "name": "clickhouse-security-group",
            "name_prefix": "",
            "owner_id": "767397811841",
            "revoke_rules_on_delete": false,
            "tags": {
              "Name": "clickhouse-security-group"
            },
            "tags_all": {
              "Name": "clickhouse-security-group"
            },
            "timeouts": null,
            "vpc_id": "vpc-02d1221c4e557d6d4"
          },
          "sensitive_attributes": [],
          "private": "eyJlMmJmYjczMC1lY2FhLTExZTYtOGY4OC0zNDM2M2JjN2M0YzAiOnsiY3JlYXRlIjo2MDAwMDAwMDAwMDAsImRlbGV0ZSI6OTAwMDAwMDAwMDAwfSwic2NoZW1hX3ZlcnNpb24iOiIxIn0="
        }
      ]
    },
    {
      "module": "module.clickhouse_ec2_instance",
      "mode": "managed",
      "type": "local_file",
      "name": "private_key",
      "provider": "provider[\"registry.terraform.io/hashicorp/local\"]",
      "instances": [
        {
          "schema_version": 0,
          "attributes": {
            "content": "-----BEGIN RSA PRIVATE KEY-----\nMIIJKAIBAAKCAgEAwrYBHw7fCPZOXz1oDnFMLZh+NXmkV6swXQhOMCVh+tfJ1VBP\n8tSkGG01ovBKI0jxcrkuzYfLUNYajrlBFV2MrilG7U1qAIaf0Ra55WUXrosuDNrz\n4Ed9GDYfLlHUN6rG4M5vAGpmtGT4l37cVJiKN0F+BGKEXg7v4puwgQCbQ7G6TF/p\n/jTz2Yyh5KQ3vuHK9jDHe7LNy45/XcLNLEan2y8ZaYFYK9M32vL9DEv9zDVCMWhu\nRuW6rzzIvaq2c12cseOMM42rKh3Rs1+g0Zz9mzzwmDM7TuQMJPD9iN9m+fxC81yF\n/hPfEPOs8D2dqHsmJ+61m0aJFKsmCu0UEja7PFuJ6SaSLLUrDsvyS7bzZdOBmilF\nEqVnCNQ4V2IyBZv6EdL/TZdiP9rh2Ft8VzKuOza4/zVH+XEJ0DNBecy5TzlzkvMY\nOL1fATGHUNbYJwoSyr7Nt97Fhj3+K4Rf//BshLhiMMyg8TiJRjdeD27ORvE4mupg\na7krFQwd9KRSzqorUYyB2VwmvbA/zomBqFVSDmqKnAQiTVTjVe9cZr98KScx4MlM\nQISCozGAVGDXrW87gY8IfPNa7ARwkS0I+GhFphstTjNV/BpRDrM2IWFd2ikCL2Yt\noUr4dcs6zIYwOxayyBcPgto/n3Nn2bSijBhh2PGZA02ESwS0CoDYeCoW9bsCAwEA\nAQKCAgBF8koO1THML2dSEWYrIgpCqvBT14HxOH8kPJKR+yvqh9Bqv/Iogrj8SWcm\nRHntmQubseidTvX78R4TPXui6DtcaVmgb9nvnG0XGLnpLVrHihod5h4L6MKIixDC\nfATnhoLxSVdY5+BDV65yBdGy1iV42h8iBh4VB/qnBlTu0r/0HomVXDNb7bvX4Axc\nbZ3VBZn6vOU8i6wgPu2ESjGYgT1VoOLZIu0AuVzsW7QJ0da3oD5KL4DGGUrqHsTi\nVcw7P1rGEL9R2ceuVo35iRXllycHuGmZ03Wvzn6KWsRJgi+lCDko4YkFEDBnD5KF\nryzO1IaNe9RjloAyG5WMAUTfkifKUsF/Y5xdIrU27P9TgFit6yGR8QEwcDsVd/7K\nBY3eDDR7pAeFYK2hSmEP7Nqhj214yvM9BJ4V1zDoE6lIAWyTww8qIRWHM1E2eMTz\nntA9yGLtRwRIe/JayUxBfsDN4uHFGz+CapYQjluuKaJogIh9J5lwd0ox84B7y7mJ\nYqbD7jr2UgDOyNVRePSr/TktrrUKg5+AlRNxbcb5YtRcDtbICVvQJ0f15rBfn7W2\n0IUUZDtta2YIjGnwDUU2el5HfjvTBim1pLmh0gjnMAw/tPEauw+lC1EqAIH7An+S\nsUsobrtiROkTqrIwvA0g9FAhUCEeWpK4OjvJXaFE2UjuYaodSQKCAQEAycwLjSKg\nNQu22CoS6u93/CpTvGnn8zGA1TTOf9wE7U1kxMLsmcCOIRcXTvsVK3ob2OHtAZex\nSnnLyQ1oeiBGmLdqh/yv/63D2NLBYt4J5PCnaEUmkdIvWcMHAg6P0SW3WCf2uG3j\nW4ATr69/ml8oWLhhHaALJnfuqJnM80Kx6roYPNyqIS9aKhRmh75QYWFGwAa4hsm5\nxS/oRRieSjnt9gInXOoKIZLJhCLUb4StxLhOgi69FViFi7I574d0laPBsN7pBhjc\nQiU24GhpBrIsDHYqj5iRl30kq7CR0f1axVXv77PfVJGJPrihRkH+HBKhhi7MbmCs\n+DgQG1L+6PuKvwKCAQEA9wK0oEGZaCRfB1zqIQ6HLzeOQDJCrdJB5z21fAErlA+N\naxtGW9z6ZQyc58+ZPBfQ2ozsbZyd/uMZtdZL2+0xvAdhVvDGjIRSlURv6/sblVIY\nROl1NhW5m2Brg6yQTQlz7bAXPQv48tter0ys1KbRb1DOBb6MPsWOUUcCy4nvZMGx\nvOnzxA+lC9EfU/0CB63qP4dKNRcAnInS4Tv0hu4lZlEqkwRIhEtki2nvARpm5dSi\n8VMDh47Z30eilr0BrjZ9XXpnPO0yVVd3TEexfaR/BAA5pvxY6tyb+8qs/8A/mv2Z\n9rdPDr6s5CTwdAULo7Sm9Ga3FY0TOC3KdY04KGLABQKCAQAHG0x81+9Ubukti63G\n4FAVbVgtln04r1GeMJHlJtZ1lPgrhcHXWFSpDasgeO8x7Mb2SF6UY8c2nDt1BSfc\nxS43Sp5R07BPDMuM4z80QCWRDniWz3igQgqw2pFwnRqrfuyKCj5CGHydSFFpKoEP\n6rH9DeE9rdk2rZqWDXSOTJb/cTZRTmQfbw950+YYebdS9p4LPTFabdhA/YLsjAVn\nD8s1krXYK9XXgNff82oP01hbSTJam1LFYayyUsB/kwGkE3RKyk7ijBWVrsHT/VlV\nhwjOF4tAK1tVPm8ALOO1xXpg4Lnmcys2SznOH6puUvyj+HP/yb4hVP5Cb5cBn1ai\n1dj5AoIBAQCHj32PwdCuPd/FS7HWiIGaYTP5eVvsx0qR3OT/9Ch1bn+fO23GtqTY\n1i46bk1blHpzpwmOMnjnTL1sdPpW7XrxBV/fde6RaYFlGBUQflQqA8776t//2bZu\nVmFK92aOUNTFqnFmeG6c4dW6ASuM3SxtmfwnXObdAFDVvFIFYGL4efDQi9jTTf63\nWIKH9n+ptUGssdQBBOm5/02zfNL7RjFSUNM7sgsWR8YbWPzpLxMvqR3vsS5rs/NQ\nPaE2du44LQFqTuXfoxGPkpwPSf1XxfJLQNBjG3S1GHOmoRmGlnyR1AIuS3Xg0rZR\n0w//rFEx+8/wq3ppIm5c04ycLO+YAnH9AoIBAF2Z3wAXX00cZ0OEwkyipJSv2TXD\nRQ7PLsyxcm/3MxPcmaN9p59VzNKA0BbihF+tGOX/R7Fb3JeFAi5iaQiNrHdOKXKd\nxn3AUe2WOFcb+zOA5KZj+MK1lpc8mB7Wo/cUvzS/hLiK4fbRvTtBCJBUh/Cxm/MY\ngRN++GobIR3GrUpkLKPZ2uGfVfUX10ci53HRcBH5pDl7fDJPDDkbUqWrrrw1Snng\nLQDuHdpGBLO0Saxlnf+LOR3ydIVvl88U4QouBY/flGwMLEAhIveUzpFHbrOU80cU\ng3+2jUYRiQf+drz/jC24SazXzw2yOkLZqfXy1NrKu2rQQI9L3LD6KruIokE=\n-----END RSA PRIVATE KEY-----\n",
            "content_base64": null,
            "content_base64sha256": "U/PmPtZNybJ7W8/fYGhd10GJ+IH15guLD4NksegNt2w=",
            "content_base64sha512": "zx2GNQgXLidH97p9q/y93eN6DHPJL1o00VidQwsdlU49J6j/PFUxnHBFBttcwArwuWTSS6YEBnsPGt6R3I4bDg==",
            "content_md5": "e7e6df36bcd5d98a9d1441988be5241e",
            "content_sha1": "0e088050f1d1a3e6a27456ed27929e29c500147d",
            "content_sha256": "53f3e63ed64dc9b27b5bcfdf60685dd74189f881f5e60b8b0f8364b1e80db76c",
            "content_sha512": "cf1d863508172e2747f7ba7dabfcbddde37a0c73c92f5a34d1589d430b1d954e3d27a8ff3c55319c704506db5cc00af0b964d24ba604067b0f1ade91dc8e1b0e",
            "directory_permission": "0777",
            "file_permission": "0400",
            "filename": "modules/clickhouse_ec2_instance/capstone-key.pem",
            "id": "0e088050f1d1a3e6a27456ed27929e29c500147d",
            "sensitive_content": null,
            "source": null
          },
          "sensitive_attributes": [
            [
              {
                "type": "get_attr",
                "value": "content"
              }
            ],
            [
              {
                "type": "get_attr",
                "value": "sensitive_content"
              }
            ]
          ],
          "dependencies": [
            "module.clickhouse_ec2_instance.tls_private_key.ssh_key"
          ]
        }
      ]
    },
    {
      "module": "module.clickhouse_ec2_instance",
      "mode": "managed",
      "type": "tls_private_key",
      "name": "ssh_key",
      "provider": "provider[\"registry.terraform.io/hashicorp/tls\"]",
      "instances": [
        {
          "schema_version": 1,
          "attributes": {
            "algorithm": "RSA",
            "ecdsa_curve": "P224",
            "id": "620614e144e3bd406f544616af78e41676c528f8",
            "private_key_openssh": "-----BEGIN OPENSSH PRIVATE KEY-----\nb3BlbnNzaC1rZXktdjEAAAAABG5vbmUAAAAEbm9uZQAAAAAAAAABAAACFwAAAAdz\nc2gtcnNhAAAAAwEAAQAAAgEAwrYBHw7fCPZOXz1oDnFMLZh+NXmkV6swXQhOMCVh\n+tfJ1VBP8tSkGG01ovBKI0jxcrkuzYfLUNYajrlBFV2MrilG7U1qAIaf0Ra55WUX\nrosuDNrz4Ed9GDYfLlHUN6rG4M5vAGpmtGT4l37cVJiKN0F+BGKEXg7v4puwgQCb\nQ7G6TF/p/jTz2Yyh5KQ3vuHK9jDHe7LNy45/XcLNLEan2y8ZaYFYK9M32vL9DEv9\nzDVCMWhuRuW6rzzIvaq2c12cseOMM42rKh3Rs1+g0Zz9mzzwmDM7TuQMJPD9iN9m\n+fxC81yF/hPfEPOs8D2dqHsmJ+61m0aJFKsmCu0UEja7PFuJ6SaSLLUrDsvyS7bz\nZdOBmilFEqVnCNQ4V2IyBZv6EdL/TZdiP9rh2Ft8VzKuOza4/zVH+XEJ0DNBecy5\nTzlzkvMYOL1fATGHUNbYJwoSyr7Nt97Fhj3+K4Rf//BshLhiMMyg8TiJRjdeD27O\nRvE4mupga7krFQwd9KRSzqorUYyB2VwmvbA/zomBqFVSDmqKnAQiTVTjVe9cZr98\nKScx4MlMQISCozGAVGDXrW87gY8IfPNa7ARwkS0I+GhFphstTjNV/BpRDrM2IWFd\n2ikCL2YtoUr4dcs6zIYwOxayyBcPgto/n3Nn2bSijBhh2PGZA02ESwS0CoDYeCoW\n9bsAAAc43KA8KdygPCkAAAAHc3NoLXJzYQAAAgEAwrYBHw7fCPZOXz1oDnFMLZh+\nNXmkV6swXQhOMCVh+tfJ1VBP8tSkGG01ovBKI0jxcrkuzYfLUNYajrlBFV2MrilG\n7U1qAIaf0Ra55WUXrosuDNrz4Ed9GDYfLlHUN6rG4M5vAGpmtGT4l37cVJiKN0F+\nBGKEXg7v4puwgQCbQ7G6TF/p/jTz2Yyh5KQ3vuHK9jDHe7LNy45/XcLNLEan2y8Z\naYFYK9M32vL9DEv9zDVCMWhuRuW6rzzIvaq2c12cseOMM42rKh3Rs1+g0Zz9mzzw\nmDM7TuQMJPD9iN9m+fxC81yF/hPfEPOs8D2dqHsmJ+61m0aJFKsmCu0UEja7PFuJ\n6SaSLLUrDsvyS7bzZdOBmilFEqVnCNQ4V2IyBZv6EdL/TZdiP9rh2Ft8VzKuOza4\n/zVH+XEJ0DNBecy5TzlzkvMYOL1fATGHUNbYJwoSyr7Nt97Fhj3+K4Rf//BshLhi\nMMyg8TiJRjdeD27ORvE4mupga7krFQwd9KRSzqorUYyB2VwmvbA/zomBqFVSDmqK\nnAQiTVTjVe9cZr98KScx4MlMQISCozGAVGDXrW87gY8IfPNa7ARwkS0I+GhFphst\nTjNV/BpRDrM2IWFd2ikCL2YtoUr4dcs6zIYwOxayyBcPgto/n3Nn2bSijBhh2PGZ\nA02ESwS0CoDYeCoW9bsAAAADAQABAAACAEXySg7VMcwvZ1IRZisiCkKq8FPXgfE4\nfyQ8kpH7K+qH0Gq/8iiCuPxJZyZEee2ZC5ux6J1O9fvxHhM9e6LoO1xpWaBv2e+c\nbRcYuektWseKGh3mHgvowoiLEMJ8BOeGgvFJV1jn4ENXrnIF0bLWJXjaHyIGHhUH\n+qcGVO7Sv/QeiZVcM1vtu9fgDFxtndUFmfq85TyLrCA+7YRKMZiBPVWg4tki7QC5\nXOxbtAnR1regPkovgMYZSuoexOJVzDs/WsYQv1HZx65WjfmJFeWXJwe4aZnTda/O\nfopaxEmCL6UIOSjhiQUQMGcPkoWvLM7Uho171GOWgDIblYwBRN+SJ8pSwX9jnF0i\ntTbs/1OAWK3rIZHxATBwOxV3/soFjd4MNHukB4VgraFKYQ/s2qGPbXjK8z0EnhXX\nMOgTqUgBbJPDDyohFYczUTZ4xPOe0D3IYu1HBEh78lrJTEF+wM3i4cUbP4JqlhCO\nW64pomiAiH0nmXB3SjHzgHvLuYlipsPuOvZSAM7I1VF49Kv9OS2utQqDn4CVE3Ft\nxvli1FwO1sgJW9AnR/XmsF+ftbbQhRRkO21rZgiMafANRTZ6Xkd+O9MGKbWkuaHS\nCOcwDD+08Rq7D6ULUSoAgfsCf5KxSyhuu2JE6ROqsjC8DSD0UCFQIR5akrg6O8ld\noUTZSO5hqh1JAAABAF2Z3wAXX00cZ0OEwkyipJSv2TXDRQ7PLsyxcm/3MxPcmaN9\np59VzNKA0BbihF+tGOX/R7Fb3JeFAi5iaQiNrHdOKXKdxn3AUe2WOFcb+zOA5KZj\n+MK1lpc8mB7Wo/cUvzS/hLiK4fbRvTtBCJBUh/Cxm/MYgRN++GobIR3GrUpkLKPZ\n2uGfVfUX10ci53HRcBH5pDl7fDJPDDkbUqWrrrw1SnngLQDuHdpGBLO0Saxlnf+L\nOR3ydIVvl88U4QouBY/flGwMLEAhIveUzpFHbrOU80cUg3+2jUYRiQf+drz/jC24\nSazXzw2yOkLZqfXy1NrKu2rQQI9L3LD6KruIokEAAAEBAMnMC40ioDULttgqEurv\nd/wqU7xp5/MxgNU0zn/cBO1NZMTC7JnAjiEXF077FSt6G9jh7QGXsUp5y8kNaHog\nRpi3aof8r/+tw9jSwWLeCeTwp2hFJpHSL1nDBwIOj9Elt1gn9rht41uAE6+vf5pf\nKFi4YR2gCyZ37qiZzPNCseq6GDzcqiEvWioUZoe+UGFhRsAGuIbJucUv6EUYnko5\n7fYCJ1zqCiGSyYQi1G+ErcS4ToIuvRVYhYuyOe+HdJWjwbDe6QYY3EIlNuBoaQay\nLAx2Ko+YkZd9JKuwkdH9WsVV7++z31SRiT64oUZB/hwSoYYuzG5grPg4EBtS/uj7\nir8AAAEBAPcCtKBBmWgkXwdc6iEOhy83jkAyQq3SQec9tXwBK5QPjWsbRlvc+mUM\nnOfPmTwX0NqM7G2cnf7jGbXWS9vtMbwHYVbwxoyEUpVEb+v7G5VSGETpdTYVuZtg\na4OskE0Jc+2wFz0L+PLbXq9MrNSm0W9QzgW+jD7FjlFHAsuJ72TBsbzp88QPpQvR\nH1P9Aget6j+HSjUXAJyJ0uE79IbuJWZRKpMESIRLZItp7wEaZuXUovFTA4eO2d9H\nopa9Aa42fV16ZzztMlVXd0xHsX2kfwQAOab8WOrcm/vKrP/AP5r9mfa3Tw6+rOQk\n8HQFC6O0pvRmtxWNEzgtynWNOChiwAUAAAAAAQID\n-----END OPENSSH PRIVATE KEY-----\n",
            "private_key_pem": "-----BEGIN RSA PRIVATE KEY-----\nMIIJKAIBAAKCAgEAwrYBHw7fCPZOXz1oDnFMLZh+NXmkV6swXQhOMCVh+tfJ1VBP\n8tSkGG01ovBKI0jxcrkuzYfLUNYajrlBFV2MrilG7U1qAIaf0Ra55WUXrosuDNrz\n4Ed9GDYfLlHUN6rG4M5vAGpmtGT4l37cVJiKN0F+BGKEXg7v4puwgQCbQ7G6TF/p\n/jTz2Yyh5KQ3vuHK9jDHe7LNy45/XcLNLEan2y8ZaYFYK9M32vL9DEv9zDVCMWhu\nRuW6rzzIvaq2c12cseOMM42rKh3Rs1+g0Zz9mzzwmDM7TuQMJPD9iN9m+fxC81yF\n/hPfEPOs8D2dqHsmJ+61m0aJFKsmCu0UEja7PFuJ6SaSLLUrDsvyS7bzZdOBmilF\nEqVnCNQ4V2IyBZv6EdL/TZdiP9rh2Ft8VzKuOza4/zVH+XEJ0DNBecy5TzlzkvMY\nOL1fATGHUNbYJwoSyr7Nt97Fhj3+K4Rf//BshLhiMMyg8TiJRjdeD27ORvE4mupg\na7krFQwd9KRSzqorUYyB2VwmvbA/zomBqFVSDmqKnAQiTVTjVe9cZr98KScx4MlM\nQISCozGAVGDXrW87gY8IfPNa7ARwkS0I+GhFphstTjNV/BpRDrM2IWFd2ikCL2Yt\noUr4dcs6zIYwOxayyBcPgto/n3Nn2bSijBhh2PGZA02ESwS0CoDYeCoW9bsCAwEA\nAQKCAgBF8koO1THML2dSEWYrIgpCqvBT14HxOH8kPJKR+yvqh9Bqv/Iogrj8SWcm\nRHntmQubseidTvX78R4TPXui6DtcaVmgb9nvnG0XGLnpLVrHihod5h4L6MKIixDC\nfATnhoLxSVdY5+BDV65yBdGy1iV42h8iBh4VB/qnBlTu0r/0HomVXDNb7bvX4Axc\nbZ3VBZn6vOU8i6wgPu2ESjGYgT1VoOLZIu0AuVzsW7QJ0da3oD5KL4DGGUrqHsTi\nVcw7P1rGEL9R2ceuVo35iRXllycHuGmZ03Wvzn6KWsRJgi+lCDko4YkFEDBnD5KF\nryzO1IaNe9RjloAyG5WMAUTfkifKUsF/Y5xdIrU27P9TgFit6yGR8QEwcDsVd/7K\nBY3eDDR7pAeFYK2hSmEP7Nqhj214yvM9BJ4V1zDoE6lIAWyTww8qIRWHM1E2eMTz\nntA9yGLtRwRIe/JayUxBfsDN4uHFGz+CapYQjluuKaJogIh9J5lwd0ox84B7y7mJ\nYqbD7jr2UgDOyNVRePSr/TktrrUKg5+AlRNxbcb5YtRcDtbICVvQJ0f15rBfn7W2\n0IUUZDtta2YIjGnwDUU2el5HfjvTBim1pLmh0gjnMAw/tPEauw+lC1EqAIH7An+S\nsUsobrtiROkTqrIwvA0g9FAhUCEeWpK4OjvJXaFE2UjuYaodSQKCAQEAycwLjSKg\nNQu22CoS6u93/CpTvGnn8zGA1TTOf9wE7U1kxMLsmcCOIRcXTvsVK3ob2OHtAZex\nSnnLyQ1oeiBGmLdqh/yv/63D2NLBYt4J5PCnaEUmkdIvWcMHAg6P0SW3WCf2uG3j\nW4ATr69/ml8oWLhhHaALJnfuqJnM80Kx6roYPNyqIS9aKhRmh75QYWFGwAa4hsm5\nxS/oRRieSjnt9gInXOoKIZLJhCLUb4StxLhOgi69FViFi7I574d0laPBsN7pBhjc\nQiU24GhpBrIsDHYqj5iRl30kq7CR0f1axVXv77PfVJGJPrihRkH+HBKhhi7MbmCs\n+DgQG1L+6PuKvwKCAQEA9wK0oEGZaCRfB1zqIQ6HLzeOQDJCrdJB5z21fAErlA+N\naxtGW9z6ZQyc58+ZPBfQ2ozsbZyd/uMZtdZL2+0xvAdhVvDGjIRSlURv6/sblVIY\nROl1NhW5m2Brg6yQTQlz7bAXPQv48tter0ys1KbRb1DOBb6MPsWOUUcCy4nvZMGx\nvOnzxA+lC9EfU/0CB63qP4dKNRcAnInS4Tv0hu4lZlEqkwRIhEtki2nvARpm5dSi\n8VMDh47Z30eilr0BrjZ9XXpnPO0yVVd3TEexfaR/BAA5pvxY6tyb+8qs/8A/mv2Z\n9rdPDr6s5CTwdAULo7Sm9Ga3FY0TOC3KdY04KGLABQKCAQAHG0x81+9Ubukti63G\n4FAVbVgtln04r1GeMJHlJtZ1lPgrhcHXWFSpDasgeO8x7Mb2SF6UY8c2nDt1BSfc\nxS43Sp5R07BPDMuM4z80QCWRDniWz3igQgqw2pFwnRqrfuyKCj5CGHydSFFpKoEP\n6rH9DeE9rdk2rZqWDXSOTJb/cTZRTmQfbw950+YYebdS9p4LPTFabdhA/YLsjAVn\nD8s1krXYK9XXgNff82oP01hbSTJam1LFYayyUsB/kwGkE3RKyk7ijBWVrsHT/VlV\nhwjOF4tAK1tVPm8ALOO1xXpg4Lnmcys2SznOH6puUvyj+HP/yb4hVP5Cb5cBn1ai\n1dj5AoIBAQCHj32PwdCuPd/FS7HWiIGaYTP5eVvsx0qR3OT/9Ch1bn+fO23GtqTY\n1i46bk1blHpzpwmOMnjnTL1sdPpW7XrxBV/fde6RaYFlGBUQflQqA8776t//2bZu\nVmFK92aOUNTFqnFmeG6c4dW6ASuM3SxtmfwnXObdAFDVvFIFYGL4efDQi9jTTf63\nWIKH9n+ptUGssdQBBOm5/02zfNL7RjFSUNM7sgsWR8YbWPzpLxMvqR3vsS5rs/NQ\nPaE2du44LQFqTuXfoxGPkpwPSf1XxfJLQNBjG3S1GHOmoRmGlnyR1AIuS3Xg0rZR\n0w//rFEx+8/wq3ppIm5c04ycLO+YAnH9AoIBAF2Z3wAXX00cZ0OEwkyipJSv2TXD\nRQ7PLsyxcm/3MxPcmaN9p59VzNKA0BbihF+tGOX/R7Fb3JeFAi5iaQiNrHdOKXKd\nxn3AUe2WOFcb+zOA5KZj+MK1lpc8mB7Wo/cUvzS/hLiK4fbRvTtBCJBUh/Cxm/MY\ngRN++GobIR3GrUpkLKPZ2uGfVfUX10ci53HRcBH5pDl7fDJPDDkbUqWrrrw1Snng\nLQDuHdpGBLO0Saxlnf+LOR3ydIVvl88U4QouBY/flGwMLEAhIveUzpFHbrOU80cU\ng3+2jUYRiQf+drz/jC24SazXzw2yOkLZqfXy1NrKu2rQQI9L3LD6KruIokE=\n-----END RSA PRIVATE KEY-----\n",
            "private_key_pem_pkcs8": "-----BEGIN PRIVATE KEY-----\nMIIJQgIBADANBgkqhkiG9w0BAQEFAASCCSwwggkoAgEAAoICAQDCtgEfDt8I9k5f\nPWgOcUwtmH41eaRXqzBdCE4wJWH618nVUE/y1KQYbTWi8EojSPFyuS7Nh8tQ1hqO\nuUEVXYyuKUbtTWoAhp/RFrnlZReuiy4M2vPgR30YNh8uUdQ3qsbgzm8Aama0ZPiX\nftxUmIo3QX4EYoReDu/im7CBAJtDsbpMX+n+NPPZjKHkpDe+4cr2MMd7ss3Ljn9d\nws0sRqfbLxlpgVgr0zfa8v0MS/3MNUIxaG5G5bqvPMi9qrZzXZyx44wzjasqHdGz\nX6DRnP2bPPCYMztO5Awk8P2I32b5/ELzXIX+E98Q86zwPZ2oeyYn7rWbRokUqyYK\n7RQSNrs8W4npJpIstSsOy/JLtvNl04GaKUUSpWcI1DhXYjIFm/oR0v9Nl2I/2uHY\nW3xXMq47Nrj/NUf5cQnQM0F5zLlPOXOS8xg4vV8BMYdQ1tgnChLKvs233sWGPf4r\nhF//8GyEuGIwzKDxOIlGN14Pbs5G8Tia6mBruSsVDB30pFLOqitRjIHZXCa9sD/O\niYGoVVIOaoqcBCJNVONV71xmv3wpJzHgyUxAhIKjMYBUYNetbzuBjwh881rsBHCR\nLQj4aEWmGy1OM1X8GlEOszYhYV3aKQIvZi2hSvh1yzrMhjA7FrLIFw+C2j+fc2fZ\ntKKMGGHY8ZkDTYRLBLQKgNh4Khb1uwIDAQABAoICAEXySg7VMcwvZ1IRZisiCkKq\n8FPXgfE4fyQ8kpH7K+qH0Gq/8iiCuPxJZyZEee2ZC5ux6J1O9fvxHhM9e6LoO1xp\nWaBv2e+cbRcYuektWseKGh3mHgvowoiLEMJ8BOeGgvFJV1jn4ENXrnIF0bLWJXja\nHyIGHhUH+qcGVO7Sv/QeiZVcM1vtu9fgDFxtndUFmfq85TyLrCA+7YRKMZiBPVWg\n4tki7QC5XOxbtAnR1regPkovgMYZSuoexOJVzDs/WsYQv1HZx65WjfmJFeWXJwe4\naZnTda/OfopaxEmCL6UIOSjhiQUQMGcPkoWvLM7Uho171GOWgDIblYwBRN+SJ8pS\nwX9jnF0itTbs/1OAWK3rIZHxATBwOxV3/soFjd4MNHukB4VgraFKYQ/s2qGPbXjK\n8z0EnhXXMOgTqUgBbJPDDyohFYczUTZ4xPOe0D3IYu1HBEh78lrJTEF+wM3i4cUb\nP4JqlhCOW64pomiAiH0nmXB3SjHzgHvLuYlipsPuOvZSAM7I1VF49Kv9OS2utQqD\nn4CVE3Ftxvli1FwO1sgJW9AnR/XmsF+ftbbQhRRkO21rZgiMafANRTZ6Xkd+O9MG\nKbWkuaHSCOcwDD+08Rq7D6ULUSoAgfsCf5KxSyhuu2JE6ROqsjC8DSD0UCFQIR5a\nkrg6O8ldoUTZSO5hqh1JAoIBAQDJzAuNIqA1C7bYKhLq73f8KlO8aefzMYDVNM5/\n3ATtTWTEwuyZwI4hFxdO+xUrehvY4e0Bl7FKecvJDWh6IEaYt2qH/K//rcPY0sFi\n3gnk8KdoRSaR0i9ZwwcCDo/RJbdYJ/a4beNbgBOvr3+aXyhYuGEdoAsmd+6omczz\nQrHquhg83KohL1oqFGaHvlBhYUbABriGybnFL+hFGJ5KOe32Aidc6gohksmEItRv\nhK3EuE6CLr0VWIWLsjnvh3SVo8Gw3ukGGNxCJTbgaGkGsiwMdiqPmJGXfSSrsJHR\n/VrFVe/vs99UkYk+uKFGQf4cEqGGLsxuYKz4OBAbUv7o+4q/AoIBAQD3ArSgQZlo\nJF8HXOohDocvN45AMkKt0kHnPbV8ASuUD41rG0Zb3PplDJznz5k8F9DajOxtnJ3+\n4xm11kvb7TG8B2FW8MaMhFKVRG/r+xuVUhhE6XU2FbmbYGuDrJBNCXPtsBc9C/jy\n216vTKzUptFvUM4Fvow+xY5RRwLLie9kwbG86fPED6UL0R9T/QIHreo/h0o1FwCc\nidLhO/SG7iVmUSqTBEiES2SLae8BGmbl1KLxUwOHjtnfR6KWvQGuNn1demc87TJV\nV3dMR7F9pH8EADmm/Fjq3Jv7yqz/wD+a/Zn2t08OvqzkJPB0BQujtKb0ZrcVjRM4\nLcp1jTgoYsAFAoIBAAcbTHzX71Ru6S2LrcbgUBVtWC2WfTivUZ4wkeUm1nWU+CuF\nwddYVKkNqyB47zHsxvZIXpRjxzacO3UFJ9zFLjdKnlHTsE8My4zjPzRAJZEOeJbP\neKBCCrDakXCdGqt+7IoKPkIYfJ1IUWkqgQ/qsf0N4T2t2TatmpYNdI5Mlv9xNlFO\nZB9vD3nT5hh5t1L2ngs9MVpt2ED9guyMBWcPyzWStdgr1deA19/zag/TWFtJMlqb\nUsVhrLJSwH+TAaQTdErKTuKMFZWuwdP9WVWHCM4Xi0ArW1U+bwAs47XFemDgueZz\nKzZLOc4fqm5S/KP4c//JviFU/kJvlwGfVqLV2PkCggEBAIePfY/B0K4938VLsdaI\ngZphM/l5W+zHSpHc5P/0KHVuf587bca2pNjWLjpuTVuUenOnCY4yeOdMvWx0+lbt\nevEFX9917pFpgWUYFRB+VCoDzvvq3//Ztm5WYUr3Zo5Q1MWqcWZ4bpzh1boBK4zd\nLG2Z/Cdc5t0AUNW8UgVgYvh58NCL2NNN/rdYgof2f6m1Qayx1AEE6bn/TbN80vtG\nMVJQ0zuyCxZHxhtY/OkvEy+pHe+xLmuz81A9oTZ27jgtAWpO5d+jEY+SnA9J/VfF\n8ktA0GMbdLUYc6ahGYaWfJHUAi5LdeDStlHTD/+sUTH7z/CremkiblzTjJws75gC\ncf0CggEAXZnfABdfTRxnQ4TCTKKklK/ZNcNFDs8uzLFyb/czE9yZo32nn1XM0oDQ\nFuKEX60Y5f9HsVvcl4UCLmJpCI2sd04pcp3GfcBR7ZY4Vxv7M4DkpmP4wrWWlzyY\nHtaj9xS/NL+EuIrh9tG9O0EIkFSH8LGb8xiBE374ahshHcatSmQso9na4Z9V9RfX\nRyLncdFwEfmkOXt8Mk8MORtSpauuvDVKeeAtAO4d2kYEs7RJrGWd/4s5HfJ0hW+X\nzxThCi4Fj9+UbAwsQCEi95TOkUdus5TzRxSDf7aNRhGJB/52vP+MLbhJrNfPDbI6\nQtmp9fLU2sq7atBAj0vcsPoqu4iiQQ==\n-----END PRIVATE KEY-----\n",
            "public_key_fingerprint_md5": "37:ea:1b:ba:42:e6:d9:0f:28:2b:d0:5f:20:c6:ae:54",
            "public_key_fingerprint_sha256": "SHA256:r6e2gtG8BDdEpZb64DWWM5PGsvfnM6TS0D6d1B/M1AI",
            "public_key_openssh": "ssh-rsa AAAAB3NzaC1yc2EAAAADAQABAAACAQDCtgEfDt8I9k5fPWgOcUwtmH41eaRXqzBdCE4wJWH618nVUE/y1KQYbTWi8EojSPFyuS7Nh8tQ1hqOuUEVXYyuKUbtTWoAhp/RFrnlZReuiy4M2vPgR30YNh8uUdQ3qsbgzm8Aama0ZPiXftxUmIo3QX4EYoReDu/im7CBAJtDsbpMX+n+NPPZjKHkpDe+4cr2MMd7ss3Ljn9dws0sRqfbLxlpgVgr0zfa8v0MS/3MNUIxaG5G5bqvPMi9qrZzXZyx44wzjasqHdGzX6DRnP2bPPCYMztO5Awk8P2I32b5/ELzXIX+E98Q86zwPZ2oeyYn7rWbRokUqyYK7RQSNrs8W4npJpIstSsOy/JLtvNl04GaKUUSpWcI1DhXYjIFm/oR0v9Nl2I/2uHYW3xXMq47Nrj/NUf5cQnQM0F5zLlPOXOS8xg4vV8BMYdQ1tgnChLKvs233sWGPf4rhF//8GyEuGIwzKDxOIlGN14Pbs5G8Tia6mBruSsVDB30pFLOqitRjIHZXCa9sD/OiYGoVVIOaoqcBCJNVONV71xmv3wpJzHgyUxAhIKjMYBUYNetbzuBjwh881rsBHCRLQj4aEWmGy1OM1X8GlEOszYhYV3aKQIvZi2hSvh1yzrMhjA7FrLIFw+C2j+fc2fZtKKMGGHY8ZkDTYRLBLQKgNh4Khb1uw==\n",
            "public_key_pem": "-----BEGIN PUBLIC KEY-----\nMIICIjANBgkqhkiG9w0BAQEFAAOCAg8AMIICCgKCAgEAwrYBHw7fCPZOXz1oDnFM\nLZh+NXmkV6swXQhOMCVh+tfJ1VBP8tSkGG01ovBKI0jxcrkuzYfLUNYajrlBFV2M\nrilG7U1qAIaf0Ra55WUXrosuDNrz4Ed9GDYfLlHUN6rG4M5vAGpmtGT4l37cVJiK\nN0F+BGKEXg7v4puwgQCbQ7G6TF/p/jTz2Yyh5KQ3vuHK9jDHe7LNy45/XcLNLEan\n2y8ZaYFYK9M32vL9DEv9zDVCMWhuRuW6rzzIvaq2c12cseOMM42rKh3Rs1+g0Zz9\nmzzwmDM7TuQMJPD9iN9m+fxC81yF/hPfEPOs8D2dqHsmJ+61m0aJFKsmCu0UEja7\nPFuJ6SaSLLUrDsvyS7bzZdOBmilFEqVnCNQ4V2IyBZv6EdL/TZdiP9rh2Ft8VzKu\nOza4/zVH+XEJ0DNBecy5TzlzkvMYOL1fATGHUNbYJwoSyr7Nt97Fhj3+K4Rf//Bs\nhLhiMMyg8TiJRjdeD27ORvE4mupga7krFQwd9KRSzqorUYyB2VwmvbA/zomBqFVS\nDmqKnAQiTVTjVe9cZr98KScx4MlMQISCozGAVGDXrW87gY8IfPNa7ARwkS0I+GhF\nphstTjNV/BpRDrM2IWFd2ikCL2YtoUr4dcs6zIYwOxayyBcPgto/n3Nn2bSijBhh\n2PGZA02ESwS0CoDYeCoW9bsCAwEAAQ==\n-----END PUBLIC KEY-----\n",
            "rsa_bits": 4096
          },
          "sensitive_attributes": [
            [
              {
                "type": "get_attr",
                "value": "private_key_pem"
              }
            ],
            [
              {
                "type": "get_attr",
                "value": "private_key_pem_pkcs8"
              }
            ],
            [
              {
                "type": "get_attr",
                "value": "private_key_openssh"
              }
            ]
          ]
        }
      ]
    },
    {
      "module": "module.lambda_function",
      "mode": "managed",
      "type": "aws_iam_policy",
      "name": "lambda_layer_policy",
      "provider": "module.lambda_function.provider[\"registry.terraform.io/hashicorp/aws\"]",
      "instances": [
        {
          "schema_version": 0,
          "attributes": {
            "arn": "arn:aws:iam::767397811841:policy/lambda_layer_policy",
            "attachment_count": 0,
            "description": "IAM policy for Lambda layer creation",
            "id": "arn:aws:iam::767397811841:policy/lambda_layer_policy",
            "name": "lambda_layer_policy",
            "name_prefix": "",
            "path": "/",
            "policy": "{\"Statement\":[{\"Action\":[\"lambda:PublishLayerVersion\",\"lambda:GetLayerVersion\",\"lambda:DeleteLayerVersion\"],\"Effect\":\"Allow\",\"Resource\":\"arn:aws:lambda:us-west-1:659377685669:layer:*\"}],\"Version\":\"2012-10-17\"}",
            "policy_id": "ANPA3FLDZK2AUH54GGAIN",
            "tags": null,
            "tags_all": {}
          },
          "sensitive_attributes": [],
          "private": "bnVsbA=="
        }
      ]
    },
    {
      "module": "module.lambda_function",
      "mode": "managed",
      "type": "aws_iam_role",
      "name": "lambda_role",
      "provider": "module.lambda_function.provider[\"registry.terraform.io/hashicorp/aws\"]",
      "instances": [
        {
          "schema_version": 0,
          "attributes": {
            "arn": "arn:aws:iam::767397811841:role/lambda_execution_role",
            "assume_role_policy": "{\"Statement\":[{\"Action\":\"sts:AssumeRole\",\"Effect\":\"Allow\",\"Principal\":{\"Service\":\"lambda.amazonaws.com\"}}],\"Version\":\"2012-10-17\"}",
            "create_date": "2024-07-16T20:29:04Z",
            "description": "",
            "force_detach_policies": false,
            "id": "lambda_execution_role",
            "inline_policy": [],
            "managed_policy_arns": [],
            "max_session_duration": 3600,
            "name": "lambda_execution_role",
            "name_prefix": "",
            "path": "/",
            "permissions_boundary": "",
            "tags": null,
            "tags_all": {},
            "unique_id": "AROA3FLDZK2A5S4PFZJHS"
          },
          "sensitive_attributes": [],
          "private": "bnVsbA=="
        }
      ]
    },
    {
      "module": "module.lambda_function",
      "mode": "managed",
      "type": "aws_iam_role_policy_attachment",
      "name": "dynamodb_policy",
      "provider": "module.lambda_function.provider[\"registry.terraform.io/hashicorp/aws\"]",
      "instances": [
        {
          "schema_version": 0,
          "attributes": {
            "id": "lambda_execution_role-20240716202904990000000001",
            "policy_arn": "arn:aws:iam::aws:policy/AmazonDynamoDBFullAccess",
            "role": "lambda_execution_role"
          },
          "sensitive_attributes": [],
          "private": "bnVsbA==",
          "dependencies": [
            "module.lambda_function.aws_iam_role.lambda_role"
          ]
        }
      ]
    },
    {
      "module": "module.lambda_function",
      "mode": "managed",
      "type": "aws_iam_role_policy_attachment",
      "name": "kinesis_policy",
      "provider": "module.lambda_function.provider[\"registry.terraform.io/hashicorp/aws\"]",
      "instances": [
        {
          "schema_version": 0,
          "attributes": {
            "id": "lambda_execution_role-20240716202905322100000004",
            "policy_arn": "arn:aws:iam::aws:policy/service-role/AWSLambdaKinesisExecutionRole",
            "role": "lambda_execution_role"
          },
          "sensitive_attributes": [],
          "private": "bnVsbA==",
          "dependencies": [
            "module.lambda_function.aws_iam_role.lambda_role"
          ]
        }
      ]
    },
    {
      "module": "module.lambda_function",
      "mode": "managed",
      "type": "aws_iam_role_policy_attachment",
      "name": "lambda_layer_policy",
      "provider": "module.lambda_function.provider[\"registry.terraform.io/hashicorp/aws\"]",
      "instances": [
        {
          "schema_version": 0,
          "attributes": {
            "id": "lambda_execution_role-20240716202904995500000002",
            "policy_arn": "arn:aws:iam::767397811841:policy/lambda_layer_policy",
            "role": "lambda_execution_role"
          },
          "sensitive_attributes": [],
          "private": "bnVsbA==",
          "dependencies": [
            "module.lambda_function.aws_iam_policy.lambda_layer_policy",
            "module.lambda_function.aws_iam_role.lambda_role"
          ]
        }
      ]
    },
    {
      "module": "module.lambda_function",
      "mode": "managed",
      "type": "aws_iam_role_policy_attachment",
      "name": "lambda_policy",
      "provider": "module.lambda_function.provider[\"registry.terraform.io/hashicorp/aws\"]",
      "instances": [
        {
          "schema_version": 0,
          "attributes": {
            "id": "lambda_execution_role-20240716202905312800000003",
            "policy_arn": "arn:aws:iam::aws:policy/service-role/AWSLambdaBasicExecutionRole",
            "role": "lambda_execution_role"
          },
          "sensitive_attributes": [],
          "private": "bnVsbA==",
          "dependencies": [
            "module.lambda_function.aws_iam_role.lambda_role"
          ]
        }
      ]
    },
    {
      "module": "module.lambda_function",
      "mode": "managed",
      "type": "aws_lambda_event_source_mapping",
      "name": "kinesis_trigger",
      "provider": "module.lambda_function.provider[\"registry.terraform.io/hashicorp/aws\"]",
      "instances": [
        {
          "schema_version": 0,
          "attributes": {
            "amazon_managed_kafka_event_source_config": [],
            "batch_size": 3,
            "bisect_batch_on_function_error": false,
            "destination_config": [
              {
                "on_failure": [
                  {
                    "destination_arn": null
                  }
                ]
              }
            ],
            "document_db_event_source_config": [],
            "enabled": true,
            "event_source_arn": "arn:aws:kinesis:us-west-1:767397811841:stream/MyKinesisDataStream",
            "filter_criteria": [],
            "function_arn": "arn:aws:lambda:us-west-1:767397811841:function:kinesis-to-clickhouse",
            "function_name": "arn:aws:lambda:us-west-1:767397811841:function:kinesis-to-clickhouse",
            "function_response_types": null,
            "id": "dc8a9a32-4a79-4b56-9e9f-eb7ff145bcf5",
            "last_modified": "2024-07-16T20:29:00Z",
            "last_processing_result": "No records processed",
            "maximum_batching_window_in_seconds": 0,
            "maximum_record_age_in_seconds": -1,
            "maximum_retry_attempts": -1,
            "parallelization_factor": 1,
            "queues": null,
            "scaling_config": [],
            "self_managed_event_source": [],
            "self_managed_kafka_event_source_config": [],
            "source_access_configuration": [],
            "starting_position": "LATEST",
            "starting_position_timestamp": "",
            "state": "Enabled",
            "state_transition_reason": "User action",
            "topics": null,
            "tumbling_window_in_seconds": 0,
            "uuid": "dc8a9a32-4a79-4b56-9e9f-eb7ff145bcf5"
          },
          "sensitive_attributes": [],
          "private": "bnVsbA==",
          "dependencies": [
            "module.clickhouse_ec2_instance.aws_instance.clickhouse_server",
            "module.clickhouse_ec2_instance.aws_key_pair.generated_key",
            "module.clickhouse_ec2_instance.aws_security_group.clickhouse_sg",
            "module.clickhouse_ec2_instance.data.aws_ami.ubuntu",
            "module.clickhouse_ec2_instance.tls_private_key.ssh_key",
            "module.lambda_function.aws_iam_role.lambda_role",
            "module.lambda_function.aws_lambda_function.kinesis_to_clickhouse",
            "module.lambda_function.aws_lambda_layer_version.layer_content"
          ]
        }
      ]
    },
    {
      "module": "module.lambda_function",
      "mode": "managed",
      "type": "aws_lambda_function",
      "name": "kinesis_to_clickhouse",
      "provider": "module.lambda_function.provider[\"registry.terraform.io/hashicorp/aws\"]",
      "instances": [
        {
          "schema_version": 0,
          "attributes": {
            "architectures": [
              "x86_64"
            ],
            "arn": "arn:aws:lambda:us-west-1:767397811841:function:kinesis-to-clickhouse",
            "code_sha256": "3XbYOB8fyGVXc8c+3hkUAnJEdiYNAOJ7ey2w1FiZMy0=",
            "code_signing_config_arn": "",
            "dead_letter_config": [],
            "description": "handler function for sending kinesis data to clickhouse",
            "environment": [
              {
                "variables": {
                  "CLICKHOUSE_HOST": "54.176.140.57",
                  "CLICKHOUSE_PORT": "8123"
                }
              }
            ],
            "ephemeral_storage": [
              {
                "size": 512
              }
            ],
            "file_system_config": [],
            "filename": "lambda_function.zip",
            "function_name": "kinesis-to-clickhouse",
            "handler": "lambda_function.lambda_handler",
            "id": "kinesis-to-clickhouse",
            "image_config": [],
            "image_uri": "",
            "invoke_arn": "arn:aws:apigateway:us-west-1:lambda:path/2015-03-31/functions/arn:aws:lambda:us-west-1:767397811841:function:kinesis-to-clickhouse/invocations",
            "kms_key_arn": "",
            "last_modified": "2024-07-16T20:29:30.930+0000",
            "layers": [
              "arn:aws:lambda:us-west-1:767397811841:layer:layer_content:3"
            ],
            "logging_config": [
              {
                "application_log_level": "",
                "log_format": "Text",
                "log_group": "/aws/lambda/kinesis-to-clickhouse",
                "system_log_level": ""
              }
            ],
            "memory_size": 128,
            "package_type": "Zip",
            "publish": false,
            "qualified_arn": "arn:aws:lambda:us-west-1:767397811841:function:kinesis-to-clickhouse:$LATEST",
            "qualified_invoke_arn": "arn:aws:apigateway:us-west-1:lambda:path/2015-03-31/functions/arn:aws:lambda:us-west-1:767397811841:function:kinesis-to-clickhouse:$LATEST/invocations",
            "replace_security_groups_on_destroy": null,
            "replacement_security_group_ids": null,
            "reserved_concurrent_executions": -1,
            "role": "arn:aws:iam::767397811841:role/lambda_execution_role",
            "runtime": "python3.11",
            "s3_bucket": null,
            "s3_key": null,
            "s3_object_version": null,
            "signing_job_arn": "",
            "signing_profile_version_arn": "",
            "skip_destroy": false,
            "snap_start": [],
            "source_code_hash": "3XbYOB8fyGVXc8c+3hkUAnJEdiYNAOJ7ey2w1FiZMy0=",
            "source_code_size": 1918,
            "tags": null,
            "tags_all": {},
            "timeout": 3,
            "timeouts": null,
            "tracing_config": [
              {
                "mode": "PassThrough"
              }
            ],
            "version": "$LATEST",
            "vpc_config": []
          },
          "sensitive_attributes": [],
          "private": "eyJlMmJmYjczMC1lY2FhLTExZTYtOGY4OC0zNDM2M2JjN2M0YzAiOnsiY3JlYXRlIjo2MDAwMDAwMDAwMDAsImRlbGV0ZSI6NjAwMDAwMDAwMDAwLCJ1cGRhdGUiOjYwMDAwMDAwMDAwMH19",
          "dependencies": [
            "module.clickhouse_ec2_instance.aws_instance.clickhouse_server",
            "module.clickhouse_ec2_instance.aws_key_pair.generated_key",
            "module.clickhouse_ec2_instance.aws_security_group.clickhouse_sg",
            "module.clickhouse_ec2_instance.data.aws_ami.ubuntu",
            "module.clickhouse_ec2_instance.tls_private_key.ssh_key",
            "module.lambda_function.aws_iam_role.lambda_role",
            "module.lambda_function.aws_lambda_layer_version.layer_content"
          ]
        }
      ]
    },
    {
      "module": "module.lambda_function",
      "mode": "managed",
      "type": "aws_lambda_layer_version",
      "name": "layer_content",
      "provider": "module.lambda_function.provider[\"registry.terraform.io/hashicorp/aws\"]",
      "instances": [
        {
          "schema_version": 0,
          "attributes": {
            "arn": "arn:aws:lambda:us-west-1:767397811841:layer:layer_content:3",
            "code_sha256": "V9ZaxzdQ2cjF8VvxHLUlHr+LXIRznjHewVOY3pf0Kuc=",
            "compatible_architectures": null,
            "compatible_runtimes": [
              "python3.11"
            ],
            "created_date": "2024-07-16T20:29:30.733+0000",
            "description": "",
            "filename": "layer_content.zip",
            "id": "arn:aws:lambda:us-west-1:767397811841:layer:layer_content:3",
            "layer_arn": "arn:aws:lambda:us-west-1:767397811841:layer:layer_content",
            "layer_name": "layer_content",
            "license_info": "",
            "s3_bucket": null,
            "s3_key": null,
            "s3_object_version": null,
            "signing_job_arn": "",
            "signing_profile_version_arn": "",
            "skip_destroy": false,
            "source_code_hash": "",
            "source_code_size": 33981167,
            "version": "3"
          },
          "sensitive_attributes": [],
          "private": "bnVsbA=="
        }
      ]
    }
  ],
  "check_results": null
}
